// !$*UTF8*$!
{
	archiveVersion = 1;
	classes = {
	};
	objectVersion = 51;
	objects = {

/* Begin PBXBuildFile section */
		6582A2024047A1BC55BC98D3 /* LumberjackLoggerDelegate.swift in Sources */ = {isa = PBXBuildFile; fileRef = 6582AABCF4A4B6E5E05FC2E4 /* LumberjackLoggerDelegate.swift */; };
		6582A2C33C06B4353D1538E3 /* FileLoggerDelegate.swift in Sources */ = {isa = PBXBuildFile; fileRef = 6582ABCA2C9C2759535A1B4E /* FileLoggerDelegate.swift */; };
		6C2BE44628E3B1E10031902A /* AnalyticsTests.swift in Sources */ = {isa = PBXBuildFile; fileRef = 6C2BE44528E3B1E10031902A /* AnalyticsTests.swift */; };
		6C98A0E928A308FD00DA6CA9 /* OktaAnalytics.swift in Sources */ = {isa = PBXBuildFile; fileRef = 6C98A0E828A308FD00DA6CA9 /* OktaAnalytics.swift */; };
		6CAB2C7828DD22750020221F /* AppCenterAnalyticsProvider.swift in Sources */ = {isa = PBXBuildFile; fileRef = 6CAB2C7728DD22750020221F /* AppCenterAnalyticsProvider.swift */; };
		6CD94F5928CEEB2100EE4254 /* AnalyticsProviderProtocol.swift in Sources */ = {isa = PBXBuildFile; fileRef = 6CD94F5828CEEB2000EE4254 /* AnalyticsProviderProtocol.swift */; };
		7B13559F276BE69400F0516C /* OktaLoggerFirebaseLoggerTests.swift in Sources */ = {isa = PBXBuildFile; fileRef = 7B13559E276BE69400F0516C /* OktaLoggerFirebaseLoggerTests.swift */; };
		7FC038A4282467C300C16169 /* OktaLoggerLogLevel.swift in Sources */ = {isa = PBXBuildFile; fileRef = 7FC0389E282467C300C16169 /* OktaLoggerLogLevel.swift */; };
		7FC038A5282467C300C16169 /* ReadWriteLock.swift in Sources */ = {isa = PBXBuildFile; fileRef = 7FC0389F282467C300C16169 /* ReadWriteLock.swift */; };
		7FC038A7282467C300C16169 /* OktaLogger.swift in Sources */ = {isa = PBXBuildFile; fileRef = 7FC038A1282467C300C16169 /* OktaLogger.swift */; };
		7FC038A8282467C300C16169 /* OktaLoggerDestination.swift in Sources */ = {isa = PBXBuildFile; fileRef = 7FC038A2282467C300C16169 /* OktaLoggerDestination.swift */; };
		7FC038A9282467C300C16169 /* OktaLoggerConsoleLogger.swift in Sources */ = {isa = PBXBuildFile; fileRef = 7FC038A3282467C300C16169 /* OktaLoggerConsoleLogger.swift */; };
		8004832E24C1EFDF008BFF3A /* OktaLoggerFileLoggerConfig.swift in Sources */ = {isa = PBXBuildFile; fileRef = 8004832D24C1EFDF008BFF3A /* OktaLoggerFileLoggerConfig.swift */; };
		804F18F724C0174800894A52 /* OktaLoggerFileLoggerTests.swift in Sources */ = {isa = PBXBuildFile; fileRef = 804F18F624C0174800894A52 /* OktaLoggerFileLoggerTests.swift */; };
		806FF25E24B95A3300994D4D /* OktaLoggerFileLogger.swift in Sources */ = {isa = PBXBuildFile; fileRef = 806FF25D24B95A3300994D4D /* OktaLoggerFileLogger.swift */; };
		80AA110224BE799800981074 /* DemoTableViewCell.swift in Sources */ = {isa = PBXBuildFile; fileRef = 80AA110124BE799800981074 /* DemoTableViewCell.swift */; };
		8DCF5EB8263CACAD008698CD /* DDLogFileManagerCustomName.swift in Sources */ = {isa = PBXBuildFile; fileRef = 8DCF5EB7263CACAC008698CD /* DDLogFileManagerCustomName.swift */; };
		B3E071E3B33C4657A8B4381B /* libPods-OktaLogger.a in Frameworks */ = {isa = PBXBuildFile; fileRef = 62BB891524DBDEF8FC8E9711 /* libPods-OktaLogger.a */; };
		D54461C6246A02CF00C755F1 /* OktaLogger.framework in Frameworks */ = {isa = PBXBuildFile; fileRef = D5C824D42469DBF1005CF747 /* OktaLogger.framework */; };
		D5B22D0B246CA47E007ECC2F /* MockLoggerDestination.swift in Sources */ = {isa = PBXBuildFile; fileRef = D5B22D0A246CA47E007ECC2F /* MockLoggerDestination.swift */; };
		D5C824E32469DBF1005CF747 /* OktaLoggerTests.swift in Sources */ = {isa = PBXBuildFile; fileRef = D5C824E22469DBF1005CF747 /* OktaLoggerTests.swift */; };
		D5D0978E246DE00800C1362F /* OktaLoggerConsoleLoggerTests.swift in Sources */ = {isa = PBXBuildFile; fileRef = D5D0978D246DE00800C1362F /* OktaLoggerConsoleLoggerTests.swift */; };
		DE1A7B3925EFF432007A5F60 /* LoggerDemoViewModel.swift in Sources */ = {isa = PBXBuildFile; fileRef = DE1A7B3825EFF432007A5F60 /* LoggerDemoViewModel.swift */; };
		DE2FFE21260B89650028CAD6 /* OktaLoggerFileLoggerMultithreadingTests.swift in Sources */ = {isa = PBXBuildFile; fileRef = DE2FFE20260B89650028CAD6 /* OktaLoggerFileLoggerMultithreadingTests.swift */; };
		DE504DC425BEE84A00B27BDD /* OktaLoggerFileLogFormatter.swift in Sources */ = {isa = PBXBuildFile; fileRef = DE504DC325BEE84A00B27BDD /* OktaLoggerFileLogFormatter.swift */; };
		DE6A163725F1120100B0FBA0 /* LogsBrowseViewController.swift in Sources */ = {isa = PBXBuildFile; fileRef = DE6A163625F1120100B0FBA0 /* LogsBrowseViewController.swift */; };
		DE9B02FF26BD6A090072A501 /* OktaLoggerInstabugLogger.swift in Sources */ = {isa = PBXBuildFile; fileRef = DE9B02FE26BD6A090072A501 /* OktaLoggerInstabugLogger.swift */; };
		DEABAFC9260C7C0100DB7008 /* FileTestsHelper.swift in Sources */ = {isa = PBXBuildFile; fileRef = DEABAFC8260C7C0100DB7008 /* FileTestsHelper.swift */; };
		DEC5276624DBF9630022B698 /* GoogleService-Info.plist in Resources */ = {isa = PBXBuildFile; fileRef = DEC5276524DBF9630022B698 /* GoogleService-Info.plist */; };
		DEE498C726C1139A00487014 /* OktaLoggerInstabugLoggerTests.swift in Sources */ = {isa = PBXBuildFile; fileRef = DEE498C626C1139A00487014 /* OktaLoggerInstabugLoggerTests.swift */; };
		DEF2CC23260A341300F8B644 /* OktaLoggerMultithreadingTests.swift in Sources */ = {isa = PBXBuildFile; fileRef = DEF2CC22260A341300F8B644 /* OktaLoggerMultithreadingTests.swift */; };
		DEFB59E124EAC76400A1744F /* OktaLoggerFirebaseCrashlyticsLogger.swift in Sources */ = {isa = PBXBuildFile; fileRef = DEFB59E024EAC76300A1744F /* OktaLoggerFirebaseCrashlyticsLogger.swift */; };
		E251E7FE248AD1B400EF466D /* AppDelegate.swift in Sources */ = {isa = PBXBuildFile; fileRef = E251E7FD248AD1B400EF466D /* AppDelegate.swift */; };
		E251E800248AD1B400EF466D /* SceneDelegate.swift in Sources */ = {isa = PBXBuildFile; fileRef = E251E7FF248AD1B400EF466D /* SceneDelegate.swift */; };
		E251E802248AD1B400EF466D /* LoggerDemoViewController.swift in Sources */ = {isa = PBXBuildFile; fileRef = E251E801248AD1B400EF466D /* LoggerDemoViewController.swift */; };
		E251E805248AD1B400EF466D /* Main.storyboard in Resources */ = {isa = PBXBuildFile; fileRef = E251E803248AD1B400EF466D /* Main.storyboard */; };
		E251E807248AD1B800EF466D /* Assets.xcassets in Resources */ = {isa = PBXBuildFile; fileRef = E251E806248AD1B800EF466D /* Assets.xcassets */; };
		E251E80A248AD1B800EF466D /* LaunchScreen.storyboard in Resources */ = {isa = PBXBuildFile; fileRef = E251E808248AD1B800EF466D /* LaunchScreen.storyboard */; };
		E2E7C95325196D83006B8DAE /* OktaLoggerDefaultPropertiesTests.swift in Sources */ = {isa = PBXBuildFile; fileRef = E2E7C95225196D83006B8DAE /* OktaLoggerDefaultPropertiesTests.swift */; };
		E3A717E14689E6EB7A6A088B /* libPods-OktaLoggerDemoApp.a in Frameworks */ = {isa = PBXBuildFile; fileRef = DF75E3D21D2B9A971A2CAEC7 /* libPods-OktaLoggerDemoApp.a */; };
		F1E6B67BC91CBEA5278EDEBA /* libPods-OktaLoggerDemoApp-OktaLoggerTests.a in Frameworks */ = {isa = PBXBuildFile; fileRef = 21E57699E22BF44DCDF7524A /* libPods-OktaLoggerDemoApp-OktaLoggerTests.a */; };
		F35FD9CD29EF560700391D49 /* Scenario+CoreDataClass.swift in Sources */ = {isa = PBXBuildFile; fileRef = F35FD9C929EF560700391D49 /* Scenario+CoreDataClass.swift */; };
		F35FD9CE29EF560700391D49 /* Scenario+CoreDataProperties.swift in Sources */ = {isa = PBXBuildFile; fileRef = F35FD9CA29EF560700391D49 /* Scenario+CoreDataProperties.swift */; };
		F35FD9CF29EF560700391D49 /* ScenarioProperty+CoreDataClass.swift in Sources */ = {isa = PBXBuildFile; fileRef = F35FD9CB29EF560700391D49 /* ScenarioProperty+CoreDataClass.swift */; };
		F35FD9D029EF560700391D49 /* ScenarioProperty+CoreDataProperties.swift in Sources */ = {isa = PBXBuildFile; fileRef = F35FD9CC29EF560700391D49 /* ScenarioProperty+CoreDataProperties.swift */; };
		F35FD9D329EF695600391D49 /* CoreDataStack.swift in Sources */ = {isa = PBXBuildFile; fileRef = F35FD9D229EF695600391D49 /* CoreDataStack.swift */; };
		F35FD9E029F0FB6700391D49 /* OktaAnalytics.xcdatamodeld in Sources */ = {isa = PBXBuildFile; fileRef = F35FD9DE29F0FB6700391D49 /* OktaAnalytics.xcdatamodeld */; };
		F3ACE11929BADAE4003C3403 /* EventScenario.swift in Sources */ = {isa = PBXBuildFile; fileRef = F3ACE11829BADAE4003C3403 /* EventScenario.swift */; };
		F3ACE11B29BADB03003C3403 /* Properties.swift in Sources */ = {isa = PBXBuildFile; fileRef = F3ACE11A29BADB03003C3403 /* Properties.swift */; };
/* End PBXBuildFile section */

/* Begin PBXContainerItemProxy section */
		D54461C4246A02C800C755F1 /* PBXContainerItemProxy */ = {
			isa = PBXContainerItemProxy;
			containerPortal = D5C824CB2469DBF1005CF747 /* Project object */;
			proxyType = 1;
			remoteGlobalIDString = D5C824D32469DBF1005CF747;
			remoteInfo = OktaLogger;
		};
		DE5D6F5724E6D05500AD95FD /* PBXContainerItemProxy */ = {
			isa = PBXContainerItemProxy;
			containerPortal = D5C824CB2469DBF1005CF747 /* Project object */;
			proxyType = 1;
			remoteGlobalIDString = D5C824D32469DBF1005CF747;
			remoteInfo = OktaLogger;
		};
/* End PBXContainerItemProxy section */

/* Begin PBXCopyFilesBuildPhase section */
		80DDE77E24B961B400D0E2F3 /* Embed Frameworks */ = {
			isa = PBXCopyFilesBuildPhase;
			buildActionMask = 12;
			dstPath = "";
			dstSubfolderSpec = 10;
			files = (
			);
			name = "Embed Frameworks";
			runOnlyForDeploymentPostprocessing = 0;
		};
		80DDE78E24B962C900D0E2F3 /* Embed Frameworks */ = {
			isa = PBXCopyFilesBuildPhase;
			buildActionMask = 2147483647;
			dstPath = "";
			dstSubfolderSpec = 10;
			files = (
			);
			name = "Embed Frameworks";
			runOnlyForDeploymentPostprocessing = 0;
		};
/* End PBXCopyFilesBuildPhase section */

/* Begin PBXFileReference section */
		00EF841BC9AECECB76C176FE /* Pods-OktaLoggerDemoApp.release.xcconfig */ = {isa = PBXFileReference; includeInIndex = 1; lastKnownFileType = text.xcconfig; name = "Pods-OktaLoggerDemoApp.release.xcconfig"; path = "Target Support Files/Pods-OktaLoggerDemoApp/Pods-OktaLoggerDemoApp.release.xcconfig"; sourceTree = "<group>"; };
		028D1912AB9DB1ABBDD5EC94 /* Pods-OktaLogger.release.xcconfig */ = {isa = PBXFileReference; includeInIndex = 1; lastKnownFileType = text.xcconfig; name = "Pods-OktaLogger.release.xcconfig"; path = "Target Support Files/Pods-OktaLogger/Pods-OktaLogger.release.xcconfig"; sourceTree = "<group>"; };
		1626D76D3FE5CD1504C6A51A /* Pods-OktaLoggerTests.release.xcconfig */ = {isa = PBXFileReference; includeInIndex = 1; lastKnownFileType = text.xcconfig; name = "Pods-OktaLoggerTests.release.xcconfig"; path = "Target Support Files/Pods-OktaLoggerTests/Pods-OktaLoggerTests.release.xcconfig"; sourceTree = "<group>"; };
		1D7062F280C40B11A6913CF3 /* Pods-OktaLoggerDemoApp-OktaLoggerTests.debug.xcconfig */ = {isa = PBXFileReference; includeInIndex = 1; lastKnownFileType = text.xcconfig; name = "Pods-OktaLoggerDemoApp-OktaLoggerTests.debug.xcconfig"; path = "Target Support Files/Pods-OktaLoggerDemoApp-OktaLoggerTests/Pods-OktaLoggerDemoApp-OktaLoggerTests.debug.xcconfig"; sourceTree = "<group>"; };
		21E57699E22BF44DCDF7524A /* libPods-OktaLoggerDemoApp-OktaLoggerTests.a */ = {isa = PBXFileReference; explicitFileType = archive.ar; includeInIndex = 0; path = "libPods-OktaLoggerDemoApp-OktaLoggerTests.a"; sourceTree = BUILT_PRODUCTS_DIR; };
		2212750F97DBDF374821CF2C /* Pods-OktaLogger_.release.xcconfig */ = {isa = PBXFileReference; includeInIndex = 1; lastKnownFileType = text.xcconfig; name = "Pods-OktaLogger_.release.xcconfig"; path = "Target Support Files/Pods-OktaLogger_/Pods-OktaLogger_.release.xcconfig"; sourceTree = "<group>"; };
		2BE105519632BEE1AAED7056 /* Pods-OktaLogger.debug.xcconfig */ = {isa = PBXFileReference; includeInIndex = 1; lastKnownFileType = text.xcconfig; name = "Pods-OktaLogger.debug.xcconfig"; path = "Target Support Files/Pods-OktaLogger/Pods-OktaLogger.debug.xcconfig"; sourceTree = "<group>"; };
		330F4ED2C904A636A557BACB /* Pods_OktaLoggerDemoApp.framework */ = {isa = PBXFileReference; explicitFileType = wrapper.framework; includeInIndex = 0; path = Pods_OktaLoggerDemoApp.framework; sourceTree = BUILT_PRODUCTS_DIR; };
		62BB891524DBDEF8FC8E9711 /* libPods-OktaLogger.a */ = {isa = PBXFileReference; explicitFileType = archive.ar; includeInIndex = 0; path = "libPods-OktaLogger.a"; sourceTree = BUILT_PRODUCTS_DIR; };
		6582AABCF4A4B6E5E05FC2E4 /* LumberjackLoggerDelegate.swift */ = {isa = PBXFileReference; fileEncoding = 4; lastKnownFileType = sourcecode.swift; path = LumberjackLoggerDelegate.swift; sourceTree = "<group>"; };
		6582ABCA2C9C2759535A1B4E /* FileLoggerDelegate.swift */ = {isa = PBXFileReference; fileEncoding = 4; lastKnownFileType = sourcecode.swift; path = FileLoggerDelegate.swift; sourceTree = "<group>"; };
		672ADCC5504F41DBB4546AB0 /* Pods-OktaLogger_.debug.xcconfig */ = {isa = PBXFileReference; includeInIndex = 1; lastKnownFileType = text.xcconfig; name = "Pods-OktaLogger_.debug.xcconfig"; path = "Target Support Files/Pods-OktaLogger_/Pods-OktaLogger_.debug.xcconfig"; sourceTree = "<group>"; };
		6C2BE44528E3B1E10031902A /* AnalyticsTests.swift */ = {isa = PBXFileReference; lastKnownFileType = sourcecode.swift; path = AnalyticsTests.swift; sourceTree = "<group>"; };
		6C98A0E828A308FD00DA6CA9 /* OktaAnalytics.swift */ = {isa = PBXFileReference; lastKnownFileType = sourcecode.swift; path = OktaAnalytics.swift; sourceTree = "<group>"; };
		6CAB2C7728DD22750020221F /* AppCenterAnalyticsProvider.swift */ = {isa = PBXFileReference; lastKnownFileType = sourcecode.swift; path = AppCenterAnalyticsProvider.swift; sourceTree = "<group>"; };
		6CD94F5828CEEB2000EE4254 /* AnalyticsProviderProtocol.swift */ = {isa = PBXFileReference; lastKnownFileType = sourcecode.swift; path = AnalyticsProviderProtocol.swift; sourceTree = "<group>"; };
		7B13559E276BE69400F0516C /* OktaLoggerFirebaseLoggerTests.swift */ = {isa = PBXFileReference; fileEncoding = 4; lastKnownFileType = sourcecode.swift; path = OktaLoggerFirebaseLoggerTests.swift; sourceTree = "<group>"; };
		7FC0389E282467C300C16169 /* OktaLoggerLogLevel.swift */ = {isa = PBXFileReference; fileEncoding = 4; lastKnownFileType = sourcecode.swift; path = OktaLoggerLogLevel.swift; sourceTree = "<group>"; };
		7FC0389F282467C300C16169 /* ReadWriteLock.swift */ = {isa = PBXFileReference; fileEncoding = 4; lastKnownFileType = sourcecode.swift; path = ReadWriteLock.swift; sourceTree = "<group>"; };
		7FC038A0282467C300C16169 /* OktaLogger.h */ = {isa = PBXFileReference; fileEncoding = 4; lastKnownFileType = sourcecode.c.h; path = OktaLogger.h; sourceTree = "<group>"; };
		7FC038A1282467C300C16169 /* OktaLogger.swift */ = {isa = PBXFileReference; fileEncoding = 4; lastKnownFileType = sourcecode.swift; path = OktaLogger.swift; sourceTree = "<group>"; };
		7FC038A2282467C300C16169 /* OktaLoggerDestination.swift */ = {isa = PBXFileReference; fileEncoding = 4; lastKnownFileType = sourcecode.swift; path = OktaLoggerDestination.swift; sourceTree = "<group>"; };
		7FC038A3282467C300C16169 /* OktaLoggerConsoleLogger.swift */ = {isa = PBXFileReference; fileEncoding = 4; lastKnownFileType = sourcecode.swift; path = OktaLoggerConsoleLogger.swift; sourceTree = "<group>"; };
		8004832D24C1EFDF008BFF3A /* OktaLoggerFileLoggerConfig.swift */ = {isa = PBXFileReference; lastKnownFileType = sourcecode.swift; path = OktaLoggerFileLoggerConfig.swift; sourceTree = "<group>"; };
		804F18F624C0174800894A52 /* OktaLoggerFileLoggerTests.swift */ = {isa = PBXFileReference; lastKnownFileType = sourcecode.swift; path = OktaLoggerFileLoggerTests.swift; sourceTree = "<group>"; };
		806FF25D24B95A3300994D4D /* OktaLoggerFileLogger.swift */ = {isa = PBXFileReference; fileEncoding = 4; lastKnownFileType = sourcecode.swift; path = OktaLoggerFileLogger.swift; sourceTree = "<group>"; };
		80AA110124BE799800981074 /* DemoTableViewCell.swift */ = {isa = PBXFileReference; lastKnownFileType = sourcecode.swift; path = DemoTableViewCell.swift; sourceTree = "<group>"; };
		8DCF5EB7263CACAC008698CD /* DDLogFileManagerCustomName.swift */ = {isa = PBXFileReference; lastKnownFileType = sourcecode.swift; path = DDLogFileManagerCustomName.swift; sourceTree = "<group>"; };
		C39390D4671A1E9CEAC61836 /* Pods-OktaLoggerDemoApp-OktaLoggerTests.release.xcconfig */ = {isa = PBXFileReference; includeInIndex = 1; lastKnownFileType = text.xcconfig; name = "Pods-OktaLoggerDemoApp-OktaLoggerTests.release.xcconfig"; path = "Target Support Files/Pods-OktaLoggerDemoApp-OktaLoggerTests/Pods-OktaLoggerDemoApp-OktaLoggerTests.release.xcconfig"; sourceTree = "<group>"; };
		C58A9E54B6CE1A902894264C /* Pods-OktaLoggerDemoApp.debug.xcconfig */ = {isa = PBXFileReference; includeInIndex = 1; lastKnownFileType = text.xcconfig; name = "Pods-OktaLoggerDemoApp.debug.xcconfig"; path = "Target Support Files/Pods-OktaLoggerDemoApp/Pods-OktaLoggerDemoApp.debug.xcconfig"; sourceTree = "<group>"; };
		D55F2C1C246F153200680A96 /* MockLoggerDestination.h */ = {isa = PBXFileReference; lastKnownFileType = sourcecode.c.h; path = MockLoggerDestination.h; sourceTree = "<group>"; };
		D55F2C1D246F153200680A96 /* MockLoggerDestination.m */ = {isa = PBXFileReference; lastKnownFileType = sourcecode.c.objc; path = MockLoggerDestination.m; sourceTree = "<group>"; };
		D5B22D07246C8E39007ECC2F /* OktaLoggerTests-Bridging-Header.h */ = {isa = PBXFileReference; lastKnownFileType = sourcecode.c.h; path = "OktaLoggerTests-Bridging-Header.h"; sourceTree = "<group>"; };
		D5B22D0A246CA47E007ECC2F /* MockLoggerDestination.swift */ = {isa = PBXFileReference; lastKnownFileType = sourcecode.swift; path = MockLoggerDestination.swift; sourceTree = "<group>"; };
		D5C824D42469DBF1005CF747 /* OktaLogger.framework */ = {isa = PBXFileReference; explicitFileType = wrapper.framework; includeInIndex = 0; path = OktaLogger.framework; sourceTree = BUILT_PRODUCTS_DIR; };
		D5C824D82469DBF1005CF747 /* Info.plist */ = {isa = PBXFileReference; lastKnownFileType = text.plist.xml; path = Info.plist; sourceTree = "<group>"; };
		D5C824DD2469DBF1005CF747 /* OktaLoggerTests.xctest */ = {isa = PBXFileReference; explicitFileType = wrapper.cfbundle; includeInIndex = 0; path = OktaLoggerTests.xctest; sourceTree = BUILT_PRODUCTS_DIR; };
		D5C824E22469DBF1005CF747 /* OktaLoggerTests.swift */ = {isa = PBXFileReference; lastKnownFileType = sourcecode.swift; path = OktaLoggerTests.swift; sourceTree = "<group>"; };
		D5C824E42469DBF1005CF747 /* Info.plist */ = {isa = PBXFileReference; lastKnownFileType = text.plist.xml; path = Info.plist; sourceTree = "<group>"; };
		D5D0978D246DE00800C1362F /* OktaLoggerConsoleLoggerTests.swift */ = {isa = PBXFileReference; lastKnownFileType = sourcecode.swift; path = OktaLoggerConsoleLoggerTests.swift; sourceTree = "<group>"; };
		DB510C00105E7489E2C16BA3 /* Pods-OktaLoggerTests.debug.xcconfig */ = {isa = PBXFileReference; includeInIndex = 1; lastKnownFileType = text.xcconfig; name = "Pods-OktaLoggerTests.debug.xcconfig"; path = "Target Support Files/Pods-OktaLoggerTests/Pods-OktaLoggerTests.debug.xcconfig"; sourceTree = "<group>"; };
		DE1A7B3825EFF432007A5F60 /* LoggerDemoViewModel.swift */ = {isa = PBXFileReference; lastKnownFileType = sourcecode.swift; path = LoggerDemoViewModel.swift; sourceTree = "<group>"; };
		DE2FFE20260B89650028CAD6 /* OktaLoggerFileLoggerMultithreadingTests.swift */ = {isa = PBXFileReference; lastKnownFileType = sourcecode.swift; path = OktaLoggerFileLoggerMultithreadingTests.swift; sourceTree = "<group>"; };
		DE504DC325BEE84A00B27BDD /* OktaLoggerFileLogFormatter.swift */ = {isa = PBXFileReference; fileEncoding = 4; lastKnownFileType = sourcecode.swift; path = OktaLoggerFileLogFormatter.swift; sourceTree = "<group>"; };
		DE6A163625F1120100B0FBA0 /* LogsBrowseViewController.swift */ = {isa = PBXFileReference; lastKnownFileType = sourcecode.swift; path = LogsBrowseViewController.swift; sourceTree = "<group>"; };
		DE9B02FE26BD6A090072A501 /* OktaLoggerInstabugLogger.swift */ = {isa = PBXFileReference; lastKnownFileType = sourcecode.swift; path = OktaLoggerInstabugLogger.swift; sourceTree = "<group>"; };
		DEABAFC8260C7C0100DB7008 /* FileTestsHelper.swift */ = {isa = PBXFileReference; lastKnownFileType = sourcecode.swift; path = FileTestsHelper.swift; sourceTree = "<group>"; };
		DEC5276524DBF9630022B698 /* GoogleService-Info.plist */ = {isa = PBXFileReference; fileEncoding = 4; lastKnownFileType = text.plist.xml; path = "GoogleService-Info.plist"; sourceTree = "<group>"; };
		DEE498C626C1139A00487014 /* OktaLoggerInstabugLoggerTests.swift */ = {isa = PBXFileReference; lastKnownFileType = sourcecode.swift; path = OktaLoggerInstabugLoggerTests.swift; sourceTree = "<group>"; };
		DEF2CC22260A341300F8B644 /* OktaLoggerMultithreadingTests.swift */ = {isa = PBXFileReference; lastKnownFileType = sourcecode.swift; path = OktaLoggerMultithreadingTests.swift; sourceTree = "<group>"; };
		DEFB59E024EAC76300A1744F /* OktaLoggerFirebaseCrashlyticsLogger.swift */ = {isa = PBXFileReference; fileEncoding = 4; lastKnownFileType = sourcecode.swift; path = OktaLoggerFirebaseCrashlyticsLogger.swift; sourceTree = "<group>"; };
		DF75E3D21D2B9A971A2CAEC7 /* libPods-OktaLoggerDemoApp.a */ = {isa = PBXFileReference; explicitFileType = archive.ar; includeInIndex = 0; path = "libPods-OktaLoggerDemoApp.a"; sourceTree = BUILT_PRODUCTS_DIR; };
		E251E7FB248AD1B400EF466D /* OktaLoggerDemoApp.app */ = {isa = PBXFileReference; explicitFileType = wrapper.application; includeInIndex = 0; path = OktaLoggerDemoApp.app; sourceTree = BUILT_PRODUCTS_DIR; };
		E251E7FD248AD1B400EF466D /* AppDelegate.swift */ = {isa = PBXFileReference; lastKnownFileType = sourcecode.swift; path = AppDelegate.swift; sourceTree = "<group>"; };
		E251E7FF248AD1B400EF466D /* SceneDelegate.swift */ = {isa = PBXFileReference; lastKnownFileType = sourcecode.swift; path = SceneDelegate.swift; sourceTree = "<group>"; };
		E251E801248AD1B400EF466D /* LoggerDemoViewController.swift */ = {isa = PBXFileReference; lastKnownFileType = sourcecode.swift; path = LoggerDemoViewController.swift; sourceTree = "<group>"; };
		E251E804248AD1B400EF466D /* Base */ = {isa = PBXFileReference; lastKnownFileType = file.storyboard; name = Base; path = Base.lproj/Main.storyboard; sourceTree = "<group>"; };
		E251E806248AD1B800EF466D /* Assets.xcassets */ = {isa = PBXFileReference; lastKnownFileType = folder.assetcatalog; path = Assets.xcassets; sourceTree = "<group>"; };
		E251E809248AD1B800EF466D /* Base */ = {isa = PBXFileReference; lastKnownFileType = file.storyboard; name = Base; path = Base.lproj/LaunchScreen.storyboard; sourceTree = "<group>"; };
		E251E80B248AD1B800EF466D /* Info.plist */ = {isa = PBXFileReference; lastKnownFileType = text.plist.xml; path = Info.plist; sourceTree = "<group>"; };
		E2E7C95225196D83006B8DAE /* OktaLoggerDefaultPropertiesTests.swift */ = {isa = PBXFileReference; lastKnownFileType = sourcecode.swift; path = OktaLoggerDefaultPropertiesTests.swift; sourceTree = "<group>"; };
		F35FD9C929EF560700391D49 /* Scenario+CoreDataClass.swift */ = {isa = PBXFileReference; lastKnownFileType = sourcecode.swift; path = "Scenario+CoreDataClass.swift"; sourceTree = "<group>"; };
		F35FD9CA29EF560700391D49 /* Scenario+CoreDataProperties.swift */ = {isa = PBXFileReference; lastKnownFileType = sourcecode.swift; path = "Scenario+CoreDataProperties.swift"; sourceTree = "<group>"; };
		F35FD9CB29EF560700391D49 /* ScenarioProperty+CoreDataClass.swift */ = {isa = PBXFileReference; lastKnownFileType = sourcecode.swift; path = "ScenarioProperty+CoreDataClass.swift"; sourceTree = "<group>"; };
		F35FD9CC29EF560700391D49 /* ScenarioProperty+CoreDataProperties.swift */ = {isa = PBXFileReference; lastKnownFileType = sourcecode.swift; path = "ScenarioProperty+CoreDataProperties.swift"; sourceTree = "<group>"; };
		F35FD9D229EF695600391D49 /* CoreDataStack.swift */ = {isa = PBXFileReference; lastKnownFileType = sourcecode.swift; path = CoreDataStack.swift; sourceTree = "<group>"; };
		F35FD9DF29F0FB6700391D49 /* OktaAnalytics.xcdatamodel */ = {isa = PBXFileReference; lastKnownFileType = wrapper.xcdatamodel; path = OktaAnalytics.xcdatamodel; sourceTree = "<group>"; };
		F3ACE11829BADAE4003C3403 /* EventScenario.swift */ = {isa = PBXFileReference; fileEncoding = 4; lastKnownFileType = sourcecode.swift; path = EventScenario.swift; sourceTree = "<group>"; };
		F3ACE11A29BADB03003C3403 /* Properties.swift */ = {isa = PBXFileReference; lastKnownFileType = sourcecode.swift; path = Properties.swift; sourceTree = "<group>"; };
/* End PBXFileReference section */

/* Begin PBXFrameworksBuildPhase section */
		D5C824D12469DBF1005CF747 /* Frameworks */ = {
			isa = PBXFrameworksBuildPhase;
			buildActionMask = 2147483647;
			files = (
				B3E071E3B33C4657A8B4381B /* libPods-OktaLogger.a in Frameworks */,
			);
			runOnlyForDeploymentPostprocessing = 0;
		};
		D5C824DA2469DBF1005CF747 /* Frameworks */ = {
			isa = PBXFrameworksBuildPhase;
			buildActionMask = 2147483647;
			files = (
				D54461C6246A02CF00C755F1 /* OktaLogger.framework in Frameworks */,
				F1E6B67BC91CBEA5278EDEBA /* libPods-OktaLoggerDemoApp-OktaLoggerTests.a in Frameworks */,
			);
			runOnlyForDeploymentPostprocessing = 0;
		};
		E251E7F8248AD1B400EF466D /* Frameworks */ = {
			isa = PBXFrameworksBuildPhase;
			buildActionMask = 2147483647;
			files = (
				E3A717E14689E6EB7A6A088B /* libPods-OktaLoggerDemoApp.a in Frameworks */,
			);
			runOnlyForDeploymentPostprocessing = 0;
		};
/* End PBXFrameworksBuildPhase section */

/* Begin PBXGroup section */
		6C2BE44428E3B1B80031902A /* Analytics */ = {
			isa = PBXGroup;
			children = (
				6C2BE44528E3B1E10031902A /* AnalyticsTests.swift */,
			);
			path = Analytics;
			sourceTree = "<group>";
		};
		6CC1629C284EBD85009EA8F3 /* OktaAnalytics */ = {
			isa = PBXGroup;
			children = (
				6CD94F5828CEEB2000EE4254 /* AnalyticsProviderProtocol.swift */,
				6CAB2C7728DD22750020221F /* AppCenterAnalyticsProvider.swift */,
				6C98A0E828A308FD00DA6CA9 /* OktaAnalytics.swift */,
				F3ACE11829BADAE4003C3403 /* EventScenario.swift */,
				F3ACE11A29BADB03003C3403 /* Properties.swift */,
				F35FD9C929EF560700391D49 /* Scenario+CoreDataClass.swift */,
				F35FD9CA29EF560700391D49 /* Scenario+CoreDataProperties.swift */,
				F35FD9CB29EF560700391D49 /* ScenarioProperty+CoreDataClass.swift */,
				F35FD9CC29EF560700391D49 /* ScenarioProperty+CoreDataProperties.swift */,
				F35FD9D229EF695600391D49 /* CoreDataStack.swift */,
				F35FD9D129EF586500391D49 /* CoreData */,
			);
			path = OktaAnalytics;
			sourceTree = "<group>";
		};
		7FC0389428243B2900C16169 /* Sources */ = {
			isa = PBXGroup;
			children = (
				6CC1629C284EBD85009EA8F3 /* OktaAnalytics */,
				7FC0389828243BDC00C16169 /* OktaLogger */,
			);
			path = Sources;
			sourceTree = "<group>";
		};
		7FC0389828243BDC00C16169 /* OktaLogger */ = {
			isa = PBXGroup;
			children = (
				D5C824D82469DBF1005CF747 /* Info.plist */,
				7FC0389D282467C300C16169 /* LoggerCore */,
				8004832F24C1F0F0008BFF3A /* FileLoggers */,
				DEFB59DF24EAC76300A1744F /* FirebaseCrashlyticsLogger */,
				DE9B02FD26BD697B0072A501 /* InstabugLogger */,
			);
			path = OktaLogger;
			sourceTree = "<group>";
		};
		7FC0389928243C5F00C16169 /* Tests */ = {
			isa = PBXGroup;
			children = (
				D5C824E12469DBF1005CF747 /* OktaLoggerTests */,
			);
			path = Tests;
			sourceTree = "<group>";
		};
		7FC0389D282467C300C16169 /* LoggerCore */ = {
			isa = PBXGroup;
			children = (
				7FC0389E282467C300C16169 /* OktaLoggerLogLevel.swift */,
				7FC0389F282467C300C16169 /* ReadWriteLock.swift */,
				7FC038A1282467C300C16169 /* OktaLogger.swift */,
				7FC038A2282467C300C16169 /* OktaLoggerDestination.swift */,
				7FC038A3282467C300C16169 /* OktaLoggerConsoleLogger.swift */,
			);
			path = LoggerCore;
			sourceTree = "<group>";
		};
		8004832F24C1F0F0008BFF3A /* FileLoggers */ = {
			isa = PBXGroup;
			children = (
				6582AABCF4A4B6E5E05FC2E4 /* LumberjackLoggerDelegate.swift */,
				806FF25D24B95A3300994D4D /* OktaLoggerFileLogger.swift */,
				8004832D24C1EFDF008BFF3A /* OktaLoggerFileLoggerConfig.swift */,
				6582ABCA2C9C2759535A1B4E /* FileLoggerDelegate.swift */,
				DE504DC325BEE84A00B27BDD /* OktaLoggerFileLogFormatter.swift */,
				8DCF5EB7263CACAC008698CD /* DDLogFileManagerCustomName.swift */,
			);
			path = FileLoggers;
			sourceTree = "<group>";
		};
		9200B49349EABD23B114BB0F /* Frameworks */ = {
			isa = PBXGroup;
			children = (
				62BB891524DBDEF8FC8E9711 /* libPods-OktaLogger.a */,
				DF75E3D21D2B9A971A2CAEC7 /* libPods-OktaLoggerDemoApp.a */,
				21E57699E22BF44DCDF7524A /* libPods-OktaLoggerDemoApp-OktaLoggerTests.a */,
			);
			name = Frameworks;
			sourceTree = "<group>";
		};
		D5C824CA2469DBF1005CF747 = {
			isa = PBXGroup;
			children = (
				7FC038A0282467C300C16169 /* OktaLogger.h */,
				DEC5276524DBF9630022B698 /* GoogleService-Info.plist */,
				7FC0389428243B2900C16169 /* Sources */,
				7FC0389928243C5F00C16169 /* Tests */,
				E251E7F5248AD13D00EF466D /* Example */,
				D5C824D52469DBF1005CF747 /* Products */,
				FF24FFA3DDFB489FAC52ED9D /* Pods */,
				9200B49349EABD23B114BB0F /* Frameworks */,
				DEC9C9CB24E57AC800AAFAE0 /* Recovered References */,
			);
			sourceTree = "<group>";
		};
		D5C824D52469DBF1005CF747 /* Products */ = {
			isa = PBXGroup;
			children = (
				D5C824D42469DBF1005CF747 /* OktaLogger.framework */,
				D5C824DD2469DBF1005CF747 /* OktaLoggerTests.xctest */,
				E251E7FB248AD1B400EF466D /* OktaLoggerDemoApp.app */,
			);
			name = Products;
			sourceTree = "<group>";
		};
		D5C824E12469DBF1005CF747 /* OktaLoggerTests */ = {
			isa = PBXGroup;
			children = (
				6C2BE44428E3B1B80031902A /* Analytics */,
				D5C824E22469DBF1005CF747 /* OktaLoggerTests.swift */,
				DEF2CC22260A341300F8B644 /* OktaLoggerMultithreadingTests.swift */,
				E2E7C95225196D83006B8DAE /* OktaLoggerDefaultPropertiesTests.swift */,
				804F18F624C0174800894A52 /* OktaLoggerFileLoggerTests.swift */,
				DE2FFE20260B89650028CAD6 /* OktaLoggerFileLoggerMultithreadingTests.swift */,
				D5D0978D246DE00800C1362F /* OktaLoggerConsoleLoggerTests.swift */,
				DEE498C626C1139A00487014 /* OktaLoggerInstabugLoggerTests.swift */,
				7B13559E276BE69400F0516C /* OktaLoggerFirebaseLoggerTests.swift */,
				D5D0978A246CB52900C1362F /* Helpers */,
				D5C824E42469DBF1005CF747 /* Info.plist */,
				D5B22D07246C8E39007ECC2F /* OktaLoggerTests-Bridging-Header.h */,
			);
			path = OktaLoggerTests;
			sourceTree = "<group>";
		};
		D5D0978A246CB52900C1362F /* Helpers */ = {
			isa = PBXGroup;
			children = (
				DEABAFC8260C7C0100DB7008 /* FileTestsHelper.swift */,
				D5B22D0A246CA47E007ECC2F /* MockLoggerDestination.swift */,
				D55F2C1C246F153200680A96 /* MockLoggerDestination.h */,
				D55F2C1D246F153200680A96 /* MockLoggerDestination.m */,
			);
			path = Helpers;
			sourceTree = "<group>";
		};
		DE9B02FD26BD697B0072A501 /* InstabugLogger */ = {
			isa = PBXGroup;
			children = (
				DE9B02FE26BD6A090072A501 /* OktaLoggerInstabugLogger.swift */,
			);
			path = InstabugLogger;
			sourceTree = "<group>";
		};
		DEC9C9CB24E57AC800AAFAE0 /* Recovered References */ = {
			isa = PBXGroup;
			children = (
				330F4ED2C904A636A557BACB /* Pods_OktaLoggerDemoApp.framework */,
			);
			name = "Recovered References";
			sourceTree = "<group>";
		};
		DEFB59DF24EAC76300A1744F /* FirebaseCrashlyticsLogger */ = {
			isa = PBXGroup;
			children = (
				DEFB59E024EAC76300A1744F /* OktaLoggerFirebaseCrashlyticsLogger.swift */,
			);
			path = FirebaseCrashlyticsLogger;
			sourceTree = "<group>";
		};
		E251E7F5248AD13D00EF466D /* Example */ = {
			isa = PBXGroup;
			children = (
				E251E7F6248AD14C00EF466D /* Example-iOS */,
			);
			path = Example;
			sourceTree = "<group>";
		};
		E251E7F6248AD14C00EF466D /* Example-iOS */ = {
			isa = PBXGroup;
			children = (
				E251E7FD248AD1B400EF466D /* AppDelegate.swift */,
				E251E7FF248AD1B400EF466D /* SceneDelegate.swift */,
				E251E801248AD1B400EF466D /* LoggerDemoViewController.swift */,
				DE1A7B3825EFF432007A5F60 /* LoggerDemoViewModel.swift */,
				80AA110124BE799800981074 /* DemoTableViewCell.swift */,
				DE6A163625F1120100B0FBA0 /* LogsBrowseViewController.swift */,
				E251E803248AD1B400EF466D /* Main.storyboard */,
				E251E808248AD1B800EF466D /* LaunchScreen.storyboard */,
				E251E806248AD1B800EF466D /* Assets.xcassets */,
				E251E80B248AD1B800EF466D /* Info.plist */,
			);
			path = "Example-iOS";
			sourceTree = "<group>";
		};
		F35FD9D129EF586500391D49 /* CoreData */ = {
			isa = PBXGroup;
			children = (
				F35FD9DE29F0FB6700391D49 /* OktaAnalytics.xcdatamodeld */,
			);
			path = CoreData;
			sourceTree = "<group>";
		};
		FF24FFA3DDFB489FAC52ED9D /* Pods */ = {
			isa = PBXGroup;
			children = (
				DB510C00105E7489E2C16BA3 /* Pods-OktaLoggerTests.debug.xcconfig */,
				1626D76D3FE5CD1504C6A51A /* Pods-OktaLoggerTests.release.xcconfig */,
				C58A9E54B6CE1A902894264C /* Pods-OktaLoggerDemoApp.debug.xcconfig */,
				00EF841BC9AECECB76C176FE /* Pods-OktaLoggerDemoApp.release.xcconfig */,
				2BE105519632BEE1AAED7056 /* Pods-OktaLogger.debug.xcconfig */,
				028D1912AB9DB1ABBDD5EC94 /* Pods-OktaLogger.release.xcconfig */,
				672ADCC5504F41DBB4546AB0 /* Pods-OktaLogger_.debug.xcconfig */,
				2212750F97DBDF374821CF2C /* Pods-OktaLogger_.release.xcconfig */,
				1D7062F280C40B11A6913CF3 /* Pods-OktaLoggerDemoApp-OktaLoggerTests.debug.xcconfig */,
				C39390D4671A1E9CEAC61836 /* Pods-OktaLoggerDemoApp-OktaLoggerTests.release.xcconfig */,
			);
			path = Pods;
			sourceTree = "<group>";
		};
/* End PBXGroup section */

/* Begin PBXHeadersBuildPhase section */
		D5C824CF2469DBF1005CF747 /* Headers */ = {
			isa = PBXHeadersBuildPhase;
			buildActionMask = 2147483647;
			files = (
			);
			runOnlyForDeploymentPostprocessing = 0;
		};
/* End PBXHeadersBuildPhase section */

/* Begin PBXNativeTarget section */
		D5C824D32469DBF1005CF747 /* OktaLogger */ = {
			isa = PBXNativeTarget;
			buildConfigurationList = D5C824E82469DBF1005CF747 /* Build configuration list for PBXNativeTarget "OktaLogger" */;
			buildPhases = (
				3EDE391A122E4EE902619005 /* [CP] Check Pods Manifest.lock */,
				D5C824CF2469DBF1005CF747 /* Headers */,
				D5C824D02469DBF1005CF747 /* Sources */,
				D5C824D12469DBF1005CF747 /* Frameworks */,
				D5C824D22469DBF1005CF747 /* Resources */,
				80DDE78E24B962C900D0E2F3 /* Embed Frameworks */,
				7B0C4EE7276D1DAC0033BDC6 /* SwiftLint */,
			);
			buildRules = (
			);
			dependencies = (
			);
			name = OktaLogger;
			productName = OktaLogger;
			productReference = D5C824D42469DBF1005CF747 /* OktaLogger.framework */;
			productType = "com.apple.product-type.framework";
		};
		D5C824DC2469DBF1005CF747 /* OktaLoggerTests */ = {
			isa = PBXNativeTarget;
			buildConfigurationList = D5C824EB2469DBF1005CF747 /* Build configuration list for PBXNativeTarget "OktaLoggerTests" */;
			buildPhases = (
				01C2E150C3CBDC775E649CAC /* [CP] Check Pods Manifest.lock */,
				D5C824D92469DBF1005CF747 /* Sources */,
				D5C824DA2469DBF1005CF747 /* Frameworks */,
				D5C824DB2469DBF1005CF747 /* Resources */,
				9ECAD1E0171C5273C443BE35 /* [CP] Embed Pods Frameworks */,
				0DC3924D1B3CCB455ABA6B86 /* [CP] Copy Pods Resources */,
			);
			buildRules = (
			);
			dependencies = (
				D54461C5246A02C800C755F1 /* PBXTargetDependency */,
			);
			name = OktaLoggerTests;
			productName = OktaLoggerTests;
			productReference = D5C824DD2469DBF1005CF747 /* OktaLoggerTests.xctest */;
			productType = "com.apple.product-type.bundle.unit-test";
		};
		E251E7FA248AD1B400EF466D /* OktaLoggerDemoApp */ = {
			isa = PBXNativeTarget;
			buildConfigurationList = E251E80C248AD1B800EF466D /* Build configuration list for PBXNativeTarget "OktaLoggerDemoApp" */;
			buildPhases = (
				6C0850698E3B2C729FC69D9E /* [CP] Check Pods Manifest.lock */,
				E251E7F7248AD1B400EF466D /* Sources */,
				E251E7F8248AD1B400EF466D /* Frameworks */,
				E251E7F9248AD1B400EF466D /* Resources */,
				80DDE77E24B961B400D0E2F3 /* Embed Frameworks */,
				DEC5276724DBFE6C0022B698 /* ShellScript */,
				20382702DB652A5C8D9E415D /* [CP] Embed Pods Frameworks */,
				49AB982EE3732949FCCE12FB /* [CP] Copy Pods Resources */,
			);
			buildRules = (
			);
			dependencies = (
				DE5D6F5824E6D05500AD95FD /* PBXTargetDependency */,
			);
			name = OktaLoggerDemoApp;
			productName = OktaLoggerDemoApp;
			productReference = E251E7FB248AD1B400EF466D /* OktaLoggerDemoApp.app */;
			productType = "com.apple.product-type.application";
		};
/* End PBXNativeTarget section */

/* Begin PBXProject section */
		D5C824CB2469DBF1005CF747 /* Project object */ = {
			isa = PBXProject;
			attributes = {
				LastSwiftUpdateCheck = 1130;
				LastUpgradeCheck = 1130;
				ORGANIZATIONNAME = "Okta, Inc.";
				TargetAttributes = {
					D5C824D32469DBF1005CF747 = {
						CreatedOnToolsVersion = 11.3.1;
						LastSwiftMigration = 1130;
					};
					D5C824DC2469DBF1005CF747 = {
						CreatedOnToolsVersion = 11.3.1;
						LastSwiftMigration = 1130;
					};
					E251E7FA248AD1B400EF466D = {
						CreatedOnToolsVersion = 11.3.1;
					};
				};
			};
			buildConfigurationList = D5C824CE2469DBF1005CF747 /* Build configuration list for PBXProject "OktaLogger" */;
			compatibilityVersion = "Xcode 9.3";
			developmentRegion = en;
			hasScannedForEncodings = 0;
			knownRegions = (
				en,
				Base,
			);
			mainGroup = D5C824CA2469DBF1005CF747;
			productRefGroup = D5C824D52469DBF1005CF747 /* Products */;
			projectDirPath = "";
			projectRoot = "";
			targets = (
				E251E7FA248AD1B400EF466D /* OktaLoggerDemoApp */,
				D5C824D32469DBF1005CF747 /* OktaLogger */,
				D5C824DC2469DBF1005CF747 /* OktaLoggerTests */,
			);
		};
/* End PBXProject section */

/* Begin PBXResourcesBuildPhase section */
		D5C824D22469DBF1005CF747 /* Resources */ = {
			isa = PBXResourcesBuildPhase;
			buildActionMask = 2147483647;
			files = (
			);
			runOnlyForDeploymentPostprocessing = 0;
		};
		D5C824DB2469DBF1005CF747 /* Resources */ = {
			isa = PBXResourcesBuildPhase;
			buildActionMask = 2147483647;
			files = (
			);
			runOnlyForDeploymentPostprocessing = 0;
		};
		E251E7F9248AD1B400EF466D /* Resources */ = {
			isa = PBXResourcesBuildPhase;
			buildActionMask = 2147483647;
			files = (
				E251E80A248AD1B800EF466D /* LaunchScreen.storyboard in Resources */,
				DEC5276624DBF9630022B698 /* GoogleService-Info.plist in Resources */,
				E251E807248AD1B800EF466D /* Assets.xcassets in Resources */,
				E251E805248AD1B400EF466D /* Main.storyboard in Resources */,
			);
			runOnlyForDeploymentPostprocessing = 0;
		};
/* End PBXResourcesBuildPhase section */

/* Begin PBXShellScriptBuildPhase section */
		01C2E150C3CBDC775E649CAC /* [CP] Check Pods Manifest.lock */ = {
			isa = PBXShellScriptBuildPhase;
			buildActionMask = 2147483647;
			files = (
			);
			inputFileListPaths = (
			);
			inputPaths = (
				"${PODS_PODFILE_DIR_PATH}/Podfile.lock",
				"${PODS_ROOT}/Manifest.lock",
			);
			name = "[CP] Check Pods Manifest.lock";
			outputFileListPaths = (
			);
			outputPaths = (
				"$(DERIVED_FILE_DIR)/Pods-OktaLoggerDemoApp-OktaLoggerTests-checkManifestLockResult.txt",
			);
			runOnlyForDeploymentPostprocessing = 0;
			shellPath = /bin/sh;
			shellScript = "diff \"${PODS_PODFILE_DIR_PATH}/Podfile.lock\" \"${PODS_ROOT}/Manifest.lock\" > /dev/null\nif [ $? != 0 ] ; then\n    # print error to STDERR\n    echo \"error: The sandbox is not in sync with the Podfile.lock. Run 'pod install' or update your CocoaPods installation.\" >&2\n    exit 1\nfi\n# This output is used by Xcode 'outputs' to avoid re-running this script phase.\necho \"SUCCESS\" > \"${SCRIPT_OUTPUT_FILE_0}\"\n";
			showEnvVarsInLog = 0;
		};
		0DC3924D1B3CCB455ABA6B86 /* [CP] Copy Pods Resources */ = {
			isa = PBXShellScriptBuildPhase;
			buildActionMask = 2147483647;
			files = (
			);
			inputFileListPaths = (
				"${PODS_ROOT}/Target Support Files/Pods-OktaLoggerDemoApp-OktaLoggerTests/Pods-OktaLoggerDemoApp-OktaLoggerTests-resources-${CONFIGURATION}-input-files.xcfilelist",
			);
			name = "[CP] Copy Pods Resources";
			outputFileListPaths = (
				"${PODS_ROOT}/Target Support Files/Pods-OktaLoggerDemoApp-OktaLoggerTests/Pods-OktaLoggerDemoApp-OktaLoggerTests-resources-${CONFIGURATION}-output-files.xcfilelist",
			);
			runOnlyForDeploymentPostprocessing = 0;
			shellPath = /bin/sh;
			shellScript = "\"${PODS_ROOT}/Target Support Files/Pods-OktaLoggerDemoApp-OktaLoggerTests/Pods-OktaLoggerDemoApp-OktaLoggerTests-resources.sh\"\n";
			showEnvVarsInLog = 0;
		};
		20382702DB652A5C8D9E415D /* [CP] Embed Pods Frameworks */ = {
			isa = PBXShellScriptBuildPhase;
			buildActionMask = 2147483647;
			files = (
			);
			inputFileListPaths = (
				"${PODS_ROOT}/Target Support Files/Pods-OktaLoggerDemoApp/Pods-OktaLoggerDemoApp-frameworks-${CONFIGURATION}-input-files.xcfilelist",
			);
			name = "[CP] Embed Pods Frameworks";
			outputFileListPaths = (
				"${PODS_ROOT}/Target Support Files/Pods-OktaLoggerDemoApp/Pods-OktaLoggerDemoApp-frameworks-${CONFIGURATION}-output-files.xcfilelist",
			);
			runOnlyForDeploymentPostprocessing = 0;
			shellPath = /bin/sh;
			shellScript = "\"${PODS_ROOT}/Target Support Files/Pods-OktaLoggerDemoApp/Pods-OktaLoggerDemoApp-frameworks.sh\"\n";
			showEnvVarsInLog = 0;
		};
		3EDE391A122E4EE902619005 /* [CP] Check Pods Manifest.lock */ = {
			isa = PBXShellScriptBuildPhase;
			buildActionMask = 2147483647;
			files = (
			);
			inputFileListPaths = (
			);
			inputPaths = (
				"${PODS_PODFILE_DIR_PATH}/Podfile.lock",
				"${PODS_ROOT}/Manifest.lock",
			);
			name = "[CP] Check Pods Manifest.lock";
			outputFileListPaths = (
			);
			outputPaths = (
				"$(DERIVED_FILE_DIR)/Pods-OktaLogger-checkManifestLockResult.txt",
			);
			runOnlyForDeploymentPostprocessing = 0;
			shellPath = /bin/sh;
			shellScript = "diff \"${PODS_PODFILE_DIR_PATH}/Podfile.lock\" \"${PODS_ROOT}/Manifest.lock\" > /dev/null\nif [ $? != 0 ] ; then\n    # print error to STDERR\n    echo \"error: The sandbox is not in sync with the Podfile.lock. Run 'pod install' or update your CocoaPods installation.\" >&2\n    exit 1\nfi\n# This output is used by Xcode 'outputs' to avoid re-running this script phase.\necho \"SUCCESS\" > \"${SCRIPT_OUTPUT_FILE_0}\"\n";
			showEnvVarsInLog = 0;
		};
		49AB982EE3732949FCCE12FB /* [CP] Copy Pods Resources */ = {
			isa = PBXShellScriptBuildPhase;
			buildActionMask = 2147483647;
			files = (
			);
			inputFileListPaths = (
				"${PODS_ROOT}/Target Support Files/Pods-OktaLoggerDemoApp/Pods-OktaLoggerDemoApp-resources-${CONFIGURATION}-input-files.xcfilelist",
			);
			name = "[CP] Copy Pods Resources";
			outputFileListPaths = (
				"${PODS_ROOT}/Target Support Files/Pods-OktaLoggerDemoApp/Pods-OktaLoggerDemoApp-resources-${CONFIGURATION}-output-files.xcfilelist",
			);
			runOnlyForDeploymentPostprocessing = 0;
			shellPath = /bin/sh;
			shellScript = "\"${PODS_ROOT}/Target Support Files/Pods-OktaLoggerDemoApp/Pods-OktaLoggerDemoApp-resources.sh\"\n";
			showEnvVarsInLog = 0;
		};
		6C0850698E3B2C729FC69D9E /* [CP] Check Pods Manifest.lock */ = {
			isa = PBXShellScriptBuildPhase;
			buildActionMask = 2147483647;
			files = (
			);
			inputFileListPaths = (
			);
			inputPaths = (
				"${PODS_PODFILE_DIR_PATH}/Podfile.lock",
				"${PODS_ROOT}/Manifest.lock",
			);
			name = "[CP] Check Pods Manifest.lock";
			outputFileListPaths = (
			);
			outputPaths = (
				"$(DERIVED_FILE_DIR)/Pods-OktaLoggerDemoApp-checkManifestLockResult.txt",
			);
			runOnlyForDeploymentPostprocessing = 0;
			shellPath = /bin/sh;
			shellScript = "diff \"${PODS_PODFILE_DIR_PATH}/Podfile.lock\" \"${PODS_ROOT}/Manifest.lock\" > /dev/null\nif [ $? != 0 ] ; then\n    # print error to STDERR\n    echo \"error: The sandbox is not in sync with the Podfile.lock. Run 'pod install' or update your CocoaPods installation.\" >&2\n    exit 1\nfi\n# This output is used by Xcode 'outputs' to avoid re-running this script phase.\necho \"SUCCESS\" > \"${SCRIPT_OUTPUT_FILE_0}\"\n";
			showEnvVarsInLog = 0;
		};
		7B0C4EE7276D1DAC0033BDC6 /* SwiftLint */ = {
			isa = PBXShellScriptBuildPhase;
			buildActionMask = 2147483647;
			files = (
			);
			inputFileListPaths = (
			);
			inputPaths = (
			);
			name = SwiftLint;
			outputFileListPaths = (
			);
			outputPaths = (
			);
			runOnlyForDeploymentPostprocessing = 0;
			shellPath = /bin/sh;
			shellScript = "\"${PODS_ROOT}/SwiftLint/swiftlint\" --config \"${PROJECT_DIR}/.swiftlint.yml\"\n";
		};
		9ECAD1E0171C5273C443BE35 /* [CP] Embed Pods Frameworks */ = {
			isa = PBXShellScriptBuildPhase;
			buildActionMask = 2147483647;
			files = (
			);
			inputFileListPaths = (
				"${PODS_ROOT}/Target Support Files/Pods-OktaLoggerDemoApp-OktaLoggerTests/Pods-OktaLoggerDemoApp-OktaLoggerTests-frameworks-${CONFIGURATION}-input-files.xcfilelist",
			);
			name = "[CP] Embed Pods Frameworks";
			outputFileListPaths = (
				"${PODS_ROOT}/Target Support Files/Pods-OktaLoggerDemoApp-OktaLoggerTests/Pods-OktaLoggerDemoApp-OktaLoggerTests-frameworks-${CONFIGURATION}-output-files.xcfilelist",
			);
			runOnlyForDeploymentPostprocessing = 0;
			shellPath = /bin/sh;
			shellScript = "\"${PODS_ROOT}/Target Support Files/Pods-OktaLoggerDemoApp-OktaLoggerTests/Pods-OktaLoggerDemoApp-OktaLoggerTests-frameworks.sh\"\n";
			showEnvVarsInLog = 0;
		};
		DEC5276724DBFE6C0022B698 /* ShellScript */ = {
			isa = PBXShellScriptBuildPhase;
			buildActionMask = 2147483647;
			files = (
			);
			inputFileListPaths = (
			);
			inputPaths = (
				"${DWARF_DSYM_FOLDER_PATH}/${DWARF_DSYM_FILE_NAME}/Contents/Resources/DWARF/${TARGET_NAME}",
			);
			outputFileListPaths = (
			);
			outputPaths = (
			);
			runOnlyForDeploymentPostprocessing = 0;
			shellPath = /bin/sh;
			shellScript = "\"${PODS_ROOT}/FirebaseCrashlytics/run\"\n";
		};
/* End PBXShellScriptBuildPhase section */

/* Begin PBXSourcesBuildPhase section */
		D5C824D02469DBF1005CF747 /* Sources */ = {
			isa = PBXSourcesBuildPhase;
			buildActionMask = 2147483647;
			files = (
				F3ACE11B29BADB03003C3403 /* Properties.swift in Sources */,
				DEFB59E124EAC76400A1744F /* OktaLoggerFirebaseCrashlyticsLogger.swift in Sources */,
				8DCF5EB8263CACAD008698CD /* DDLogFileManagerCustomName.swift in Sources */,
				F35FD9D029EF560700391D49 /* ScenarioProperty+CoreDataProperties.swift in Sources */,
				8004832E24C1EFDF008BFF3A /* OktaLoggerFileLoggerConfig.swift in Sources */,
				F3ACE11929BADAE4003C3403 /* EventScenario.swift in Sources */,
				6C98A0E928A308FD00DA6CA9 /* OktaAnalytics.swift in Sources */,
				F35FD9CD29EF560700391D49 /* Scenario+CoreDataClass.swift in Sources */,
				DE9B02FF26BD6A090072A501 /* OktaLoggerInstabugLogger.swift in Sources */,
				F35FD9CE29EF560700391D49 /* Scenario+CoreDataProperties.swift in Sources */,
				7FC038A5282467C300C16169 /* ReadWriteLock.swift in Sources */,
				806FF25E24B95A3300994D4D /* OktaLoggerFileLogger.swift in Sources */,
				7FC038A9282467C300C16169 /* OktaLoggerConsoleLogger.swift in Sources */,
				6CD94F5928CEEB2100EE4254 /* AnalyticsProviderProtocol.swift in Sources */,
				F35FD9D329EF695600391D49 /* CoreDataStack.swift in Sources */,
				F35FD9CF29EF560700391D49 /* ScenarioProperty+CoreDataClass.swift in Sources */,
				7FC038A7282467C300C16169 /* OktaLogger.swift in Sources */,
				F35FD9E029F0FB6700391D49 /* OktaAnalytics.xcdatamodeld in Sources */,
				6CAB2C7828DD22750020221F /* AppCenterAnalyticsProvider.swift in Sources */,
				6582A2024047A1BC55BC98D3 /* LumberjackLoggerDelegate.swift in Sources */,
				7FC038A4282467C300C16169 /* OktaLoggerLogLevel.swift in Sources */,
				7FC038A8282467C300C16169 /* OktaLoggerDestination.swift in Sources */,
				6582A2C33C06B4353D1538E3 /* FileLoggerDelegate.swift in Sources */,
				DE504DC425BEE84A00B27BDD /* OktaLoggerFileLogFormatter.swift in Sources */,
			);
			runOnlyForDeploymentPostprocessing = 0;
		};
		D5C824D92469DBF1005CF747 /* Sources */ = {
			isa = PBXSourcesBuildPhase;
			buildActionMask = 2147483647;
			files = (
				DEE498C726C1139A00487014 /* OktaLoggerInstabugLoggerTests.swift in Sources */,
				804F18F724C0174800894A52 /* OktaLoggerFileLoggerTests.swift in Sources */,
				D5D0978E246DE00800C1362F /* OktaLoggerConsoleLoggerTests.swift in Sources */,
				DEABAFC9260C7C0100DB7008 /* FileTestsHelper.swift in Sources */,
				DE2FFE21260B89650028CAD6 /* OktaLoggerFileLoggerMultithreadingTests.swift in Sources */,
				D5C824E32469DBF1005CF747 /* OktaLoggerTests.swift in Sources */,
				DEF2CC23260A341300F8B644 /* OktaLoggerMultithreadingTests.swift in Sources */,
				7B13559F276BE69400F0516C /* OktaLoggerFirebaseLoggerTests.swift in Sources */,
				D5B22D0B246CA47E007ECC2F /* MockLoggerDestination.swift in Sources */,
				E2E7C95325196D83006B8DAE /* OktaLoggerDefaultPropertiesTests.swift in Sources */,
				6C2BE44628E3B1E10031902A /* AnalyticsTests.swift in Sources */,
			);
			runOnlyForDeploymentPostprocessing = 0;
		};
		E251E7F7248AD1B400EF466D /* Sources */ = {
			isa = PBXSourcesBuildPhase;
			buildActionMask = 2147483647;
			files = (
				80AA110224BE799800981074 /* DemoTableViewCell.swift in Sources */,
				E251E802248AD1B400EF466D /* LoggerDemoViewController.swift in Sources */,
				DE1A7B3925EFF432007A5F60 /* LoggerDemoViewModel.swift in Sources */,
				E251E7FE248AD1B400EF466D /* AppDelegate.swift in Sources */,
				E251E800248AD1B400EF466D /* SceneDelegate.swift in Sources */,
				DE6A163725F1120100B0FBA0 /* LogsBrowseViewController.swift in Sources */,
			);
			runOnlyForDeploymentPostprocessing = 0;
		};
/* End PBXSourcesBuildPhase section */

/* Begin PBXTargetDependency section */
		D54461C5246A02C800C755F1 /* PBXTargetDependency */ = {
			isa = PBXTargetDependency;
			target = D5C824D32469DBF1005CF747 /* OktaLogger */;
			targetProxy = D54461C4246A02C800C755F1 /* PBXContainerItemProxy */;
		};
		DE5D6F5824E6D05500AD95FD /* PBXTargetDependency */ = {
			isa = PBXTargetDependency;
			target = D5C824D32469DBF1005CF747 /* OktaLogger */;
			targetProxy = DE5D6F5724E6D05500AD95FD /* PBXContainerItemProxy */;
		};
/* End PBXTargetDependency section */

/* Begin PBXVariantGroup section */
		E251E803248AD1B400EF466D /* Main.storyboard */ = {
			isa = PBXVariantGroup;
			children = (
				E251E804248AD1B400EF466D /* Base */,
			);
			name = Main.storyboard;
			sourceTree = "<group>";
		};
		E251E808248AD1B800EF466D /* LaunchScreen.storyboard */ = {
			isa = PBXVariantGroup;
			children = (
				E251E809248AD1B800EF466D /* Base */,
			);
			name = LaunchScreen.storyboard;
			sourceTree = "<group>";
		};
/* End PBXVariantGroup section */

/* Begin XCBuildConfiguration section */
		D5C824E62469DBF1005CF747 /* Debug */ = {
			isa = XCBuildConfiguration;
			buildSettings = {
				ALWAYS_SEARCH_USER_PATHS = NO;
				CLANG_ANALYZER_NONNULL = YES;
				CLANG_ANALYZER_NUMBER_OBJECT_CONVERSION = YES_AGGRESSIVE;
				CLANG_CXX_LANGUAGE_STANDARD = "gnu++14";
				CLANG_CXX_LIBRARY = "libc++";
				CLANG_ENABLE_MODULES = YES;
				CLANG_ENABLE_OBJC_ARC = YES;
				CLANG_ENABLE_OBJC_WEAK = YES;
				CLANG_WARN_BLOCK_CAPTURE_AUTORELEASING = YES;
				CLANG_WARN_BOOL_CONVERSION = YES;
				CLANG_WARN_COMMA = YES;
				CLANG_WARN_CONSTANT_CONVERSION = YES;
				CLANG_WARN_DEPRECATED_OBJC_IMPLEMENTATIONS = YES;
				CLANG_WARN_DIRECT_OBJC_ISA_USAGE = YES_ERROR;
				CLANG_WARN_DOCUMENTATION_COMMENTS = YES;
				CLANG_WARN_EMPTY_BODY = YES;
				CLANG_WARN_ENUM_CONVERSION = YES;
				CLANG_WARN_INFINITE_RECURSION = YES;
				CLANG_WARN_INT_CONVERSION = YES;
				CLANG_WARN_NON_LITERAL_NULL_CONVERSION = YES;
				CLANG_WARN_OBJC_IMPLICIT_RETAIN_SELF = YES;
				CLANG_WARN_OBJC_LITERAL_CONVERSION = YES;
				CLANG_WARN_OBJC_ROOT_CLASS = YES_ERROR;
				CLANG_WARN_RANGE_LOOP_ANALYSIS = YES;
				CLANG_WARN_STRICT_PROTOTYPES = YES;
				CLANG_WARN_SUSPICIOUS_MOVE = YES;
				CLANG_WARN_UNGUARDED_AVAILABILITY = YES_AGGRESSIVE;
				CLANG_WARN_UNREACHABLE_CODE = YES;
				CLANG_WARN__DUPLICATE_METHOD_MATCH = YES;
				COPY_PHASE_STRIP = NO;
				CURRENT_PROJECT_VERSION = 1;
				DEBUG_INFORMATION_FORMAT = dwarf;
				DEVELOPMENT_TEAM = 7WXXBW6Z2Y;
				ENABLE_STRICT_OBJC_MSGSEND = YES;
				ENABLE_TESTABILITY = YES;
				GCC_C_LANGUAGE_STANDARD = gnu11;
				GCC_DYNAMIC_NO_PIC = NO;
				GCC_NO_COMMON_BLOCKS = YES;
				GCC_OPTIMIZATION_LEVEL = 0;
				GCC_PREPROCESSOR_DEFINITIONS = (
					"DEBUG=1",
					"$(inherited)",
				);
				GCC_WARN_64_TO_32_BIT_CONVERSION = YES;
				GCC_WARN_ABOUT_RETURN_TYPE = YES_ERROR;
				GCC_WARN_UNDECLARED_SELECTOR = YES;
				GCC_WARN_UNINITIALIZED_AUTOS = YES_AGGRESSIVE;
				GCC_WARN_UNUSED_FUNCTION = YES;
				GCC_WARN_UNUSED_VARIABLE = YES;
				IPHONEOS_DEPLOYMENT_TARGET = 13.0;
				MTL_ENABLE_DEBUG_INFO = INCLUDE_SOURCE;
				MTL_FAST_MATH = YES;
				ONLY_ACTIVE_ARCH = YES;
				SDKROOT = iphoneos;
				SWIFT_ACTIVE_COMPILATION_CONDITIONS = DEBUG;
				SWIFT_OPTIMIZATION_LEVEL = "-Onone";
				TARGETED_DEVICE_FAMILY = "1,2";
				VERSIONING_SYSTEM = "apple-generic";
				VERSION_INFO_PREFIX = "";
			};
			name = Debug;
		};
		D5C824E72469DBF1005CF747 /* Release */ = {
			isa = XCBuildConfiguration;
			buildSettings = {
				ALWAYS_SEARCH_USER_PATHS = NO;
				CLANG_ANALYZER_NONNULL = YES;
				CLANG_ANALYZER_NUMBER_OBJECT_CONVERSION = YES_AGGRESSIVE;
				CLANG_CXX_LANGUAGE_STANDARD = "gnu++14";
				CLANG_CXX_LIBRARY = "libc++";
				CLANG_ENABLE_MODULES = YES;
				CLANG_ENABLE_OBJC_ARC = YES;
				CLANG_ENABLE_OBJC_WEAK = YES;
				CLANG_WARN_BLOCK_CAPTURE_AUTORELEASING = YES;
				CLANG_WARN_BOOL_CONVERSION = YES;
				CLANG_WARN_COMMA = YES;
				CLANG_WARN_CONSTANT_CONVERSION = YES;
				CLANG_WARN_DEPRECATED_OBJC_IMPLEMENTATIONS = YES;
				CLANG_WARN_DIRECT_OBJC_ISA_USAGE = YES_ERROR;
				CLANG_WARN_DOCUMENTATION_COMMENTS = YES;
				CLANG_WARN_EMPTY_BODY = YES;
				CLANG_WARN_ENUM_CONVERSION = YES;
				CLANG_WARN_INFINITE_RECURSION = YES;
				CLANG_WARN_INT_CONVERSION = YES;
				CLANG_WARN_NON_LITERAL_NULL_CONVERSION = YES;
				CLANG_WARN_OBJC_IMPLICIT_RETAIN_SELF = YES;
				CLANG_WARN_OBJC_LITERAL_CONVERSION = YES;
				CLANG_WARN_OBJC_ROOT_CLASS = YES_ERROR;
				CLANG_WARN_RANGE_LOOP_ANALYSIS = YES;
				CLANG_WARN_STRICT_PROTOTYPES = YES;
				CLANG_WARN_SUSPICIOUS_MOVE = YES;
				CLANG_WARN_UNGUARDED_AVAILABILITY = YES_AGGRESSIVE;
				CLANG_WARN_UNREACHABLE_CODE = YES;
				CLANG_WARN__DUPLICATE_METHOD_MATCH = YES;
				COPY_PHASE_STRIP = NO;
				CURRENT_PROJECT_VERSION = 1;
				DEBUG_INFORMATION_FORMAT = "dwarf-with-dsym";
				DEVELOPMENT_TEAM = 7WXXBW6Z2Y;
				ENABLE_NS_ASSERTIONS = NO;
				ENABLE_STRICT_OBJC_MSGSEND = YES;
				GCC_C_LANGUAGE_STANDARD = gnu11;
				GCC_NO_COMMON_BLOCKS = YES;
				GCC_WARN_64_TO_32_BIT_CONVERSION = YES;
				GCC_WARN_ABOUT_RETURN_TYPE = YES_ERROR;
				GCC_WARN_UNDECLARED_SELECTOR = YES;
				GCC_WARN_UNINITIALIZED_AUTOS = YES_AGGRESSIVE;
				GCC_WARN_UNUSED_FUNCTION = YES;
				GCC_WARN_UNUSED_VARIABLE = YES;
				IPHONEOS_DEPLOYMENT_TARGET = 13.0;
				MTL_ENABLE_DEBUG_INFO = NO;
				MTL_FAST_MATH = YES;
				SDKROOT = iphoneos;
				SWIFT_COMPILATION_MODE = wholemodule;
				SWIFT_OPTIMIZATION_LEVEL = "-O";
				TARGETED_DEVICE_FAMILY = "1,2";
				VALIDATE_PRODUCT = YES;
				VERSIONING_SYSTEM = "apple-generic";
				VERSION_INFO_PREFIX = "";
			};
			name = Release;
		};
		D5C824E92469DBF1005CF747 /* Debug */ = {
			isa = XCBuildConfiguration;
			baseConfigurationReference = 2BE105519632BEE1AAED7056 /* Pods-OktaLogger.debug.xcconfig */;
			buildSettings = {
				CLANG_ENABLE_MODULES = YES;
				CODE_SIGN_IDENTITY = "";
				CODE_SIGN_STYLE = Manual;
				DEFINES_MODULE = YES;
				DEVELOPMENT_TEAM = "";
				DYLIB_COMPATIBILITY_VERSION = 1;
				DYLIB_CURRENT_VERSION = 1;
				DYLIB_INSTALL_NAME_BASE = "@rpath";
				INFOPLIST_FILE = Sources/OktaLogger/Info.plist;
				INSTALL_PATH = "$(LOCAL_LIBRARY_DIR)/Frameworks";
				IPHONEOS_DEPLOYMENT_TARGET = 13.0;
				LD_RUNPATH_SEARCH_PATHS = (
					"$(inherited)",
					"@executable_path/Frameworks",
					"@loader_path/Frameworks",
				);
				PRODUCT_BUNDLE_IDENTIFIER = com.okta.OktaLogger;
				PRODUCT_NAME = "$(TARGET_NAME:c99extidentifier)";
				PROVISIONING_PROFILE_SPECIFIER = "";
				"PROVISIONING_PROFILE_SPECIFIER[sdk=macosx*]" = "";
				SKIP_INSTALL = YES;
				SWIFT_OPTIMIZATION_LEVEL = "-Onone";
				SWIFT_VERSION = 5.0;
				TARGETED_DEVICE_FAMILY = "1,2";
			};
			name = Debug;
		};
		D5C824EA2469DBF1005CF747 /* Release */ = {
			isa = XCBuildConfiguration;
			baseConfigurationReference = 028D1912AB9DB1ABBDD5EC94 /* Pods-OktaLogger.release.xcconfig */;
			buildSettings = {
				CLANG_ENABLE_MODULES = YES;
				CODE_SIGN_IDENTITY = "";
				CODE_SIGN_STYLE = Manual;
				DEFINES_MODULE = YES;
				DEVELOPMENT_TEAM = "";
				DYLIB_COMPATIBILITY_VERSION = 1;
				DYLIB_CURRENT_VERSION = 1;
				DYLIB_INSTALL_NAME_BASE = "@rpath";
				INFOPLIST_FILE = Sources/OktaLogger/Info.plist;
				INSTALL_PATH = "$(LOCAL_LIBRARY_DIR)/Frameworks";
				IPHONEOS_DEPLOYMENT_TARGET = 13.0;
				LD_RUNPATH_SEARCH_PATHS = (
					"$(inherited)",
					"@executable_path/Frameworks",
					"@loader_path/Frameworks",
				);
				PRODUCT_BUNDLE_IDENTIFIER = com.okta.OktaLogger;
				PRODUCT_NAME = "$(TARGET_NAME:c99extidentifier)";
				PROVISIONING_PROFILE_SPECIFIER = "";
				"PROVISIONING_PROFILE_SPECIFIER[sdk=macosx*]" = "";
				SKIP_INSTALL = YES;
				SWIFT_VERSION = 5.0;
				TARGETED_DEVICE_FAMILY = "1,2";
			};
			name = Release;
		};
		D5C824EC2469DBF1005CF747 /* Debug */ = {
			isa = XCBuildConfiguration;
			baseConfigurationReference = 1D7062F280C40B11A6913CF3 /* Pods-OktaLoggerDemoApp-OktaLoggerTests.debug.xcconfig */;
			buildSettings = {
				ALWAYS_EMBED_SWIFT_STANDARD_LIBRARIES = YES;
				CLANG_ENABLE_MODULES = YES;
				CODE_SIGN_IDENTITY = "Apple Development";
				"CODE_SIGN_IDENTITY[sdk=macosx*]" = "-";
				CODE_SIGN_STYLE = Manual;
				DEVELOPMENT_TEAM = "";
				INFOPLIST_FILE = Tests/OktaLoggerTests/Info.plist;
				LD_RUNPATH_SEARCH_PATHS = (
					"$(inherited)",
					"@executable_path/Frameworks",
					"@loader_path/Frameworks",
				);
				PRODUCT_BUNDLE_IDENTIFIER = com.okta.OktaLoggerTests;
				PRODUCT_NAME = "$(TARGET_NAME)";
				PROVISIONING_PROFILE_SPECIFIER = "";
				"PROVISIONING_PROFILE_SPECIFIER[sdk=macosx*]" = "";
				SWIFT_OBJC_BRIDGING_HEADER = "Tests/OktaLoggerTests/OktaLoggerTests-Bridging-Header.h";
				SWIFT_OPTIMIZATION_LEVEL = "-Onone";
				SWIFT_VERSION = 5.0;
				TARGETED_DEVICE_FAMILY = "1,2";
			};
			name = Debug;
		};
		D5C824ED2469DBF1005CF747 /* Release */ = {
			isa = XCBuildConfiguration;
			baseConfigurationReference = C39390D4671A1E9CEAC61836 /* Pods-OktaLoggerDemoApp-OktaLoggerTests.release.xcconfig */;
			buildSettings = {
				ALWAYS_EMBED_SWIFT_STANDARD_LIBRARIES = YES;
				CLANG_ENABLE_MODULES = YES;
				CODE_SIGN_IDENTITY = "Apple Development";
				"CODE_SIGN_IDENTITY[sdk=macosx*]" = "-";
				CODE_SIGN_STYLE = Manual;
				DEVELOPMENT_TEAM = "";
				INFOPLIST_FILE = Tests/OktaLoggerTests/Info.plist;
				LD_RUNPATH_SEARCH_PATHS = (
					"$(inherited)",
					"@executable_path/Frameworks",
					"@loader_path/Frameworks",
				);
				PRODUCT_BUNDLE_IDENTIFIER = com.okta.OktaLoggerTests;
				PRODUCT_NAME = "$(TARGET_NAME)";
				PROVISIONING_PROFILE_SPECIFIER = "";
				"PROVISIONING_PROFILE_SPECIFIER[sdk=macosx*]" = "";
				SWIFT_OBJC_BRIDGING_HEADER = "Tests/OktaLoggerTests/OktaLoggerTests-Bridging-Header.h";
				SWIFT_VERSION = 5.0;
				TARGETED_DEVICE_FAMILY = "1,2";
			};
			name = Release;
		};
		E251E80D248AD1B800EF466D /* Debug */ = {
			isa = XCBuildConfiguration;
			baseConfigurationReference = C58A9E54B6CE1A902894264C /* Pods-OktaLoggerDemoApp.debug.xcconfig */;
			buildSettings = {
				ASSETCATALOG_COMPILER_APPICON_NAME = AppIcon;
				CODE_SIGN_STYLE = Automatic;
				DEVELOPMENT_TEAM = 7WXXBW6Z2Y;
				INFOPLIST_FILE = "Example/Example-iOS/Info.plist";
				IPHONEOS_DEPLOYMENT_TARGET = 13.0;
				LD_RUNPATH_SEARCH_PATHS = (
					"$(inherited)",
					"@executable_path/Frameworks",
				);
				PRODUCT_BUNDLE_IDENTIFIER = com.okta.OktaLoggerDemoApp;
				PRODUCT_NAME = "$(TARGET_NAME)";
				SWIFT_VERSION = 5.0;
				TARGETED_DEVICE_FAMILY = "1,2";
			};
			name = Debug;
		};
		E251E80E248AD1B800EF466D /* Release */ = {
			isa = XCBuildConfiguration;
			baseConfigurationReference = 00EF841BC9AECECB76C176FE /* Pods-OktaLoggerDemoApp.release.xcconfig */;
			buildSettings = {
				ASSETCATALOG_COMPILER_APPICON_NAME = AppIcon;
				CODE_SIGN_STYLE = Automatic;
				DEVELOPMENT_TEAM = 7WXXBW6Z2Y;
				INFOPLIST_FILE = "Example/Example-iOS/Info.plist";
				IPHONEOS_DEPLOYMENT_TARGET = 13.0;
				LD_RUNPATH_SEARCH_PATHS = (
					"$(inherited)",
					"@executable_path/Frameworks",
				);
				PRODUCT_BUNDLE_IDENTIFIER = com.okta.OktaLoggerDemoApp;
				PRODUCT_NAME = "$(TARGET_NAME)";
				SWIFT_VERSION = 5.0;
				TARGETED_DEVICE_FAMILY = "1,2";
			};
			name = Release;
		};
/* End XCBuildConfiguration section */

/* Begin XCConfigurationList section */
		D5C824CE2469DBF1005CF747 /* Build configuration list for PBXProject "OktaLogger" */ = {
			isa = XCConfigurationList;
			buildConfigurations = (
				D5C824E62469DBF1005CF747 /* Debug */,
				D5C824E72469DBF1005CF747 /* Release */,
			);
			defaultConfigurationIsVisible = 0;
			defaultConfigurationName = Release;
		};
		D5C824E82469DBF1005CF747 /* Build configuration list for PBXNativeTarget "OktaLogger" */ = {
			isa = XCConfigurationList;
			buildConfigurations = (
				D5C824E92469DBF1005CF747 /* Debug */,
				D5C824EA2469DBF1005CF747 /* Release */,
			);
			defaultConfigurationIsVisible = 0;
			defaultConfigurationName = Release;
		};
		D5C824EB2469DBF1005CF747 /* Build configuration list for PBXNativeTarget "OktaLoggerTests" */ = {
			isa = XCConfigurationList;
			buildConfigurations = (
				D5C824EC2469DBF1005CF747 /* Debug */,
				D5C824ED2469DBF1005CF747 /* Release */,
			);
			defaultConfigurationIsVisible = 0;
			defaultConfigurationName = Release;
		};
		E251E80C248AD1B800EF466D /* Build configuration list for PBXNativeTarget "OktaLoggerDemoApp" */ = {
			isa = XCConfigurationList;
			buildConfigurations = (
				E251E80D248AD1B800EF466D /* Debug */,
				E251E80E248AD1B800EF466D /* Release */,
			);
			defaultConfigurationIsVisible = 0;
			defaultConfigurationName = Release;
		};
/* End XCConfigurationList section */

/* Begin XCVersionGroup section */
		F35FD9DE29F0FB6700391D49 /* OktaAnalytics.xcdatamodeld */ = {
			isa = XCVersionGroup;
			children = (
				F35FD9DF29F0FB6700391D49 /* OktaAnalytics.xcdatamodel */,
			);
			currentVersion = F35FD9DF29F0FB6700391D49 /* OktaAnalytics.xcdatamodel */;
			path = OktaAnalytics.xcdatamodeld;
			sourceTree = "<group>";
			versionGroupType = wrapper.xcdatamodel;
		};
/* End XCVersionGroup section */
	};
	rootObject = D5C824CB2469DBF1005CF747 /* Project object */;
}
