// !$*UTF8*$!
{
	archiveVersion = 1;
	classes = {
	};
	objectVersion = 50;
	objects = {

/* Begin PBXBuildFile section */
		D54461BF2469FF3200C755F1 /* OktaMutableLogger.swift in Sources */ = {isa = PBXBuildFile; fileRef = D54461BE2469FF3200C755F1 /* OktaMutableLogger.swift */; };
		D54461C12469FFBA00C755F1 /* OktaLogLevel.swift in Sources */ = {isa = PBXBuildFile; fileRef = D54461C02469FFBA00C755F1 /* OktaLogLevel.swift */; };
		D54461C3246A023000C755F1 /* OktaLogger.swift in Sources */ = {isa = PBXBuildFile; fileRef = D54461C2246A023000C755F1 /* OktaLogger.swift */; };
		D54461C6246A02CF00C755F1 /* OktaLogger.framework in Frameworks */ = {isa = PBXBuildFile; fileRef = D5C824D42469DBF1005CF747 /* OktaLogger.framework */; };
		D5C824E32469DBF1005CF747 /* OktaLoggerTests.swift in Sources */ = {isa = PBXBuildFile; fileRef = D5C824E22469DBF1005CF747 /* OktaLoggerTests.swift */; };
		D5C824E52469DBF1005CF747 /* OktaLogger.h in Headers */ = {isa = PBXBuildFile; fileRef = D5C824D72469DBF1005CF747 /* OktaLogger.h */; settings = {ATTRIBUTES = (Public, ); }; };
		E03E7F9292FC19B2E3EE6EEA /* libPods-OktaLogger.a in Frameworks */ = {isa = PBXBuildFile; fileRef = F9CB6E9781076186982B2417 /* libPods-OktaLogger.a */; };
		F0009FA846FF28BC6F21EF23 /* libPods-OktaLoggerTests.a in Frameworks */ = {isa = PBXBuildFile; fileRef = 3FDC676F1BCD09641BDA18FA /* libPods-OktaLoggerTests.a */; };
/* End PBXBuildFile section */

/* Begin PBXContainerItemProxy section */
		D54461C4246A02C800C755F1 /* PBXContainerItemProxy */ = {
			isa = PBXContainerItemProxy;
			containerPortal = D5C824CB2469DBF1005CF747 /* Project object */;
			proxyType = 1;
			remoteGlobalIDString = D5C824D32469DBF1005CF747;
			remoteInfo = OktaLogger;
		};
/* End PBXContainerItemProxy section */

/* Begin PBXFileReference section */
		1626D76D3FE5CD1504C6A51A /* Pods-OktaLoggerTests.release.xcconfig */ = {isa = PBXFileReference; includeInIndex = 1; lastKnownFileType = text.xcconfig; name = "Pods-OktaLoggerTests.release.xcconfig"; path = "Target Support Files/Pods-OktaLoggerTests/Pods-OktaLoggerTests.release.xcconfig"; sourceTree = "<group>"; };
		3FDC676F1BCD09641BDA18FA /* libPods-OktaLoggerTests.a */ = {isa = PBXFileReference; explicitFileType = archive.ar; includeInIndex = 0; path = "libPods-OktaLoggerTests.a"; sourceTree = BUILT_PRODUCTS_DIR; };
		8F19A5AD43A044835A9DE194 /* Pods-OktaLogger.debug.xcconfig */ = {isa = PBXFileReference; includeInIndex = 1; lastKnownFileType = text.xcconfig; name = "Pods-OktaLogger.debug.xcconfig"; path = "Target Support Files/Pods-OktaLogger/Pods-OktaLogger.debug.xcconfig"; sourceTree = "<group>"; };
		D54461BE2469FF3200C755F1 /* OktaMutableLogger.swift */ = {isa = PBXFileReference; lastKnownFileType = sourcecode.swift; path = OktaMutableLogger.swift; sourceTree = "<group>"; };
		D54461C02469FFBA00C755F1 /* OktaLogLevel.swift */ = {isa = PBXFileReference; lastKnownFileType = sourcecode.swift; path = OktaLogLevel.swift; sourceTree = "<group>"; };
		D54461C2246A023000C755F1 /* OktaLogger.swift */ = {isa = PBXFileReference; lastKnownFileType = sourcecode.swift; path = OktaLogger.swift; sourceTree = "<group>"; };
		D5C824D42469DBF1005CF747 /* OktaLogger.framework */ = {isa = PBXFileReference; explicitFileType = wrapper.framework; includeInIndex = 0; path = OktaLogger.framework; sourceTree = BUILT_PRODUCTS_DIR; };
		D5C824D72469DBF1005CF747 /* OktaLogger.h */ = {isa = PBXFileReference; lastKnownFileType = sourcecode.c.h; path = OktaLogger.h; sourceTree = "<group>"; };
		D5C824D82469DBF1005CF747 /* Info.plist */ = {isa = PBXFileReference; lastKnownFileType = text.plist.xml; path = Info.plist; sourceTree = "<group>"; };
		D5C824DD2469DBF1005CF747 /* OktaLoggerTests.xctest */ = {isa = PBXFileReference; explicitFileType = wrapper.cfbundle; includeInIndex = 0; path = OktaLoggerTests.xctest; sourceTree = BUILT_PRODUCTS_DIR; };
		D5C824E22469DBF1005CF747 /* OktaLoggerTests.swift */ = {isa = PBXFileReference; lastKnownFileType = sourcecode.swift; path = OktaLoggerTests.swift; sourceTree = "<group>"; };
		D5C824E42469DBF1005CF747 /* Info.plist */ = {isa = PBXFileReference; lastKnownFileType = text.plist.xml; path = Info.plist; sourceTree = "<group>"; };
		DB510C00105E7489E2C16BA3 /* Pods-OktaLoggerTests.debug.xcconfig */ = {isa = PBXFileReference; includeInIndex = 1; lastKnownFileType = text.xcconfig; name = "Pods-OktaLoggerTests.debug.xcconfig"; path = "Target Support Files/Pods-OktaLoggerTests/Pods-OktaLoggerTests.debug.xcconfig"; sourceTree = "<group>"; };
		E845612E0BE69997F307E326 /* Pods-OktaLogger.release.xcconfig */ = {isa = PBXFileReference; includeInIndex = 1; lastKnownFileType = text.xcconfig; name = "Pods-OktaLogger.release.xcconfig"; path = "Target Support Files/Pods-OktaLogger/Pods-OktaLogger.release.xcconfig"; sourceTree = "<group>"; };
		F9CB6E9781076186982B2417 /* libPods-OktaLogger.a */ = {isa = PBXFileReference; explicitFileType = archive.ar; includeInIndex = 0; path = "libPods-OktaLogger.a"; sourceTree = BUILT_PRODUCTS_DIR; };
/* End PBXFileReference section */

/* Begin PBXFrameworksBuildPhase section */
		D5C824D12469DBF1005CF747 /* Frameworks */ = {
			isa = PBXFrameworksBuildPhase;
			buildActionMask = 2147483647;
			files = (
				E03E7F9292FC19B2E3EE6EEA /* libPods-OktaLogger.a in Frameworks */,
			);
			runOnlyForDeploymentPostprocessing = 0;
		};
		D5C824DA2469DBF1005CF747 /* Frameworks */ = {
			isa = PBXFrameworksBuildPhase;
			buildActionMask = 2147483647;
			files = (
				D54461C6246A02CF00C755F1 /* OktaLogger.framework in Frameworks */,
				F0009FA846FF28BC6F21EF23 /* libPods-OktaLoggerTests.a in Frameworks */,
			);
			runOnlyForDeploymentPostprocessing = 0;
		};
/* End PBXFrameworksBuildPhase section */

/* Begin PBXGroup section */
		9200B49349EABD23B114BB0F /* Frameworks */ = {
			isa = PBXGroup;
			children = (
				F9CB6E9781076186982B2417 /* libPods-OktaLogger.a */,
				3FDC676F1BCD09641BDA18FA /* libPods-OktaLoggerTests.a */,
			);
			name = Frameworks;
			sourceTree = "<group>";
		};
		D5C824CA2469DBF1005CF747 = {
			isa = PBXGroup;
			children = (
				D5C824D62469DBF1005CF747 /* OktaLogger */,
				D5C824E12469DBF1005CF747 /* OktaLoggerTests */,
				D5C824D52469DBF1005CF747 /* Products */,
				FF24FFA3DDFB489FAC52ED9D /* Pods */,
				9200B49349EABD23B114BB0F /* Frameworks */,
			);
			sourceTree = "<group>";
		};
		D5C824D52469DBF1005CF747 /* Products */ = {
			isa = PBXGroup;
			children = (
				D5C824D42469DBF1005CF747 /* OktaLogger.framework */,
				D5C824DD2469DBF1005CF747 /* OktaLoggerTests.xctest */,
			);
			name = Products;
			sourceTree = "<group>";
		};
		D5C824D62469DBF1005CF747 /* OktaLogger */ = {
			isa = PBXGroup;
			children = (
				D5C824D72469DBF1005CF747 /* OktaLogger.h */,
				D5C824D82469DBF1005CF747 /* Info.plist */,
				D54461BE2469FF3200C755F1 /* OktaMutableLogger.swift */,
				D54461C2246A023000C755F1 /* OktaLogger.swift */,
				D54461C02469FFBA00C755F1 /* OktaLogLevel.swift */,
			);
			path = OktaLogger;
			sourceTree = "<group>";
		};
		D5C824E12469DBF1005CF747 /* OktaLoggerTests */ = {
			isa = PBXGroup;
			children = (
				D5C824E22469DBF1005CF747 /* OktaLoggerTests.swift */,
				D5C824E42469DBF1005CF747 /* Info.plist */,
			);
			path = OktaLoggerTests;
			sourceTree = "<group>";
		};
		FF24FFA3DDFB489FAC52ED9D /* Pods */ = {
			isa = PBXGroup;
			children = (
				8F19A5AD43A044835A9DE194 /* Pods-OktaLogger.debug.xcconfig */,
				E845612E0BE69997F307E326 /* Pods-OktaLogger.release.xcconfig */,
				DB510C00105E7489E2C16BA3 /* Pods-OktaLoggerTests.debug.xcconfig */,
				1626D76D3FE5CD1504C6A51A /* Pods-OktaLoggerTests.release.xcconfig */,
			);
			path = Pods;
			sourceTree = "<group>";
		};
/* End PBXGroup section */

/* Begin PBXHeadersBuildPhase section */
		D5C824CF2469DBF1005CF747 /* Headers */ = {
			isa = PBXHeadersBuildPhase;
			buildActionMask = 2147483647;
			files = (
				D5C824E52469DBF1005CF747 /* OktaLogger.h in Headers */,
			);
			runOnlyForDeploymentPostprocessing = 0;
		};
/* End PBXHeadersBuildPhase section */

/* Begin PBXNativeTarget section */
		D5C824D32469DBF1005CF747 /* OktaLogger */ = {
			isa = PBXNativeTarget;
			buildConfigurationList = D5C824E82469DBF1005CF747 /* Build configuration list for PBXNativeTarget "OktaLogger" */;
			buildPhases = (
				63CD03A7FFEACD6473EA84BC /* [CP] Check Pods Manifest.lock */,
				D5C824CF2469DBF1005CF747 /* Headers */,
				D5C824D02469DBF1005CF747 /* Sources */,
				D5C824D12469DBF1005CF747 /* Frameworks */,
				D5C824D22469DBF1005CF747 /* Resources */,
			);
			buildRules = (
			);
			dependencies = (
			);
			name = OktaLogger;
			productName = OktaLogger;
			productReference = D5C824D42469DBF1005CF747 /* OktaLogger.framework */;
			productType = "com.apple.product-type.framework";
		};
		D5C824DC2469DBF1005CF747 /* OktaLoggerTests */ = {
			isa = PBXNativeTarget;
			buildConfigurationList = D5C824EB2469DBF1005CF747 /* Build configuration list for PBXNativeTarget "OktaLoggerTests" */;
			buildPhases = (
				01C2E150C3CBDC775E649CAC /* [CP] Check Pods Manifest.lock */,
				D5C824D92469DBF1005CF747 /* Sources */,
				D5C824DA2469DBF1005CF747 /* Frameworks */,
				D5C824DB2469DBF1005CF747 /* Resources */,
			);
			buildRules = (
			);
			dependencies = (
				D54461C5246A02C800C755F1 /* PBXTargetDependency */,
			);
			name = OktaLoggerTests;
			productName = OktaLoggerTests;
			productReference = D5C824DD2469DBF1005CF747 /* OktaLoggerTests.xctest */;
			productType = "com.apple.product-type.bundle.unit-test";
		};
/* End PBXNativeTarget section */

/* Begin PBXProject section */
		D5C824CB2469DBF1005CF747 /* Project object */ = {
			isa = PBXProject;
			attributes = {
				LastSwiftUpdateCheck = 1130;
				LastUpgradeCheck = 1130;
				ORGANIZATIONNAME = "Okta, Inc.";
				TargetAttributes = {
					D5C824D32469DBF1005CF747 = {
						CreatedOnToolsVersion = 11.3.1;
						LastSwiftMigration = 1130;
					};
					D5C824DC2469DBF1005CF747 = {
						CreatedOnToolsVersion = 11.3.1;
					};
				};
			};
			buildConfigurationList = D5C824CE2469DBF1005CF747 /* Build configuration list for PBXProject "OktaLogger" */;
			compatibilityVersion = "Xcode 9.3";
			developmentRegion = en;
			hasScannedForEncodings = 0;
			knownRegions = (
				en,
				Base,
			);
			mainGroup = D5C824CA2469DBF1005CF747;
			productRefGroup = D5C824D52469DBF1005CF747 /* Products */;
			projectDirPath = "";
			projectRoot = "";
			targets = (
				D5C824D32469DBF1005CF747 /* OktaLogger */,
				D5C824DC2469DBF1005CF747 /* OktaLoggerTests */,
			);
		};
/* End PBXProject section */

/* Begin PBXResourcesBuildPhase section */
		D5C824D22469DBF1005CF747 /* Resources */ = {
			isa = PBXResourcesBuildPhase;
			buildActionMask = 2147483647;
			files = (
			);
			runOnlyForDeploymentPostprocessing = 0;
		};
		D5C824DB2469DBF1005CF747 /* Resources */ = {
			isa = PBXResourcesBuildPhase;
			buildActionMask = 2147483647;
			files = (
			);
			runOnlyForDeploymentPostprocessing = 0;
		};
/* End PBXResourcesBuildPhase section */

/* Begin PBXShellScriptBuildPhase section */
		01C2E150C3CBDC775E649CAC /* [CP] Check Pods Manifest.lock */ = {
			isa = PBXShellScriptBuildPhase;
			buildActionMask = 2147483647;
			files = (
			);
			inputFileListPaths = (
			);
			inputPaths = (
				"${PODS_PODFILE_DIR_PATH}/Podfile.lock",
				"${PODS_ROOT}/Manifest.lock",
			);
			name = "[CP] Check Pods Manifest.lock";
			outputFileListPaths = (
			);
			outputPaths = (
				"$(DERIVED_FILE_DIR)/Pods-OktaLoggerTests-checkManifestLockResult.txt",
			);
			runOnlyForDeploymentPostprocessing = 0;
			shellPath = /bin/sh;
			shellScript = "diff \"${PODS_PODFILE_DIR_PATH}/Podfile.lock\" \"${PODS_ROOT}/Manifest.lock\" > /dev/null\nif [ $? != 0 ] ; then\n    # print error to STDERR\n    echo \"error: The sandbox is not in sync with the Podfile.lock. Run 'pod install' or update your CocoaPods installation.\" >&2\n    exit 1\nfi\n# This output is used by Xcode 'outputs' to avoid re-running this script phase.\necho \"SUCCESS\" > \"${SCRIPT_OUTPUT_FILE_0}\"\n";
			showEnvVarsInLog = 0;
		};
		63CD03A7FFEACD6473EA84BC /* [CP] Check Pods Manifest.lock */ = {
			isa = PBXShellScriptBuildPhase;
			buildActionMask = 2147483647;
			files = (
			);
			inputFileListPaths = (
			);
			inputPaths = (
				"${PODS_PODFILE_DIR_PATH}/Podfile.lock",
				"${PODS_ROOT}/Manifest.lock",
			);
			name = "[CP] Check Pods Manifest.lock";
			outputFileListPaths = (
			);
			outputPaths = (
				"$(DERIVED_FILE_DIR)/Pods-OktaLogger-checkManifestLockResult.txt",
			);
			runOnlyForDeploymentPostprocessing = 0;
			shellPath = /bin/sh;
			shellScript = "diff \"${PODS_PODFILE_DIR_PATH}/Podfile.lock\" \"${PODS_ROOT}/Manifest.lock\" > /dev/null\nif [ $? != 0 ] ; then\n    # print error to STDERR\n    echo \"error: The sandbox is not in sync with the Podfile.lock. Run 'pod install' or update your CocoaPods installation.\" >&2\n    exit 1\nfi\n# This output is used by Xcode 'outputs' to avoid re-running this script phase.\necho \"SUCCESS\" > \"${SCRIPT_OUTPUT_FILE_0}\"\n";
			showEnvVarsInLog = 0;
		};
/* End PBXShellScriptBuildPhase section */

/* Begin PBXSourcesBuildPhase section */
		D5C824D02469DBF1005CF747 /* Sources */ = {
			isa = PBXSourcesBuildPhase;
			buildActionMask = 2147483647;
			files = (
				D54461C12469FFBA00C755F1 /* OktaLogLevel.swift in Sources */,
				D54461C3246A023000C755F1 /* OktaLogger.swift in Sources */,
				D54461BF2469FF3200C755F1 /* OktaMutableLogger.swift in Sources */,
			);
			runOnlyForDeploymentPostprocessing = 0;
		};
		D5C824D92469DBF1005CF747 /* Sources */ = {
			isa = PBXSourcesBuildPhase;
			buildActionMask = 2147483647;
			files = (
				D5C824E32469DBF1005CF747 /* OktaLoggerTests.swift in Sources */,
			);
			runOnlyForDeploymentPostprocessing = 0;
		};
/* End PBXSourcesBuildPhase section */

/* Begin PBXTargetDependency section */
		D54461C5246A02C800C755F1 /* PBXTargetDependency */ = {
			isa = PBXTargetDependency;
			target = D5C824D32469DBF1005CF747 /* OktaLogger */;
			targetProxy = D54461C4246A02C800C755F1 /* PBXContainerItemProxy */;
		};
/* End PBXTargetDependency section */

/* Begin XCBuildConfiguration section */
		D5C824E62469DBF1005CF747 /* Debug */ = {
			isa = XCBuildConfiguration;
			buildSettings = {
				ALWAYS_SEARCH_USER_PATHS = NO;
				CLANG_ANALYZER_NONNULL = YES;
				CLANG_ANALYZER_NUMBER_OBJECT_CONVERSION = YES_AGGRESSIVE;
				CLANG_CXX_LANGUAGE_STANDARD = "gnu++14";
				CLANG_CXX_LIBRARY = "libc++";
				CLANG_ENABLE_MODULES = YES;
				CLANG_ENABLE_OBJC_ARC = YES;
				CLANG_ENABLE_OBJC_WEAK = YES;
				CLANG_WARN_BLOCK_CAPTURE_AUTORELEASING = YES;
				CLANG_WARN_BOOL_CONVERSION = YES;
				CLANG_WARN_COMMA = YES;
				CLANG_WARN_CONSTANT_CONVERSION = YES;
				CLANG_WARN_DEPRECATED_OBJC_IMPLEMENTATIONS = YES;
				CLANG_WARN_DIRECT_OBJC_ISA_USAGE = YES_ERROR;
				CLANG_WARN_DOCUMENTATION_COMMENTS = YES;
				CLANG_WARN_EMPTY_BODY = YES;
				CLANG_WARN_ENUM_CONVERSION = YES;
				CLANG_WARN_INFINITE_RECURSION = YES;
				CLANG_WARN_INT_CONVERSION = YES;
				CLANG_WARN_NON_LITERAL_NULL_CONVERSION = YES;
				CLANG_WARN_OBJC_IMPLICIT_RETAIN_SELF = YES;
				CLANG_WARN_OBJC_LITERAL_CONVERSION = YES;
				CLANG_WARN_OBJC_ROOT_CLASS = YES_ERROR;
				CLANG_WARN_RANGE_LOOP_ANALYSIS = YES;
				CLANG_WARN_STRICT_PROTOTYPES = YES;
				CLANG_WARN_SUSPICIOUS_MOVE = YES;
				CLANG_WARN_UNGUARDED_AVAILABILITY = YES_AGGRESSIVE;
				CLANG_WARN_UNREACHABLE_CODE = YES;
				CLANG_WARN__DUPLICATE_METHOD_MATCH = YES;
				COPY_PHASE_STRIP = NO;
				CURRENT_PROJECT_VERSION = 1;
				DEBUG_INFORMATION_FORMAT = dwarf;
				ENABLE_STRICT_OBJC_MSGSEND = YES;
				ENABLE_TESTABILITY = YES;
				GCC_C_LANGUAGE_STANDARD = gnu11;
				GCC_DYNAMIC_NO_PIC = NO;
				GCC_NO_COMMON_BLOCKS = YES;
				GCC_OPTIMIZATION_LEVEL = 0;
				GCC_PREPROCESSOR_DEFINITIONS = (
					"DEBUG=1",
					"$(inherited)",
				);
				GCC_WARN_64_TO_32_BIT_CONVERSION = YES;
				GCC_WARN_ABOUT_RETURN_TYPE = YES_ERROR;
				GCC_WARN_UNDECLARED_SELECTOR = YES;
				GCC_WARN_UNINITIALIZED_AUTOS = YES_AGGRESSIVE;
				GCC_WARN_UNUSED_FUNCTION = YES;
				GCC_WARN_UNUSED_VARIABLE = YES;
				IPHONEOS_DEPLOYMENT_TARGET = 11.0;
				MTL_ENABLE_DEBUG_INFO = INCLUDE_SOURCE;
				MTL_FAST_MATH = YES;
				ONLY_ACTIVE_ARCH = YES;
				SDKROOT = iphoneos;
				SWIFT_ACTIVE_COMPILATION_CONDITIONS = DEBUG;
				SWIFT_OPTIMIZATION_LEVEL = "-Onone";
				TARGETED_DEVICE_FAMILY = "1,2";
				VERSIONING_SYSTEM = "apple-generic";
				VERSION_INFO_PREFIX = "";
			};
			name = Debug;
		};
		D5C824E72469DBF1005CF747 /* Release */ = {
			isa = XCBuildConfiguration;
			buildSettings = {
				ALWAYS_SEARCH_USER_PATHS = NO;
				CLANG_ANALYZER_NONNULL = YES;
				CLANG_ANALYZER_NUMBER_OBJECT_CONVERSION = YES_AGGRESSIVE;
				CLANG_CXX_LANGUAGE_STANDARD = "gnu++14";
				CLANG_CXX_LIBRARY = "libc++";
				CLANG_ENABLE_MODULES = YES;
				CLANG_ENABLE_OBJC_ARC = YES;
				CLANG_ENABLE_OBJC_WEAK = YES;
				CLANG_WARN_BLOCK_CAPTURE_AUTORELEASING = YES;
				CLANG_WARN_BOOL_CONVERSION = YES;
				CLANG_WARN_COMMA = YES;
				CLANG_WARN_CONSTANT_CONVERSION = YES;
				CLANG_WARN_DEPRECATED_OBJC_IMPLEMENTATIONS = YES;
				CLANG_WARN_DIRECT_OBJC_ISA_USAGE = YES_ERROR;
				CLANG_WARN_DOCUMENTATION_COMMENTS = YES;
				CLANG_WARN_EMPTY_BODY = YES;
				CLANG_WARN_ENUM_CONVERSION = YES;
				CLANG_WARN_INFINITE_RECURSION = YES;
				CLANG_WARN_INT_CONVERSION = YES;
				CLANG_WARN_NON_LITERAL_NULL_CONVERSION = YES;
				CLANG_WARN_OBJC_IMPLICIT_RETAIN_SELF = YES;
				CLANG_WARN_OBJC_LITERAL_CONVERSION = YES;
				CLANG_WARN_OBJC_ROOT_CLASS = YES_ERROR;
				CLANG_WARN_RANGE_LOOP_ANALYSIS = YES;
				CLANG_WARN_STRICT_PROTOTYPES = YES;
				CLANG_WARN_SUSPICIOUS_MOVE = YES;
				CLANG_WARN_UNGUARDED_AVAILABILITY = YES_AGGRESSIVE;
				CLANG_WARN_UNREACHABLE_CODE = YES;
				CLANG_WARN__DUPLICATE_METHOD_MATCH = YES;
				COPY_PHASE_STRIP = NO;
				CURRENT_PROJECT_VERSION = 1;
				DEBUG_INFORMATION_FORMAT = "dwarf-with-dsym";
				ENABLE_NS_ASSERTIONS = NO;
				ENABLE_STRICT_OBJC_MSGSEND = YES;
				GCC_C_LANGUAGE_STANDARD = gnu11;
				GCC_NO_COMMON_BLOCKS = YES;
				GCC_WARN_64_TO_32_BIT_CONVERSION = YES;
				GCC_WARN_ABOUT_RETURN_TYPE = YES_ERROR;
				GCC_WARN_UNDECLARED_SELECTOR = YES;
				GCC_WARN_UNINITIALIZED_AUTOS = YES_AGGRESSIVE;
				GCC_WARN_UNUSED_FUNCTION = YES;
				GCC_WARN_UNUSED_VARIABLE = YES;
				IPHONEOS_DEPLOYMENT_TARGET = 11.0;
				MTL_ENABLE_DEBUG_INFO = NO;
				MTL_FAST_MATH = YES;
				SDKROOT = iphoneos;
				SWIFT_COMPILATION_MODE = wholemodule;
				SWIFT_OPTIMIZATION_LEVEL = "-O";
				TARGETED_DEVICE_FAMILY = "1,2";
				VALIDATE_PRODUCT = YES;
				VERSIONING_SYSTEM = "apple-generic";
				VERSION_INFO_PREFIX = "";
			};
			name = Release;
		};
		D5C824E92469DBF1005CF747 /* Debug */ = {
			isa = XCBuildConfiguration;
			baseConfigurationReference = 8F19A5AD43A044835A9DE194 /* Pods-OktaLogger.debug.xcconfig */;
			buildSettings = {
				CLANG_ENABLE_MODULES = YES;
				CODE_SIGN_IDENTITY = "Apple Development";
				CODE_SIGN_STYLE = Automatic;
				DEFINES_MODULE = YES;
				DEVELOPMENT_TEAM = B7F62B65BN;
				DYLIB_COMPATIBILITY_VERSION = 1;
				DYLIB_CURRENT_VERSION = 1;
				DYLIB_INSTALL_NAME_BASE = "@rpath";
				INFOPLIST_FILE = OktaLogger/Info.plist;
				INSTALL_PATH = "$(LOCAL_LIBRARY_DIR)/Frameworks";
				IPHONEOS_DEPLOYMENT_TARGET = 11.0;
				LD_RUNPATH_SEARCH_PATHS = (
					"$(inherited)",
					"@executable_path/Frameworks",
					"@loader_path/Frameworks",
				);
				PRODUCT_BUNDLE_IDENTIFIER = com.okta.OktaLogger;
				PRODUCT_NAME = "$(TARGET_NAME:c99extidentifier)";
				SKIP_INSTALL = YES;
				SWIFT_OPTIMIZATION_LEVEL = "-Onone";
				SWIFT_VERSION = 5.0;
				TARGETED_DEVICE_FAMILY = "1,2";
			};
			name = Debug;
		};
		D5C824EA2469DBF1005CF747 /* Release */ = {
			isa = XCBuildConfiguration;
			baseConfigurationReference = E845612E0BE69997F307E326 /* Pods-OktaLogger.release.xcconfig */;
			buildSettings = {
				CLANG_ENABLE_MODULES = YES;
				CODE_SIGN_IDENTITY = "Apple Development";
				CODE_SIGN_STYLE = Automatic;
				DEFINES_MODULE = YES;
				DEVELOPMENT_TEAM = B7F62B65BN;
				DYLIB_COMPATIBILITY_VERSION = 1;
				DYLIB_CURRENT_VERSION = 1;
				DYLIB_INSTALL_NAME_BASE = "@rpath";
				INFOPLIST_FILE = OktaLogger/Info.plist;
				INSTALL_PATH = "$(LOCAL_LIBRARY_DIR)/Frameworks";
				IPHONEOS_DEPLOYMENT_TARGET = 11.0;
				LD_RUNPATH_SEARCH_PATHS = (
					"$(inherited)",
					"@executable_path/Frameworks",
					"@loader_path/Frameworks",
				);
				PRODUCT_BUNDLE_IDENTIFIER = com.okta.OktaLogger;
				PRODUCT_NAME = "$(TARGET_NAME:c99extidentifier)";
				SKIP_INSTALL = YES;
				SWIFT_VERSION = 5.0;
				TARGETED_DEVICE_FAMILY = "1,2";
			};
			name = Release;
		};
		D5C824EC2469DBF1005CF747 /* Debug */ = {
			isa = XCBuildConfiguration;
			baseConfigurationReference = DB510C00105E7489E2C16BA3 /* Pods-OktaLoggerTests.debug.xcconfig */;
			buildSettings = {
				ALWAYS_EMBED_SWIFT_STANDARD_LIBRARIES = YES;
				CODE_SIGN_IDENTITY = "Apple Development";
				"CODE_SIGN_IDENTITY[sdk=macosx*]" = "Apple Development";
				CODE_SIGN_STYLE = Automatic;
				DEVELOPMENT_TEAM = B7F62B65BN;
				INFOPLIST_FILE = OktaLoggerTests/Info.plist;
				LD_RUNPATH_SEARCH_PATHS = (
					"$(inherited)",
					"@executable_path/Frameworks",
					"@loader_path/Frameworks",
				);
				PRODUCT_BUNDLE_IDENTIFIER = com.okta.OktaLoggerTests;
				PRODUCT_NAME = "$(TARGET_NAME)";
				PROVISIONING_PROFILE_SPECIFIER = "";
				"PROVISIONING_PROFILE_SPECIFIER[sdk=macosx*]" = "";
				SWIFT_VERSION = 5.0;
				TARGETED_DEVICE_FAMILY = "1,2";
			};
			name = Debug;
		};
		D5C824ED2469DBF1005CF747 /* Release */ = {
			isa = XCBuildConfiguration;
			baseConfigurationReference = 1626D76D3FE5CD1504C6A51A /* Pods-OktaLoggerTests.release.xcconfig */;
			buildSettings = {
				ALWAYS_EMBED_SWIFT_STANDARD_LIBRARIES = YES;
				CODE_SIGN_IDENTITY = "Apple Development";
				"CODE_SIGN_IDENTITY[sdk=macosx*]" = "Apple Development";
				CODE_SIGN_STYLE = Automatic;
				DEVELOPMENT_TEAM = B7F62B65BN;
				INFOPLIST_FILE = OktaLoggerTests/Info.plist;
				LD_RUNPATH_SEARCH_PATHS = (
					"$(inherited)",
					"@executable_path/Frameworks",
					"@loader_path/Frameworks",
				);
				PRODUCT_BUNDLE_IDENTIFIER = com.okta.OktaLoggerTests;
				PRODUCT_NAME = "$(TARGET_NAME)";
				PROVISIONING_PROFILE_SPECIFIER = "";
				"PROVISIONING_PROFILE_SPECIFIER[sdk=macosx*]" = "";
				SWIFT_VERSION = 5.0;
				TARGETED_DEVICE_FAMILY = "1,2";
			};
			name = Release;
		};
/* End XCBuildConfiguration section */

/* Begin XCConfigurationList section */
		D5C824CE2469DBF1005CF747 /* Build configuration list for PBXProject "OktaLogger" */ = {
			isa = XCConfigurationList;
			buildConfigurations = (
				D5C824E62469DBF1005CF747 /* Debug */,
				D5C824E72469DBF1005CF747 /* Release */,
			);
			defaultConfigurationIsVisible = 0;
			defaultConfigurationName = Release;
		};
		D5C824E82469DBF1005CF747 /* Build configuration list for PBXNativeTarget "OktaLogger" */ = {
			isa = XCConfigurationList;
			buildConfigurations = (
				D5C824E92469DBF1005CF747 /* Debug */,
				D5C824EA2469DBF1005CF747 /* Release */,
			);
			defaultConfigurationIsVisible = 0;
			defaultConfigurationName = Release;
		};
		D5C824EB2469DBF1005CF747 /* Build configuration list for PBXNativeTarget "OktaLoggerTests" */ = {
			isa = XCConfigurationList;
			buildConfigurations = (
				D5C824EC2469DBF1005CF747 /* Debug */,
				D5C824ED2469DBF1005CF747 /* Release */,
			);
			defaultConfigurationIsVisible = 0;
			defaultConfigurationName = Release;
		};
/* End XCConfigurationList section */
	};
	rootObject = D5C824CB2469DBF1005CF747 /* Project object */;
}
