// !$*UTF8*$!
{
	archiveVersion = 1;
	classes = {
	};
	objectVersion = 54;
	objects = {

/* Begin PBXBuildFile section */
		2428E650B877FD5A91A859F9 /* libPods-OktaLoggerTests.a in Frameworks */ = {isa = PBXBuildFile; fileRef = AB97EA576638C766A84A9DCD /* libPods-OktaLoggerTests.a */; };
		413B96875EB52EB482005A8F /* libPods-OktaAnalytics.a in Frameworks */ = {isa = PBXBuildFile; fileRef = A254F4CD3A3C59AD6B7B3E8C /* libPods-OktaAnalytics.a */; };
		6582A2024047A1BC55BC98D3 /* LumberjackLoggerDelegate.swift in Sources */ = {isa = PBXBuildFile; fileRef = 6582AABCF4A4B6E5E05FC2E4 /* LumberjackLoggerDelegate.swift */; };
		6582A2C33C06B4353D1538E3 /* FileLoggerDelegate.swift in Sources */ = {isa = PBXBuildFile; fileRef = 6582ABCA2C9C2759535A1B4E /* FileLoggerDelegate.swift */; };
		6CCBD40A2C9CC64400E8FEEE /* FirebaseAnalyticsProvider.swift in Sources */ = {isa = PBXBuildFile; fileRef = 6CCBD4092C9CC63900E8FEEE /* FirebaseAnalyticsProvider.swift */; };
		7B13559F276BE69400F0516C /* OktaLoggerFirebaseLoggerTests.swift in Sources */ = {isa = PBXBuildFile; fileRef = 7B13559E276BE69400F0516C /* OktaLoggerFirebaseLoggerTests.swift */; };
		7FC038A4282467C300C16169 /* OktaLoggerLogLevel.swift in Sources */ = {isa = PBXBuildFile; fileRef = 7FC0389E282467C300C16169 /* OktaLoggerLogLevel.swift */; };
		7FC038A5282467C300C16169 /* ReadWriteLock.swift in Sources */ = {isa = PBXBuildFile; fileRef = 7FC0389F282467C300C16169 /* ReadWriteLock.swift */; };
		7FC038A7282467C300C16169 /* OktaLogger.swift in Sources */ = {isa = PBXBuildFile; fileRef = 7FC038A1282467C300C16169 /* OktaLogger.swift */; };
		7FC038A8282467C300C16169 /* OktaLoggerDestination.swift in Sources */ = {isa = PBXBuildFile; fileRef = 7FC038A2282467C300C16169 /* OktaLoggerDestination.swift */; };
		7FC038A9282467C300C16169 /* OktaLoggerConsoleLogger.swift in Sources */ = {isa = PBXBuildFile; fileRef = 7FC038A3282467C300C16169 /* OktaLoggerConsoleLogger.swift */; };
		8004832E24C1EFDF008BFF3A /* OktaLoggerFileLoggerConfig.swift in Sources */ = {isa = PBXBuildFile; fileRef = 8004832D24C1EFDF008BFF3A /* OktaLoggerFileLoggerConfig.swift */; };
		804F18F724C0174800894A52 /* OktaLoggerFileLoggerTests.swift in Sources */ = {isa = PBXBuildFile; fileRef = 804F18F624C0174800894A52 /* OktaLoggerFileLoggerTests.swift */; };
		806FF25E24B95A3300994D4D /* OktaLoggerFileLogger.swift in Sources */ = {isa = PBXBuildFile; fileRef = 806FF25D24B95A3300994D4D /* OktaLoggerFileLogger.swift */; };
		80AA110224BE799800981074 /* DemoTableViewCell.swift in Sources */ = {isa = PBXBuildFile; fileRef = 80AA110124BE799800981074 /* DemoTableViewCell.swift */; };
		8DCF5EB8263CACAD008698CD /* DDLogFileManagerCustomName.swift in Sources */ = {isa = PBXBuildFile; fileRef = 8DCF5EB7263CACAC008698CD /* DDLogFileManagerCustomName.swift */; };
		9F26663029F747490064EF50 /* SQLiteConnectionBuilder.swift in Sources */ = {isa = PBXBuildFile; fileRef = 9F26662A29F747490064EF50 /* SQLiteConnectionBuilder.swift */; };
		9F26663129F747490064EF50 /* SQLitePersistentStorage.swift in Sources */ = {isa = PBXBuildFile; fileRef = 9F26662B29F747490064EF50 /* SQLitePersistentStorage.swift */; };
		9F26663229F747490064EF50 /* SQLiteStorageProtocol.swift in Sources */ = {isa = PBXBuildFile; fileRef = 9F26662C29F747490064EF50 /* SQLiteStorageProtocol.swift */; };
		9F26663429F747490064EF50 /* SchemaVersionType.swift in Sources */ = {isa = PBXBuildFile; fileRef = 9F26662E29F747490064EF50 /* SchemaVersionType.swift */; };
		9F26663529F747490064EF50 /* SQLiteStorageError.swift in Sources */ = {isa = PBXBuildFile; fileRef = 9F26662F29F747490064EF50 /* SQLiteStorageError.swift */; };
		9F26663729F747760064EF50 /* SQLiteStorageBuilder.swift in Sources */ = {isa = PBXBuildFile; fileRef = 9F26663629F747760064EF50 /* SQLiteStorageBuilder.swift */; };
		9F4F57D529F8842000E10771 /* SQLiteSchema.swift in Sources */ = {isa = PBXBuildFile; fileRef = 9F4F57D429F8841F00E10771 /* SQLiteSchema.swift */; };
		9F4F57D929F9B47900E10771 /* SQLiteMigratable.swift in Sources */ = {isa = PBXBuildFile; fileRef = 9F4F57D829F9B47900E10771 /* SQLiteMigratable.swift */; };
		9F4F57DC29F9F42700E10771 /* SQLiteStorageTests.swift in Sources */ = {isa = PBXBuildFile; fileRef = 9F4F57DB29F9F42700E10771 /* SQLiteStorageTests.swift */; };
		9F4F57DF29FC387F00E10771 /* SQLiteConnectionBuilderTests.swift in Sources */ = {isa = PBXBuildFile; fileRef = 9F4F57DD29FC36F600E10771 /* SQLiteConnectionBuilderTests.swift */; };
		A5EE1CAAED18D1855CF2AD9D /* libPods-OktaLoggerDemoApp.a in Frameworks */ = {isa = PBXBuildFile; fileRef = E550F471F7327DDB6E1D46AC /* libPods-OktaLoggerDemoApp.a */; };
		AF440CECA17F54C6A76918E4 /* libPods-OktaSQLiteStorage.a in Frameworks */ = {isa = PBXBuildFile; fileRef = F629A90EB36B561056639A11 /* libPods-OktaSQLiteStorage.a */; };
		B4097F2B3E75E54D45A1009F /* libPods-OktaAnalyticsTests.a in Frameworks */ = {isa = PBXBuildFile; fileRef = E765F1F6491E4477B4B829F4 /* libPods-OktaAnalyticsTests.a */; };
		B82C62702D4450F300378CB3 /* FirebaseAnalyticsProviderTests.swift in Sources */ = {isa = PBXBuildFile; fileRef = B82C626E2D444B3B00378CB3 /* FirebaseAnalyticsProviderTests.swift */; };
		D54461C6246A02CF00C755F1 /* OktaLogger.framework in Frameworks */ = {isa = PBXBuildFile; fileRef = D5C824D42469DBF1005CF747 /* OktaLogger.framework */; };
		D5B22D0B246CA47E007ECC2F /* MockLoggerDestination.swift in Sources */ = {isa = PBXBuildFile; fileRef = D5B22D0A246CA47E007ECC2F /* MockLoggerDestination.swift */; };
		D5C824E32469DBF1005CF747 /* OktaLoggerTests.swift in Sources */ = {isa = PBXBuildFile; fileRef = D5C824E22469DBF1005CF747 /* OktaLoggerTests.swift */; };
		D5D0978E246DE00800C1362F /* OktaLoggerConsoleLoggerTests.swift in Sources */ = {isa = PBXBuildFile; fileRef = D5D0978D246DE00800C1362F /* OktaLoggerConsoleLoggerTests.swift */; };
		D94578C73BA51798FF4240EC /* libPods-OktaSQLiteStorageTests.a in Frameworks */ = {isa = PBXBuildFile; fileRef = 209557007723768E8B4B0069 /* libPods-OktaSQLiteStorageTests.a */; };
		DE1A7B3925EFF432007A5F60 /* LoggerDemoViewModel.swift in Sources */ = {isa = PBXBuildFile; fileRef = DE1A7B3825EFF432007A5F60 /* LoggerDemoViewModel.swift */; };
		DE2FFE21260B89650028CAD6 /* OktaLoggerFileLoggerMultithreadingTests.swift in Sources */ = {isa = PBXBuildFile; fileRef = DE2FFE20260B89650028CAD6 /* OktaLoggerFileLoggerMultithreadingTests.swift */; };
		DE504DC425BEE84A00B27BDD /* OktaLoggerFileLogFormatter.swift in Sources */ = {isa = PBXBuildFile; fileRef = DE504DC325BEE84A00B27BDD /* OktaLoggerFileLogFormatter.swift */; };
		DE6A163725F1120100B0FBA0 /* LogsBrowseViewController.swift in Sources */ = {isa = PBXBuildFile; fileRef = DE6A163625F1120100B0FBA0 /* LogsBrowseViewController.swift */; };
		DE9B02FF26BD6A090072A501 /* OktaLoggerInstabugLogger.swift in Sources */ = {isa = PBXBuildFile; fileRef = DE9B02FE26BD6A090072A501 /* OktaLoggerInstabugLogger.swift */; };
		DEABAFC9260C7C0100DB7008 /* FileTestsHelper.swift in Sources */ = {isa = PBXBuildFile; fileRef = DEABAFC8260C7C0100DB7008 /* FileTestsHelper.swift */; };
		DEC5276624DBF9630022B698 /* GoogleService-Info.plist in Resources */ = {isa = PBXBuildFile; fileRef = DEC5276524DBF9630022B698 /* GoogleService-Info.plist */; };
		DEE498C726C1139A00487014 /* OktaLoggerInstabugLoggerTests.swift in Sources */ = {isa = PBXBuildFile; fileRef = DEE498C626C1139A00487014 /* OktaLoggerInstabugLoggerTests.swift */; };
		DEF2CC23260A341300F8B644 /* OktaLoggerMultithreadingTests.swift in Sources */ = {isa = PBXBuildFile; fileRef = DEF2CC22260A341300F8B644 /* OktaLoggerMultithreadingTests.swift */; };
		DEFB59E124EAC76400A1744F /* OktaLoggerFirebaseCrashlyticsLogger.swift in Sources */ = {isa = PBXBuildFile; fileRef = DEFB59E024EAC76300A1744F /* OktaLoggerFirebaseCrashlyticsLogger.swift */; };
		E251E7FE248AD1B400EF466D /* AppDelegate.swift in Sources */ = {isa = PBXBuildFile; fileRef = E251E7FD248AD1B400EF466D /* AppDelegate.swift */; };
		E251E800248AD1B400EF466D /* SceneDelegate.swift in Sources */ = {isa = PBXBuildFile; fileRef = E251E7FF248AD1B400EF466D /* SceneDelegate.swift */; };
		E251E802248AD1B400EF466D /* LoggerDemoViewController.swift in Sources */ = {isa = PBXBuildFile; fileRef = E251E801248AD1B400EF466D /* LoggerDemoViewController.swift */; };
		E251E805248AD1B400EF466D /* Main.storyboard in Resources */ = {isa = PBXBuildFile; fileRef = E251E803248AD1B400EF466D /* Main.storyboard */; };
		E251E807248AD1B800EF466D /* Assets.xcassets in Resources */ = {isa = PBXBuildFile; fileRef = E251E806248AD1B800EF466D /* Assets.xcassets */; };
		E251E80A248AD1B800EF466D /* LaunchScreen.storyboard in Resources */ = {isa = PBXBuildFile; fileRef = E251E808248AD1B800EF466D /* LaunchScreen.storyboard */; };
		E2E7C95325196D83006B8DAE /* OktaLoggerDefaultPropertiesTests.swift in Sources */ = {isa = PBXBuildFile; fileRef = E2E7C95225196D83006B8DAE /* OktaLoggerDefaultPropertiesTests.swift */; };
		E6D2EEFECE2DE5369203D504 /* libPods-OktaLogger.a in Frameworks */ = {isa = PBXBuildFile; fileRef = 410C6A5099593FB3B896D628 /* libPods-OktaLogger.a */; };
		F3575F302A0AD1850008A965 /* OktaAnalytics.docc in Sources */ = {isa = PBXBuildFile; fileRef = F3575F2F2A0AD1850008A965 /* OktaAnalytics.docc */; };
		F3575F3E2A0AD1850008A965 /* OktaAnalytics.h in Headers */ = {isa = PBXBuildFile; fileRef = F3575F2E2A0AD1850008A965 /* OktaAnalytics.h */; settings = {ATTRIBUTES = (Public, ); }; };
		F3575F492A0AD19A0008A965 /* AnalyticsProviderProtocol.swift in Sources */ = {isa = PBXBuildFile; fileRef = 6CD94F5828CEEB2000EE4254 /* AnalyticsProviderProtocol.swift */; };
		F3575F4A2A0AD1A60008A965 /* AppCenterAnalyticsProvider.swift in Sources */ = {isa = PBXBuildFile; fileRef = 6CAB2C7728DD22750020221F /* AppCenterAnalyticsProvider.swift */; };
		F3575F4C2A0AD1A60008A965 /* Properties.swift in Sources */ = {isa = PBXBuildFile; fileRef = F3ACE11A29BADB03003C3403 /* Properties.swift */; };
		F3575F4F2A0AD1A60008A965 /* OktaAnalytics.swift in Sources */ = {isa = PBXBuildFile; fileRef = 6C98A0E828A308FD00DA6CA9 /* OktaAnalytics.swift */; };
		F3C091362A1576780015E9FC /* AnalyticsStorage.swift in Sources */ = {isa = PBXBuildFile; fileRef = F3C091352A1576780015E9FC /* AnalyticsStorage.swift */; };
		F3C091392A15D2080015E9FC /* ReadWriteLock.swift in Sources */ = {isa = PBXBuildFile; fileRef = F3C091372A1577B70015E9FC /* ReadWriteLock.swift */; };
		F3D5EA1A2A283E5F00530838 /* OktaAnalytics.framework in Frameworks */ = {isa = PBXBuildFile; fileRef = F3575F2C2A0AD1840008A965 /* OktaAnalytics.framework */; };
		F3D5EA202A283E9700530838 /* OktaAnalyticsTests.swift in Sources */ = {isa = PBXBuildFile; fileRef = F3C0913B2A16EFC90015E9FC /* OktaAnalyticsTests.swift */; };
/* End PBXBuildFile section */

/* Begin PBXContainerItemProxy section */
		D54461C4246A02C800C755F1 /* PBXContainerItemProxy */ = {
			isa = PBXContainerItemProxy;
			containerPortal = D5C824CB2469DBF1005CF747 /* Project object */;
			proxyType = 1;
			remoteGlobalIDString = D5C824D32469DBF1005CF747;
			remoteInfo = OktaLogger;
		};
		DE5D6F5724E6D05500AD95FD /* PBXContainerItemProxy */ = {
			isa = PBXContainerItemProxy;
			containerPortal = D5C824CB2469DBF1005CF747 /* Project object */;
			proxyType = 1;
			remoteGlobalIDString = D5C824D32469DBF1005CF747;
			remoteInfo = OktaLogger;
		};
/* End PBXContainerItemProxy section */

/* Begin PBXCopyFilesBuildPhase section */
		80DDE78E24B962C900D0E2F3 /* Embed Frameworks */ = {
			isa = PBXCopyFilesBuildPhase;
			buildActionMask = 2147483647;
			dstPath = "";
			dstSubfolderSpec = 10;
			files = (
			);
			name = "Embed Frameworks";
			runOnlyForDeploymentPostprocessing = 0;
		};
/* End PBXCopyFilesBuildPhase section */

/* Begin PBXFileReference section */
		07A92B0980B7508DC64B31E4 /* Pods-OktaSQLiteStorage.release.xcconfig */ = {isa = PBXFileReference; includeInIndex = 1; lastKnownFileType = text.xcconfig; name = "Pods-OktaSQLiteStorage.release.xcconfig"; path = "Target Support Files/Pods-OktaSQLiteStorage/Pods-OktaSQLiteStorage.release.xcconfig"; sourceTree = "<group>"; };
		10CF31220C456893F608BA76 /* Pods-OktaLoggerTests.debug.xcconfig */ = {isa = PBXFileReference; includeInIndex = 1; lastKnownFileType = text.xcconfig; name = "Pods-OktaLoggerTests.debug.xcconfig"; path = "Target Support Files/Pods-OktaLoggerTests/Pods-OktaLoggerTests.debug.xcconfig"; sourceTree = "<group>"; };
		1C17E56981CC6F415C0238FC /* Pods-OktaLoggerTests.release.xcconfig */ = {isa = PBXFileReference; includeInIndex = 1; lastKnownFileType = text.xcconfig; name = "Pods-OktaLoggerTests.release.xcconfig"; path = "Target Support Files/Pods-OktaLoggerTests/Pods-OktaLoggerTests.release.xcconfig"; sourceTree = "<group>"; };
		209557007723768E8B4B0069 /* libPods-OktaSQLiteStorageTests.a */ = {isa = PBXFileReference; explicitFileType = archive.ar; includeInIndex = 0; path = "libPods-OktaSQLiteStorageTests.a"; sourceTree = BUILT_PRODUCTS_DIR; };
		247D801970A641EBCFB2BFD8 /* Pods-OktaSQLiteStorageTests.release.xcconfig */ = {isa = PBXFileReference; includeInIndex = 1; lastKnownFileType = text.xcconfig; name = "Pods-OktaSQLiteStorageTests.release.xcconfig"; path = "Target Support Files/Pods-OktaSQLiteStorageTests/Pods-OktaSQLiteStorageTests.release.xcconfig"; sourceTree = "<group>"; };
		2FE7420C48328DD2A91F82B1 /* Pods-OktaLoggerDemoApp.debug.xcconfig */ = {isa = PBXFileReference; includeInIndex = 1; lastKnownFileType = text.xcconfig; name = "Pods-OktaLoggerDemoApp.debug.xcconfig"; path = "Target Support Files/Pods-OktaLoggerDemoApp/Pods-OktaLoggerDemoApp.debug.xcconfig"; sourceTree = "<group>"; };
		410C6A5099593FB3B896D628 /* libPods-OktaLogger.a */ = {isa = PBXFileReference; explicitFileType = archive.ar; includeInIndex = 0; path = "libPods-OktaLogger.a"; sourceTree = BUILT_PRODUCTS_DIR; };
		6582AABCF4A4B6E5E05FC2E4 /* LumberjackLoggerDelegate.swift */ = {isa = PBXFileReference; fileEncoding = 4; lastKnownFileType = sourcecode.swift; path = LumberjackLoggerDelegate.swift; sourceTree = "<group>"; };
		6582ABCA2C9C2759535A1B4E /* FileLoggerDelegate.swift */ = {isa = PBXFileReference; fileEncoding = 4; lastKnownFileType = sourcecode.swift; path = FileLoggerDelegate.swift; sourceTree = "<group>"; };
		6C98A0E828A308FD00DA6CA9 /* OktaAnalytics.swift */ = {isa = PBXFileReference; lastKnownFileType = sourcecode.swift; path = OktaAnalytics.swift; sourceTree = "<group>"; };
		6CAB2C7728DD22750020221F /* AppCenterAnalyticsProvider.swift */ = {isa = PBXFileReference; lastKnownFileType = sourcecode.swift; path = AppCenterAnalyticsProvider.swift; sourceTree = "<group>"; };
		6CCBD4092C9CC63900E8FEEE /* FirebaseAnalyticsProvider.swift */ = {isa = PBXFileReference; lastKnownFileType = sourcecode.swift; path = FirebaseAnalyticsProvider.swift; sourceTree = "<group>"; };
		6CD94F5828CEEB2000EE4254 /* AnalyticsProviderProtocol.swift */ = {isa = PBXFileReference; lastKnownFileType = sourcecode.swift; path = AnalyticsProviderProtocol.swift; sourceTree = "<group>"; };
		6FE5F0352D4833C2B811B09E /* Pods-OktaAnalytics.release.xcconfig */ = {isa = PBXFileReference; includeInIndex = 1; lastKnownFileType = text.xcconfig; name = "Pods-OktaAnalytics.release.xcconfig"; path = "Target Support Files/Pods-OktaAnalytics/Pods-OktaAnalytics.release.xcconfig"; sourceTree = "<group>"; };
		7B13559E276BE69400F0516C /* OktaLoggerFirebaseLoggerTests.swift */ = {isa = PBXFileReference; fileEncoding = 4; lastKnownFileType = sourcecode.swift; path = OktaLoggerFirebaseLoggerTests.swift; sourceTree = "<group>"; };
		7FC0389E282467C300C16169 /* OktaLoggerLogLevel.swift */ = {isa = PBXFileReference; fileEncoding = 4; lastKnownFileType = sourcecode.swift; path = OktaLoggerLogLevel.swift; sourceTree = "<group>"; };
		7FC0389F282467C300C16169 /* ReadWriteLock.swift */ = {isa = PBXFileReference; fileEncoding = 4; lastKnownFileType = sourcecode.swift; path = ReadWriteLock.swift; sourceTree = "<group>"; };
		7FC038A0282467C300C16169 /* OktaLogger.h */ = {isa = PBXFileReference; fileEncoding = 4; lastKnownFileType = sourcecode.c.h; path = OktaLogger.h; sourceTree = "<group>"; };
		7FC038A1282467C300C16169 /* OktaLogger.swift */ = {isa = PBXFileReference; fileEncoding = 4; lastKnownFileType = sourcecode.swift; path = OktaLogger.swift; sourceTree = "<group>"; };
		7FC038A2282467C300C16169 /* OktaLoggerDestination.swift */ = {isa = PBXFileReference; fileEncoding = 4; lastKnownFileType = sourcecode.swift; path = OktaLoggerDestination.swift; sourceTree = "<group>"; };
		7FC038A3282467C300C16169 /* OktaLoggerConsoleLogger.swift */ = {isa = PBXFileReference; fileEncoding = 4; lastKnownFileType = sourcecode.swift; path = OktaLoggerConsoleLogger.swift; sourceTree = "<group>"; };
		8004832D24C1EFDF008BFF3A /* OktaLoggerFileLoggerConfig.swift */ = {isa = PBXFileReference; lastKnownFileType = sourcecode.swift; path = OktaLoggerFileLoggerConfig.swift; sourceTree = "<group>"; };
		804F18F624C0174800894A52 /* OktaLoggerFileLoggerTests.swift */ = {isa = PBXFileReference; lastKnownFileType = sourcecode.swift; path = OktaLoggerFileLoggerTests.swift; sourceTree = "<group>"; };
		806FF25D24B95A3300994D4D /* OktaLoggerFileLogger.swift */ = {isa = PBXFileReference; fileEncoding = 4; lastKnownFileType = sourcecode.swift; path = OktaLoggerFileLogger.swift; sourceTree = "<group>"; };
		80AA110124BE799800981074 /* DemoTableViewCell.swift */ = {isa = PBXFileReference; lastKnownFileType = sourcecode.swift; path = DemoTableViewCell.swift; sourceTree = "<group>"; };
		867DFEC4826212E6CC08A538 /* Pods-OktaSQLiteStorage.debug.xcconfig */ = {isa = PBXFileReference; includeInIndex = 1; lastKnownFileType = text.xcconfig; name = "Pods-OktaSQLiteStorage.debug.xcconfig"; path = "Target Support Files/Pods-OktaSQLiteStorage/Pods-OktaSQLiteStorage.debug.xcconfig"; sourceTree = "<group>"; };
		8DCF5EB7263CACAC008698CD /* DDLogFileManagerCustomName.swift */ = {isa = PBXFileReference; lastKnownFileType = sourcecode.swift; path = DDLogFileManagerCustomName.swift; sourceTree = "<group>"; };
		9F26660629F728530064EF50 /* OktaSQLiteStorage.framework */ = {isa = PBXFileReference; explicitFileType = wrapper.framework; includeInIndex = 0; path = OktaSQLiteStorage.framework; sourceTree = BUILT_PRODUCTS_DIR; };
		9F26660D29F728540064EF50 /* OktaSQLiteStorageTests.xctest */ = {isa = PBXFileReference; explicitFileType = wrapper.cfbundle; includeInIndex = 0; path = OktaSQLiteStorageTests.xctest; sourceTree = BUILT_PRODUCTS_DIR; };
		9F26662A29F747490064EF50 /* SQLiteConnectionBuilder.swift */ = {isa = PBXFileReference; fileEncoding = 4; lastKnownFileType = sourcecode.swift; name = SQLiteConnectionBuilder.swift; path = OktaSQLiteStorage/Sources/SQLiteConnectionBuilder.swift; sourceTree = "<group>"; };
		9F26662B29F747490064EF50 /* SQLitePersistentStorage.swift */ = {isa = PBXFileReference; fileEncoding = 4; lastKnownFileType = sourcecode.swift; name = SQLitePersistentStorage.swift; path = OktaSQLiteStorage/Sources/SQLitePersistentStorage.swift; sourceTree = "<group>"; };
		9F26662C29F747490064EF50 /* SQLiteStorageProtocol.swift */ = {isa = PBXFileReference; fileEncoding = 4; lastKnownFileType = sourcecode.swift; name = SQLiteStorageProtocol.swift; path = OktaSQLiteStorage/Sources/SQLiteStorageProtocol.swift; sourceTree = "<group>"; };
		9F26662E29F747490064EF50 /* SchemaVersionType.swift */ = {isa = PBXFileReference; fileEncoding = 4; lastKnownFileType = sourcecode.swift; name = SchemaVersionType.swift; path = OktaSQLiteStorage/Sources/SchemaVersionType.swift; sourceTree = "<group>"; };
		9F26662F29F747490064EF50 /* SQLiteStorageError.swift */ = {isa = PBXFileReference; fileEncoding = 4; lastKnownFileType = sourcecode.swift; name = SQLiteStorageError.swift; path = OktaSQLiteStorage/Sources/SQLiteStorageError.swift; sourceTree = "<group>"; };
		9F26663629F747760064EF50 /* SQLiteStorageBuilder.swift */ = {isa = PBXFileReference; lastKnownFileType = sourcecode.swift; name = SQLiteStorageBuilder.swift; path = OktaSQLiteStorage/Sources/SQLiteStorageBuilder.swift; sourceTree = "<group>"; };
		9F42AB2F2A1BF294002EDEE7 /* README.md */ = {isa = PBXFileReference; lastKnownFileType = net.daringfireball.markdown; name = README.md; path = OktaSQLiteStorage/README.md; sourceTree = "<group>"; };
		9F42AB302A1BF3B2002EDEE7 /* OktaSQLiteStorage.podspec */ = {isa = PBXFileReference; lastKnownFileType = text; path = OktaSQLiteStorage.podspec; sourceTree = SOURCE_ROOT; };
		9F4F57D429F8841F00E10771 /* SQLiteSchema.swift */ = {isa = PBXFileReference; lastKnownFileType = sourcecode.swift; name = SQLiteSchema.swift; path = OktaSQLiteStorage/Sources/SQLiteSchema.swift; sourceTree = "<group>"; };
		9F4F57D829F9B47900E10771 /* SQLiteMigratable.swift */ = {isa = PBXFileReference; fileEncoding = 4; lastKnownFileType = sourcecode.swift; name = SQLiteMigratable.swift; path = OktaSQLiteStorage/Sources/SQLiteMigratable.swift; sourceTree = "<group>"; };
		9F4F57DB29F9F42700E10771 /* SQLiteStorageTests.swift */ = {isa = PBXFileReference; lastKnownFileType = sourcecode.swift; name = SQLiteStorageTests.swift; path = SQLiteStorageTests/SQLiteStorageTests.swift; sourceTree = "<group>"; };
		9F4F57DD29FC36F600E10771 /* SQLiteConnectionBuilderTests.swift */ = {isa = PBXFileReference; lastKnownFileType = sourcecode.swift; name = SQLiteConnectionBuilderTests.swift; path = SQLiteStorageTests/SQLiteConnectionBuilderTests.swift; sourceTree = "<group>"; };
		9F4F57E029FC482E00E10771 /* OktaSQLiteStorage.xctestplan */ = {isa = PBXFileReference; lastKnownFileType = text; path = OktaSQLiteStorage.xctestplan; sourceTree = "<group>"; };
		A254F4CD3A3C59AD6B7B3E8C /* libPods-OktaAnalytics.a */ = {isa = PBXFileReference; explicitFileType = archive.ar; includeInIndex = 0; path = "libPods-OktaAnalytics.a"; sourceTree = BUILT_PRODUCTS_DIR; };
		A2E088AB328FFC328F8E4B01 /* Pods-OktaAnalyticsTests.debug.xcconfig */ = {isa = PBXFileReference; includeInIndex = 1; lastKnownFileType = text.xcconfig; name = "Pods-OktaAnalyticsTests.debug.xcconfig"; path = "Target Support Files/Pods-OktaAnalyticsTests/Pods-OktaAnalyticsTests.debug.xcconfig"; sourceTree = "<group>"; };
		A98DCB66D1308CC91F19CECF /* Pods-OktaSQLiteStorageTests.debug.xcconfig */ = {isa = PBXFileReference; includeInIndex = 1; lastKnownFileType = text.xcconfig; name = "Pods-OktaSQLiteStorageTests.debug.xcconfig"; path = "Target Support Files/Pods-OktaSQLiteStorageTests/Pods-OktaSQLiteStorageTests.debug.xcconfig"; sourceTree = "<group>"; };
		AB97EA576638C766A84A9DCD /* libPods-OktaLoggerTests.a */ = {isa = PBXFileReference; explicitFileType = archive.ar; includeInIndex = 0; path = "libPods-OktaLoggerTests.a"; sourceTree = BUILT_PRODUCTS_DIR; };
		B82C626E2D444B3B00378CB3 /* FirebaseAnalyticsProviderTests.swift */ = {isa = PBXFileReference; lastKnownFileType = sourcecode.swift; path = FirebaseAnalyticsProviderTests.swift; sourceTree = "<group>"; };
		C405B4030120FF72171FD9DA /* Pods-OktaLoggerDemoApp.release.xcconfig */ = {isa = PBXFileReference; includeInIndex = 1; lastKnownFileType = text.xcconfig; name = "Pods-OktaLoggerDemoApp.release.xcconfig"; path = "Target Support Files/Pods-OktaLoggerDemoApp/Pods-OktaLoggerDemoApp.release.xcconfig"; sourceTree = "<group>"; };
		D55F2C1C246F153200680A96 /* MockLoggerDestination.h */ = {isa = PBXFileReference; lastKnownFileType = sourcecode.c.h; path = MockLoggerDestination.h; sourceTree = "<group>"; };
		D55F2C1D246F153200680A96 /* MockLoggerDestination.m */ = {isa = PBXFileReference; lastKnownFileType = sourcecode.c.objc; path = MockLoggerDestination.m; sourceTree = "<group>"; };
		D5B22D07246C8E39007ECC2F /* OktaLoggerTests-Bridging-Header.h */ = {isa = PBXFileReference; lastKnownFileType = sourcecode.c.h; path = "OktaLoggerTests-Bridging-Header.h"; sourceTree = "<group>"; };
		D5B22D0A246CA47E007ECC2F /* MockLoggerDestination.swift */ = {isa = PBXFileReference; lastKnownFileType = sourcecode.swift; path = MockLoggerDestination.swift; sourceTree = "<group>"; };
		D5C824D42469DBF1005CF747 /* OktaLogger.framework */ = {isa = PBXFileReference; explicitFileType = wrapper.framework; includeInIndex = 0; path = OktaLogger.framework; sourceTree = BUILT_PRODUCTS_DIR; };
		D5C824D82469DBF1005CF747 /* Info.plist */ = {isa = PBXFileReference; lastKnownFileType = text.plist.xml; path = Info.plist; sourceTree = "<group>"; };
		D5C824DD2469DBF1005CF747 /* OktaLoggerTests.xctest */ = {isa = PBXFileReference; explicitFileType = wrapper.cfbundle; includeInIndex = 0; path = OktaLoggerTests.xctest; sourceTree = BUILT_PRODUCTS_DIR; };
		D5C824E22469DBF1005CF747 /* OktaLoggerTests.swift */ = {isa = PBXFileReference; lastKnownFileType = sourcecode.swift; path = OktaLoggerTests.swift; sourceTree = "<group>"; };
		D5C824E42469DBF1005CF747 /* Info.plist */ = {isa = PBXFileReference; lastKnownFileType = text.plist.xml; path = Info.plist; sourceTree = "<group>"; };
		D5D0978D246DE00800C1362F /* OktaLoggerConsoleLoggerTests.swift */ = {isa = PBXFileReference; lastKnownFileType = sourcecode.swift; path = OktaLoggerConsoleLoggerTests.swift; sourceTree = "<group>"; };
		D7BCFBF68D70354934190F9F /* Pods-OktaLogger.release.xcconfig */ = {isa = PBXFileReference; includeInIndex = 1; lastKnownFileType = text.xcconfig; name = "Pods-OktaLogger.release.xcconfig"; path = "Target Support Files/Pods-OktaLogger/Pods-OktaLogger.release.xcconfig"; sourceTree = "<group>"; };
		DE1A7B3825EFF432007A5F60 /* LoggerDemoViewModel.swift */ = {isa = PBXFileReference; lastKnownFileType = sourcecode.swift; path = LoggerDemoViewModel.swift; sourceTree = "<group>"; };
		DE2FFE20260B89650028CAD6 /* OktaLoggerFileLoggerMultithreadingTests.swift */ = {isa = PBXFileReference; lastKnownFileType = sourcecode.swift; path = OktaLoggerFileLoggerMultithreadingTests.swift; sourceTree = "<group>"; };
		DE504DC325BEE84A00B27BDD /* OktaLoggerFileLogFormatter.swift */ = {isa = PBXFileReference; fileEncoding = 4; lastKnownFileType = sourcecode.swift; path = OktaLoggerFileLogFormatter.swift; sourceTree = "<group>"; };
		DE6A163625F1120100B0FBA0 /* LogsBrowseViewController.swift */ = {isa = PBXFileReference; lastKnownFileType = sourcecode.swift; path = LogsBrowseViewController.swift; sourceTree = "<group>"; };
		DE9B02FE26BD6A090072A501 /* OktaLoggerInstabugLogger.swift */ = {isa = PBXFileReference; lastKnownFileType = sourcecode.swift; path = OktaLoggerInstabugLogger.swift; sourceTree = "<group>"; };
		DEABAFC8260C7C0100DB7008 /* FileTestsHelper.swift */ = {isa = PBXFileReference; lastKnownFileType = sourcecode.swift; path = FileTestsHelper.swift; sourceTree = "<group>"; };
		DEC5276524DBF9630022B698 /* GoogleService-Info.plist */ = {isa = PBXFileReference; fileEncoding = 4; lastKnownFileType = text.plist.xml; path = "GoogleService-Info.plist"; sourceTree = "<group>"; };
		DEE498C626C1139A00487014 /* OktaLoggerInstabugLoggerTests.swift */ = {isa = PBXFileReference; lastKnownFileType = sourcecode.swift; path = OktaLoggerInstabugLoggerTests.swift; sourceTree = "<group>"; };
		DEF2CC22260A341300F8B644 /* OktaLoggerMultithreadingTests.swift */ = {isa = PBXFileReference; lastKnownFileType = sourcecode.swift; path = OktaLoggerMultithreadingTests.swift; sourceTree = "<group>"; };
		DEFB59E024EAC76300A1744F /* OktaLoggerFirebaseCrashlyticsLogger.swift */ = {isa = PBXFileReference; fileEncoding = 4; lastKnownFileType = sourcecode.swift; path = OktaLoggerFirebaseCrashlyticsLogger.swift; sourceTree = "<group>"; };
		E251E7FB248AD1B400EF466D /* OktaLoggerDemoApp.app */ = {isa = PBXFileReference; explicitFileType = wrapper.application; includeInIndex = 0; path = OktaLoggerDemoApp.app; sourceTree = BUILT_PRODUCTS_DIR; };
		E251E7FD248AD1B400EF466D /* AppDelegate.swift */ = {isa = PBXFileReference; lastKnownFileType = sourcecode.swift; path = AppDelegate.swift; sourceTree = "<group>"; };
		E251E7FF248AD1B400EF466D /* SceneDelegate.swift */ = {isa = PBXFileReference; lastKnownFileType = sourcecode.swift; path = SceneDelegate.swift; sourceTree = "<group>"; };
		E251E801248AD1B400EF466D /* LoggerDemoViewController.swift */ = {isa = PBXFileReference; lastKnownFileType = sourcecode.swift; path = LoggerDemoViewController.swift; sourceTree = "<group>"; };
		E251E804248AD1B400EF466D /* Base */ = {isa = PBXFileReference; lastKnownFileType = file.storyboard; name = Base; path = Base.lproj/Main.storyboard; sourceTree = "<group>"; };
		E251E806248AD1B800EF466D /* Assets.xcassets */ = {isa = PBXFileReference; lastKnownFileType = folder.assetcatalog; path = Assets.xcassets; sourceTree = "<group>"; };
		E251E809248AD1B800EF466D /* Base */ = {isa = PBXFileReference; lastKnownFileType = file.storyboard; name = Base; path = Base.lproj/LaunchScreen.storyboard; sourceTree = "<group>"; };
		E251E80B248AD1B800EF466D /* Info.plist */ = {isa = PBXFileReference; lastKnownFileType = text.plist.xml; path = Info.plist; sourceTree = "<group>"; };
		E2E7C95225196D83006B8DAE /* OktaLoggerDefaultPropertiesTests.swift */ = {isa = PBXFileReference; lastKnownFileType = sourcecode.swift; path = OktaLoggerDefaultPropertiesTests.swift; sourceTree = "<group>"; };
		E550F471F7327DDB6E1D46AC /* libPods-OktaLoggerDemoApp.a */ = {isa = PBXFileReference; explicitFileType = archive.ar; includeInIndex = 0; path = "libPods-OktaLoggerDemoApp.a"; sourceTree = BUILT_PRODUCTS_DIR; };
		E765F1F6491E4477B4B829F4 /* libPods-OktaAnalyticsTests.a */ = {isa = PBXFileReference; explicitFileType = archive.ar; includeInIndex = 0; path = "libPods-OktaAnalyticsTests.a"; sourceTree = BUILT_PRODUCTS_DIR; };
		E8049C81582DF6525D6DF102 /* Pods-OktaAnalytics.debug.xcconfig */ = {isa = PBXFileReference; includeInIndex = 1; lastKnownFileType = text.xcconfig; name = "Pods-OktaAnalytics.debug.xcconfig"; path = "Target Support Files/Pods-OktaAnalytics/Pods-OktaAnalytics.debug.xcconfig"; sourceTree = "<group>"; };
		EB91F70D79D9D9675CB3A601 /* Pods-OktaLogger.debug.xcconfig */ = {isa = PBXFileReference; includeInIndex = 1; lastKnownFileType = text.xcconfig; name = "Pods-OktaLogger.debug.xcconfig"; path = "Target Support Files/Pods-OktaLogger/Pods-OktaLogger.debug.xcconfig"; sourceTree = "<group>"; };
		F2D2F92F987305534718C1CB /* Pods-OktaAnalyticsTests.release.xcconfig */ = {isa = PBXFileReference; includeInIndex = 1; lastKnownFileType = text.xcconfig; name = "Pods-OktaAnalyticsTests.release.xcconfig"; path = "Target Support Files/Pods-OktaAnalyticsTests/Pods-OktaAnalyticsTests.release.xcconfig"; sourceTree = "<group>"; };
		F3575F2C2A0AD1840008A965 /* OktaAnalytics.framework */ = {isa = PBXFileReference; explicitFileType = wrapper.framework; includeInIndex = 0; path = OktaAnalytics.framework; sourceTree = BUILT_PRODUCTS_DIR; };
		F3575F2E2A0AD1850008A965 /* OktaAnalytics.h */ = {isa = PBXFileReference; lastKnownFileType = sourcecode.c.h; path = OktaAnalytics.h; sourceTree = "<group>"; };
		F3575F2F2A0AD1850008A965 /* OktaAnalytics.docc */ = {isa = PBXFileReference; lastKnownFileType = folder.documentationcatalog; path = OktaAnalytics.docc; sourceTree = "<group>"; };
		F3575F532A0AD5FA0008A965 /* README.md */ = {isa = PBXFileReference; lastKnownFileType = net.daringfireball.markdown; name = README.md; path = OktaSQLiteStorage/README.md; sourceTree = "<group>"; };
		F3ACE11A29BADB03003C3403 /* Properties.swift */ = {isa = PBXFileReference; lastKnownFileType = sourcecode.swift; path = Properties.swift; sourceTree = "<group>"; };
		F3C091352A1576780015E9FC /* AnalyticsStorage.swift */ = {isa = PBXFileReference; lastKnownFileType = sourcecode.swift; path = AnalyticsStorage.swift; sourceTree = "<group>"; };
		F3C091372A1577B70015E9FC /* ReadWriteLock.swift */ = {isa = PBXFileReference; lastKnownFileType = sourcecode.swift; path = ReadWriteLock.swift; sourceTree = "<group>"; };
		F3C0913B2A16EFC90015E9FC /* OktaAnalyticsTests.swift */ = {isa = PBXFileReference; lastKnownFileType = sourcecode.swift; path = OktaAnalyticsTests.swift; sourceTree = "<group>"; };
		F3C7DC1E2A4B8E8E00A184F5 /* OktaLogger.docc */ = {isa = PBXFileReference; lastKnownFileType = folder.documentationcatalog; path = OktaLogger.docc; sourceTree = "<group>"; };
		F3D5EA112A283D0F00530838 /* OktaAnalytics.xctestplan */ = {isa = PBXFileReference; lastKnownFileType = text; name = OktaAnalytics.xctestplan; path = Tests/OktaAnalytics.xctestplan; sourceTree = SOURCE_ROOT; };
		F3D5EA162A283E5E00530838 /* OktaAnalyticsTests.xctest */ = {isa = PBXFileReference; explicitFileType = wrapper.cfbundle; includeInIndex = 0; path = OktaAnalyticsTests.xctest; sourceTree = BUILT_PRODUCTS_DIR; };
		F629A90EB36B561056639A11 /* libPods-OktaSQLiteStorage.a */ = {isa = PBXFileReference; explicitFileType = archive.ar; includeInIndex = 0; path = "libPods-OktaSQLiteStorage.a"; sourceTree = BUILT_PRODUCTS_DIR; };
/* End PBXFileReference section */

/* Begin PBXFrameworksBuildPhase section */
		9F26660329F728530064EF50 /* Frameworks */ = {
			isa = PBXFrameworksBuildPhase;
			buildActionMask = 2147483647;
			files = (
				AF440CECA17F54C6A76918E4 /* libPods-OktaSQLiteStorage.a in Frameworks */,
			);
			runOnlyForDeploymentPostprocessing = 0;
		};
		9F26660A29F728540064EF50 /* Frameworks */ = {
			isa = PBXFrameworksBuildPhase;
			buildActionMask = 2147483647;
			files = (
				D94578C73BA51798FF4240EC /* libPods-OktaSQLiteStorageTests.a in Frameworks */,
			);
			runOnlyForDeploymentPostprocessing = 0;
		};
		D5C824D12469DBF1005CF747 /* Frameworks */ = {
			isa = PBXFrameworksBuildPhase;
			buildActionMask = 2147483647;
			files = (
				E6D2EEFECE2DE5369203D504 /* libPods-OktaLogger.a in Frameworks */,
			);
			runOnlyForDeploymentPostprocessing = 0;
		};
		D5C824DA2469DBF1005CF747 /* Frameworks */ = {
			isa = PBXFrameworksBuildPhase;
			buildActionMask = 2147483647;
			files = (
				D54461C6246A02CF00C755F1 /* OktaLogger.framework in Frameworks */,
				2428E650B877FD5A91A859F9 /* libPods-OktaLoggerTests.a in Frameworks */,
			);
			runOnlyForDeploymentPostprocessing = 0;
		};
		E251E7F8248AD1B400EF466D /* Frameworks */ = {
			isa = PBXFrameworksBuildPhase;
			buildActionMask = 2147483647;
			files = (
				A5EE1CAAED18D1855CF2AD9D /* libPods-OktaLoggerDemoApp.a in Frameworks */,
			);
			runOnlyForDeploymentPostprocessing = 0;
		};
		F3575F292A0AD1840008A965 /* Frameworks */ = {
			isa = PBXFrameworksBuildPhase;
			buildActionMask = 2147483647;
			files = (
				413B96875EB52EB482005A8F /* libPods-OktaAnalytics.a in Frameworks */,
			);
			runOnlyForDeploymentPostprocessing = 0;
		};
		F3D5EA132A283E5E00530838 /* Frameworks */ = {
			isa = PBXFrameworksBuildPhase;
			buildActionMask = 2147483647;
			files = (
				F3D5EA1A2A283E5F00530838 /* OktaAnalytics.framework in Frameworks */,
				B4097F2B3E75E54D45A1009F /* libPods-OktaAnalyticsTests.a in Frameworks */,
			);
			runOnlyForDeploymentPostprocessing = 0;
		};
/* End PBXFrameworksBuildPhase section */

/* Begin PBXGroup section */
		7FC0389428243B2900C16169 /* Sources */ = {
			isa = PBXGroup;
			children = (
				F3575F2D2A0AD1850008A965 /* OktaAnalytics */,
				9F26662929F747340064EF50 /* OktaSQLiteStorage */,
				7FC0389828243BDC00C16169 /* OktaLogger */,
			);
			path = Sources;
			sourceTree = "<group>";
		};
		7FC0389828243BDC00C16169 /* OktaLogger */ = {
			isa = PBXGroup;
			children = (
				D5C824D82469DBF1005CF747 /* Info.plist */,
				7FC0389D282467C300C16169 /* LoggerCore */,
				8004832F24C1F0F0008BFF3A /* FileLoggers */,
				DEFB59DF24EAC76300A1744F /* FirebaseCrashlyticsLogger */,
				DE9B02FD26BD697B0072A501 /* InstabugLogger */,
				F3C7DC1E2A4B8E8E00A184F5 /* OktaLogger.docc */,
			);
			path = OktaLogger;
			sourceTree = "<group>";
		};
		7FC0389928243C5F00C16169 /* Tests */ = {
			isa = PBXGroup;
			children = (
				F3575F3B2A0AD1850008A965 /* OktaAnalyticsTests */,
				9F4F57DA29F9F3D900E10771 /* OktaSQLiteStorageTests */,
				D5C824E12469DBF1005CF747 /* OktaLoggerTests */,
			);
			path = Tests;
			sourceTree = "<group>";
		};
		7FC0389D282467C300C16169 /* LoggerCore */ = {
			isa = PBXGroup;
			children = (
				7FC0389E282467C300C16169 /* OktaLoggerLogLevel.swift */,
				7FC0389F282467C300C16169 /* ReadWriteLock.swift */,
				7FC038A1282467C300C16169 /* OktaLogger.swift */,
				7FC038A2282467C300C16169 /* OktaLoggerDestination.swift */,
				7FC038A3282467C300C16169 /* OktaLoggerConsoleLogger.swift */,
			);
			path = LoggerCore;
			sourceTree = "<group>";
		};
		8004832F24C1F0F0008BFF3A /* FileLoggers */ = {
			isa = PBXGroup;
			children = (
				6582AABCF4A4B6E5E05FC2E4 /* LumberjackLoggerDelegate.swift */,
				806FF25D24B95A3300994D4D /* OktaLoggerFileLogger.swift */,
				8004832D24C1EFDF008BFF3A /* OktaLoggerFileLoggerConfig.swift */,
				6582ABCA2C9C2759535A1B4E /* FileLoggerDelegate.swift */,
				DE504DC325BEE84A00B27BDD /* OktaLoggerFileLogFormatter.swift */,
				8DCF5EB7263CACAC008698CD /* DDLogFileManagerCustomName.swift */,
			);
			path = FileLoggers;
			sourceTree = "<group>";
		};
		9337E85EFB50172E3B9F957C /* Frameworks */ = {
			isa = PBXGroup;
			children = (
				A254F4CD3A3C59AD6B7B3E8C /* libPods-OktaAnalytics.a */,
				E765F1F6491E4477B4B829F4 /* libPods-OktaAnalyticsTests.a */,
				410C6A5099593FB3B896D628 /* libPods-OktaLogger.a */,
				E550F471F7327DDB6E1D46AC /* libPods-OktaLoggerDemoApp.a */,
				AB97EA576638C766A84A9DCD /* libPods-OktaLoggerTests.a */,
				F629A90EB36B561056639A11 /* libPods-OktaSQLiteStorage.a */,
				209557007723768E8B4B0069 /* libPods-OktaSQLiteStorageTests.a */,
			);
			name = Frameworks;
			sourceTree = "<group>";
		};
		9F26662929F747340064EF50 /* OktaSQLiteStorage */ = {
			isa = PBXGroup;
			children = (
				9F42AB302A1BF3B2002EDEE7 /* OktaSQLiteStorage.podspec */,
				9F42AB2F2A1BF294002EDEE7 /* README.md */,
				9F4F57D829F9B47900E10771 /* SQLiteMigratable.swift */,
				9F26662C29F747490064EF50 /* SQLiteStorageProtocol.swift */,
				9F26662A29F747490064EF50 /* SQLiteConnectionBuilder.swift */,
				9F26662B29F747490064EF50 /* SQLitePersistentStorage.swift */,
				9F26662E29F747490064EF50 /* SchemaVersionType.swift */,
				9F26662F29F747490064EF50 /* SQLiteStorageError.swift */,
				9F26663629F747760064EF50 /* SQLiteStorageBuilder.swift */,
				9F4F57D429F8841F00E10771 /* SQLiteSchema.swift */,
				F3575F532A0AD5FA0008A965 /* README.md */,
			);
			name = OktaSQLiteStorage;
			sourceTree = "<group>";
		};
		9F4F57DA29F9F3D900E10771 /* OktaSQLiteStorageTests */ = {
			isa = PBXGroup;
			children = (
				9F4F57E029FC482E00E10771 /* OktaSQLiteStorage.xctestplan */,
				9F4F57DB29F9F42700E10771 /* SQLiteStorageTests.swift */,
				9F4F57DD29FC36F600E10771 /* SQLiteConnectionBuilderTests.swift */,
			);
			name = OktaSQLiteStorageTests;
			sourceTree = "<group>";
		};
		D5C824CA2469DBF1005CF747 = {
			isa = PBXGroup;
			children = (
				7FC038A0282467C300C16169 /* OktaLogger.h */,
				DEC5276524DBF9630022B698 /* GoogleService-Info.plist */,
				7FC0389428243B2900C16169 /* Sources */,
				7FC0389928243C5F00C16169 /* Tests */,
				E251E7F5248AD13D00EF466D /* Example */,
				D5C824D52469DBF1005CF747 /* Products */,
				FF24FFA3DDFB489FAC52ED9D /* Pods */,
				DEC9C9CB24E57AC800AAFAE0 /* Recovered References */,
				9337E85EFB50172E3B9F957C /* Frameworks */,
			);
			sourceTree = "<group>";
		};
		D5C824D52469DBF1005CF747 /* Products */ = {
			isa = PBXGroup;
			children = (
				D5C824D42469DBF1005CF747 /* OktaLogger.framework */,
				D5C824DD2469DBF1005CF747 /* OktaLoggerTests.xctest */,
				E251E7FB248AD1B400EF466D /* OktaLoggerDemoApp.app */,
				9F26660629F728530064EF50 /* OktaSQLiteStorage.framework */,
				9F26660D29F728540064EF50 /* OktaSQLiteStorageTests.xctest */,
				F3575F2C2A0AD1840008A965 /* OktaAnalytics.framework */,
				F3D5EA162A283E5E00530838 /* OktaAnalyticsTests.xctest */,
			);
			name = Products;
			sourceTree = "<group>";
		};
		D5C824E12469DBF1005CF747 /* OktaLoggerTests */ = {
			isa = PBXGroup;
			children = (
				D5C824E22469DBF1005CF747 /* OktaLoggerTests.swift */,
				DEF2CC22260A341300F8B644 /* OktaLoggerMultithreadingTests.swift */,
				E2E7C95225196D83006B8DAE /* OktaLoggerDefaultPropertiesTests.swift */,
				804F18F624C0174800894A52 /* OktaLoggerFileLoggerTests.swift */,
				DE2FFE20260B89650028CAD6 /* OktaLoggerFileLoggerMultithreadingTests.swift */,
				D5D0978D246DE00800C1362F /* OktaLoggerConsoleLoggerTests.swift */,
				DEE498C626C1139A00487014 /* OktaLoggerInstabugLoggerTests.swift */,
				7B13559E276BE69400F0516C /* OktaLoggerFirebaseLoggerTests.swift */,
				D5D0978A246CB52900C1362F /* Helpers */,
				D5C824E42469DBF1005CF747 /* Info.plist */,
				D5B22D07246C8E39007ECC2F /* OktaLoggerTests-Bridging-Header.h */,
			);
			path = OktaLoggerTests;
			sourceTree = "<group>";
		};
		D5D0978A246CB52900C1362F /* Helpers */ = {
			isa = PBXGroup;
			children = (
				DEABAFC8260C7C0100DB7008 /* FileTestsHelper.swift */,
				D5B22D0A246CA47E007ECC2F /* MockLoggerDestination.swift */,
				D55F2C1C246F153200680A96 /* MockLoggerDestination.h */,
				D55F2C1D246F153200680A96 /* MockLoggerDestination.m */,
			);
			path = Helpers;
			sourceTree = "<group>";
		};
		DE9B02FD26BD697B0072A501 /* InstabugLogger */ = {
			isa = PBXGroup;
			children = (
				DE9B02FE26BD6A090072A501 /* OktaLoggerInstabugLogger.swift */,
			);
			path = InstabugLogger;
			sourceTree = "<group>";
		};
		DEC9C9CB24E57AC800AAFAE0 /* Recovered References */ = {
			isa = PBXGroup;
			children = (
			);
			name = "Recovered References";
			sourceTree = "<group>";
		};
		DEFB59DF24EAC76300A1744F /* FirebaseCrashlyticsLogger */ = {
			isa = PBXGroup;
			children = (
				DEFB59E024EAC76300A1744F /* OktaLoggerFirebaseCrashlyticsLogger.swift */,
			);
			path = FirebaseCrashlyticsLogger;
			sourceTree = "<group>";
		};
		E251E7F5248AD13D00EF466D /* Example */ = {
			isa = PBXGroup;
			children = (
				E251E7F6248AD14C00EF466D /* Example-iOS */,
			);
			path = Example;
			sourceTree = "<group>";
		};
		E251E7F6248AD14C00EF466D /* Example-iOS */ = {
			isa = PBXGroup;
			children = (
				E251E7FD248AD1B400EF466D /* AppDelegate.swift */,
				E251E7FF248AD1B400EF466D /* SceneDelegate.swift */,
				E251E801248AD1B400EF466D /* LoggerDemoViewController.swift */,
				DE1A7B3825EFF432007A5F60 /* LoggerDemoViewModel.swift */,
				80AA110124BE799800981074 /* DemoTableViewCell.swift */,
				DE6A163625F1120100B0FBA0 /* LogsBrowseViewController.swift */,
				E251E803248AD1B400EF466D /* Main.storyboard */,
				E251E808248AD1B800EF466D /* LaunchScreen.storyboard */,
				E251E806248AD1B800EF466D /* Assets.xcassets */,
				E251E80B248AD1B800EF466D /* Info.plist */,
			);
			path = "Example-iOS";
			sourceTree = "<group>";
		};
		F3575F2D2A0AD1850008A965 /* OktaAnalytics */ = {
			isa = PBXGroup;
			children = (
				6CCBD4092C9CC63900E8FEEE /* FirebaseAnalyticsProvider.swift */,
				6CAB2C7728DD22750020221F /* AppCenterAnalyticsProvider.swift */,
				6CD94F5828CEEB2000EE4254 /* AnalyticsProviderProtocol.swift */,
				6C98A0E828A308FD00DA6CA9 /* OktaAnalytics.swift */,
				F3ACE11A29BADB03003C3403 /* Properties.swift */,
				F3C091352A1576780015E9FC /* AnalyticsStorage.swift */,
				F3C091372A1577B70015E9FC /* ReadWriteLock.swift */,
				F3575F2E2A0AD1850008A965 /* OktaAnalytics.h */,
				F3575F2F2A0AD1850008A965 /* OktaAnalytics.docc */,
			);
			path = OktaAnalytics;
			sourceTree = "<group>";
		};
		F3575F3B2A0AD1850008A965 /* OktaAnalyticsTests */ = {
			isa = PBXGroup;
			children = (
				F3C0913B2A16EFC90015E9FC /* OktaAnalyticsTests.swift */,
				B82C626E2D444B3B00378CB3 /* FirebaseAnalyticsProviderTests.swift */,
				F3D5EA112A283D0F00530838 /* OktaAnalytics.xctestplan */,
			);
			path = OktaAnalyticsTests;
			sourceTree = "<group>";
		};
		FF24FFA3DDFB489FAC52ED9D /* Pods */ = {
			isa = PBXGroup;
			children = (
				E8049C81582DF6525D6DF102 /* Pods-OktaAnalytics.debug.xcconfig */,
				6FE5F0352D4833C2B811B09E /* Pods-OktaAnalytics.release.xcconfig */,
				A2E088AB328FFC328F8E4B01 /* Pods-OktaAnalyticsTests.debug.xcconfig */,
				F2D2F92F987305534718C1CB /* Pods-OktaAnalyticsTests.release.xcconfig */,
				EB91F70D79D9D9675CB3A601 /* Pods-OktaLogger.debug.xcconfig */,
				D7BCFBF68D70354934190F9F /* Pods-OktaLogger.release.xcconfig */,
				2FE7420C48328DD2A91F82B1 /* Pods-OktaLoggerDemoApp.debug.xcconfig */,
				C405B4030120FF72171FD9DA /* Pods-OktaLoggerDemoApp.release.xcconfig */,
				10CF31220C456893F608BA76 /* Pods-OktaLoggerTests.debug.xcconfig */,
				1C17E56981CC6F415C0238FC /* Pods-OktaLoggerTests.release.xcconfig */,
				867DFEC4826212E6CC08A538 /* Pods-OktaSQLiteStorage.debug.xcconfig */,
				07A92B0980B7508DC64B31E4 /* Pods-OktaSQLiteStorage.release.xcconfig */,
				A98DCB66D1308CC91F19CECF /* Pods-OktaSQLiteStorageTests.debug.xcconfig */,
				247D801970A641EBCFB2BFD8 /* Pods-OktaSQLiteStorageTests.release.xcconfig */,
			);
			path = Pods;
			sourceTree = "<group>";
		};
/* End PBXGroup section */

/* Begin PBXHeadersBuildPhase section */
		9F26660129F728530064EF50 /* Headers */ = {
			isa = PBXHeadersBuildPhase;
			buildActionMask = 2147483647;
			files = (
			);
			runOnlyForDeploymentPostprocessing = 0;
		};
		D5C824CF2469DBF1005CF747 /* Headers */ = {
			isa = PBXHeadersBuildPhase;
			buildActionMask = 2147483647;
			files = (
			);
			runOnlyForDeploymentPostprocessing = 0;
		};
		F3575F272A0AD1840008A965 /* Headers */ = {
			isa = PBXHeadersBuildPhase;
			buildActionMask = 2147483647;
			files = (
				F3575F3E2A0AD1850008A965 /* OktaAnalytics.h in Headers */,
			);
			runOnlyForDeploymentPostprocessing = 0;
		};
/* End PBXHeadersBuildPhase section */

/* Begin PBXNativeTarget section */
		9F26660529F728530064EF50 /* OktaSQLiteStorage */ = {
			isa = PBXNativeTarget;
			buildConfigurationList = 9F26661929F728540064EF50 /* Build configuration list for PBXNativeTarget "OktaSQLiteStorage" */;
			buildPhases = (
				BC30479143E90AF82AAC864C /* [CP] Check Pods Manifest.lock */,
				9F26660129F728530064EF50 /* Headers */,
				9F26660229F728530064EF50 /* Sources */,
				9F26660329F728530064EF50 /* Frameworks */,
				9F26660429F728530064EF50 /* Resources */,
			);
			buildRules = (
			);
			dependencies = (
			);
			name = OktaSQLiteStorage;
			productName = OktaSQLiteStorage;
			productReference = 9F26660629F728530064EF50 /* OktaSQLiteStorage.framework */;
			productType = "com.apple.product-type.framework";
		};
		9F26660C29F728540064EF50 /* OktaSQLiteStorageTests */ = {
			isa = PBXNativeTarget;
			buildConfigurationList = 9F26661A29F728540064EF50 /* Build configuration list for PBXNativeTarget "OktaSQLiteStorageTests" */;
			buildPhases = (
				7906DFF612F22A1930DEE58D /* [CP] Check Pods Manifest.lock */,
				9F26660929F728540064EF50 /* Sources */,
				9F26660A29F728540064EF50 /* Frameworks */,
				9F26660B29F728540064EF50 /* Resources */,
			);
			buildRules = (
			);
			dependencies = (
			);
			name = OktaSQLiteStorageTests;
			productName = OktaSQLiteStorageTests;
			productReference = 9F26660D29F728540064EF50 /* OktaSQLiteStorageTests.xctest */;
			productType = "com.apple.product-type.bundle.unit-test";
		};
		D5C824D32469DBF1005CF747 /* OktaLogger */ = {
			isa = PBXNativeTarget;
			buildConfigurationList = D5C824E82469DBF1005CF747 /* Build configuration list for PBXNativeTarget "OktaLogger" */;
			buildPhases = (
				0F2298F77B72900393068192 /* [CP] Check Pods Manifest.lock */,
				D5C824CF2469DBF1005CF747 /* Headers */,
				D5C824D02469DBF1005CF747 /* Sources */,
				D5C824D12469DBF1005CF747 /* Frameworks */,
				D5C824D22469DBF1005CF747 /* Resources */,
				80DDE78E24B962C900D0E2F3 /* Embed Frameworks */,
				7B0C4EE7276D1DAC0033BDC6 /* SwiftLint */,
				74D61838C0B5CF075047C1B4 /* [CP] Copy Pods Resources */,
			);
			buildRules = (
			);
			dependencies = (
			);
			name = OktaLogger;
			productName = OktaLogger;
			productReference = D5C824D42469DBF1005CF747 /* OktaLogger.framework */;
			productType = "com.apple.product-type.framework";
		};
		D5C824DC2469DBF1005CF747 /* OktaLoggerTests */ = {
			isa = PBXNativeTarget;
			buildConfigurationList = D5C824EB2469DBF1005CF747 /* Build configuration list for PBXNativeTarget "OktaLoggerTests" */;
			buildPhases = (
				58278EF008B42FA45AF4BBBA /* [CP] Check Pods Manifest.lock */,
				D5C824D92469DBF1005CF747 /* Sources */,
				D5C824DA2469DBF1005CF747 /* Frameworks */,
				D5C824DB2469DBF1005CF747 /* Resources */,
				8A04A3992610D1FAF3446F06 /* [CP] Embed Pods Frameworks */,
				3DC8220AD478472683310979 /* [CP] Copy Pods Resources */,
			);
			buildRules = (
			);
			dependencies = (
				D54461C5246A02C800C755F1 /* PBXTargetDependency */,
			);
			name = OktaLoggerTests;
			productName = OktaLoggerTests;
			productReference = D5C824DD2469DBF1005CF747 /* OktaLoggerTests.xctest */;
			productType = "com.apple.product-type.bundle.unit-test";
		};
		E251E7FA248AD1B400EF466D /* OktaLoggerDemoApp */ = {
			isa = PBXNativeTarget;
			buildConfigurationList = E251E80C248AD1B800EF466D /* Build configuration list for PBXNativeTarget "OktaLoggerDemoApp" */;
			buildPhases = (
				197AEDAF0E878BB4D56A8003 /* [CP] Check Pods Manifest.lock */,
				E251E7F7248AD1B400EF466D /* Sources */,
				E251E7F8248AD1B400EF466D /* Frameworks */,
				E251E7F9248AD1B400EF466D /* Resources */,
				DEC5276724DBFE6C0022B698 /* ShellScript */,
				B6A235592A5E2CBBF90E51EE /* [CP] Embed Pods Frameworks */,
				0B381B23C8AFF19DC939F232 /* [CP] Copy Pods Resources */,
			);
			buildRules = (
			);
			dependencies = (
				DE5D6F5824E6D05500AD95FD /* PBXTargetDependency */,
			);
			name = OktaLoggerDemoApp;
			productName = OktaLoggerDemoApp;
			productReference = E251E7FB248AD1B400EF466D /* OktaLoggerDemoApp.app */;
			productType = "com.apple.product-type.application";
		};
		F3575F2B2A0AD1840008A965 /* OktaAnalytics */ = {
			isa = PBXNativeTarget;
			buildConfigurationList = F3575F472A0AD1850008A965 /* Build configuration list for PBXNativeTarget "OktaAnalytics" */;
			buildPhases = (
				F26A1DAF665C501039D40073 /* [CP] Check Pods Manifest.lock */,
				F3575F272A0AD1840008A965 /* Headers */,
				F3575F282A0AD1840008A965 /* Sources */,
				F3575F292A0AD1840008A965 /* Frameworks */,
				F3575F2A2A0AD1840008A965 /* Resources */,
				B0C0072AF7A19504676FD526 /* [CP] Copy Pods Resources */,
			);
			buildRules = (
			);
			dependencies = (
			);
			name = OktaAnalytics;
			productName = OktaAnalytics;
			productReference = F3575F2C2A0AD1840008A965 /* OktaAnalytics.framework */;
			productType = "com.apple.product-type.framework";
		};
		F3D5EA152A283E5E00530838 /* OktaAnalyticsTests */ = {
			isa = PBXNativeTarget;
			buildConfigurationList = F3D5EA1D2A283E5F00530838 /* Build configuration list for PBXNativeTarget "OktaAnalyticsTests" */;
			buildPhases = (
				2BE53E2FBAD8353F99C4FBD2 /* [CP] Check Pods Manifest.lock */,
				F3D5EA122A283E5E00530838 /* Sources */,
				F3D5EA132A283E5E00530838 /* Frameworks */,
				F3D5EA142A283E5E00530838 /* Resources */,
				E838532ECED9A96DCCFBAEFD /* [CP] Copy Pods Resources */,
			);
			buildRules = (
			);
			dependencies = (
			);
			name = OktaAnalyticsTests;
			productName = OktaAnalyticsTests;
			productReference = F3D5EA162A283E5E00530838 /* OktaAnalyticsTests.xctest */;
			productType = "com.apple.product-type.bundle.unit-test";
		};
/* End PBXNativeTarget section */

/* Begin PBXProject section */
		D5C824CB2469DBF1005CF747 /* Project object */ = {
			isa = PBXProject;
			attributes = {
				LastSwiftUpdateCheck = 1430;
				LastUpgradeCheck = 1130;
				ORGANIZATIONNAME = "Okta, Inc.";
				TargetAttributes = {
					9F26660529F728530064EF50 = {
						CreatedOnToolsVersion = 14.3;
						LastSwiftMigration = 1430;
					};
					9F26660C29F728540064EF50 = {
						CreatedOnToolsVersion = 14.3;
						LastSwiftMigration = 1430;
					};
					D5C824D32469DBF1005CF747 = {
						CreatedOnToolsVersion = 11.3.1;
						LastSwiftMigration = 1130;
					};
					D5C824DC2469DBF1005CF747 = {
						CreatedOnToolsVersion = 11.3.1;
						LastSwiftMigration = 1130;
					};
					E251E7FA248AD1B400EF466D = {
						CreatedOnToolsVersion = 11.3.1;
					};
					F3575F2B2A0AD1840008A965 = {
						CreatedOnToolsVersion = 14.2;
					};
					F3D5EA152A283E5E00530838 = {
						CreatedOnToolsVersion = 14.3;
					};
				};
			};
			buildConfigurationList = D5C824CE2469DBF1005CF747 /* Build configuration list for PBXProject "OktaLogger" */;
			compatibilityVersion = "Xcode 9.3";
			developmentRegion = en;
			hasScannedForEncodings = 0;
			knownRegions = (
				en,
				Base,
			);
			mainGroup = D5C824CA2469DBF1005CF747;
			productRefGroup = D5C824D52469DBF1005CF747 /* Products */;
			projectDirPath = "";
			projectRoot = "";
			targets = (
				E251E7FA248AD1B400EF466D /* OktaLoggerDemoApp */,
				D5C824D32469DBF1005CF747 /* OktaLogger */,
				D5C824DC2469DBF1005CF747 /* OktaLoggerTests */,
				9F26660529F728530064EF50 /* OktaSQLiteStorage */,
				9F26660C29F728540064EF50 /* OktaSQLiteStorageTests */,
				F3575F2B2A0AD1840008A965 /* OktaAnalytics */,
				F3D5EA152A283E5E00530838 /* OktaAnalyticsTests */,
			);
		};
/* End PBXProject section */

/* Begin PBXResourcesBuildPhase section */
		9F26660429F728530064EF50 /* Resources */ = {
			isa = PBXResourcesBuildPhase;
			buildActionMask = 2147483647;
			files = (
			);
			runOnlyForDeploymentPostprocessing = 0;
		};
		9F26660B29F728540064EF50 /* Resources */ = {
			isa = PBXResourcesBuildPhase;
			buildActionMask = 2147483647;
			files = (
			);
			runOnlyForDeploymentPostprocessing = 0;
		};
		D5C824D22469DBF1005CF747 /* Resources */ = {
			isa = PBXResourcesBuildPhase;
			buildActionMask = 2147483647;
			files = (
			);
			runOnlyForDeploymentPostprocessing = 0;
		};
		D5C824DB2469DBF1005CF747 /* Resources */ = {
			isa = PBXResourcesBuildPhase;
			buildActionMask = 2147483647;
			files = (
			);
			runOnlyForDeploymentPostprocessing = 0;
		};
		E251E7F9248AD1B400EF466D /* Resources */ = {
			isa = PBXResourcesBuildPhase;
			buildActionMask = 2147483647;
			files = (
				E251E80A248AD1B800EF466D /* LaunchScreen.storyboard in Resources */,
				DEC5276624DBF9630022B698 /* GoogleService-Info.plist in Resources */,
				E251E807248AD1B800EF466D /* Assets.xcassets in Resources */,
				E251E805248AD1B400EF466D /* Main.storyboard in Resources */,
			);
			runOnlyForDeploymentPostprocessing = 0;
		};
		F3575F2A2A0AD1840008A965 /* Resources */ = {
			isa = PBXResourcesBuildPhase;
			buildActionMask = 2147483647;
			files = (
			);
			runOnlyForDeploymentPostprocessing = 0;
		};
		F3D5EA142A283E5E00530838 /* Resources */ = {
			isa = PBXResourcesBuildPhase;
			buildActionMask = 2147483647;
			files = (
			);
			runOnlyForDeploymentPostprocessing = 0;
		};
/* End PBXResourcesBuildPhase section */

/* Begin PBXShellScriptBuildPhase section */
		0B381B23C8AFF19DC939F232 /* [CP] Copy Pods Resources */ = {
			isa = PBXShellScriptBuildPhase;
			buildActionMask = 2147483647;
			files = (
			);
			inputFileListPaths = (
				"${PODS_ROOT}/Target Support Files/Pods-OktaLoggerDemoApp/Pods-OktaLoggerDemoApp-resources-${CONFIGURATION}-input-files.xcfilelist",
			);
			name = "[CP] Copy Pods Resources";
			outputFileListPaths = (
				"${PODS_ROOT}/Target Support Files/Pods-OktaLoggerDemoApp/Pods-OktaLoggerDemoApp-resources-${CONFIGURATION}-output-files.xcfilelist",
			);
			runOnlyForDeploymentPostprocessing = 0;
			shellPath = /bin/sh;
			shellScript = "\"${PODS_ROOT}/Target Support Files/Pods-OktaLoggerDemoApp/Pods-OktaLoggerDemoApp-resources.sh\"\n";
			showEnvVarsInLog = 0;
		};
		0F2298F77B72900393068192 /* [CP] Check Pods Manifest.lock */ = {
			isa = PBXShellScriptBuildPhase;
			buildActionMask = 2147483647;
			files = (
			);
			inputFileListPaths = (
			);
			inputPaths = (
				"${PODS_PODFILE_DIR_PATH}/Podfile.lock",
				"${PODS_ROOT}/Manifest.lock",
			);
			name = "[CP] Check Pods Manifest.lock";
			outputFileListPaths = (
			);
			outputPaths = (
				"$(DERIVED_FILE_DIR)/Pods-OktaLogger-checkManifestLockResult.txt",
			);
			runOnlyForDeploymentPostprocessing = 0;
			shellPath = /bin/sh;
			shellScript = "diff \"${PODS_PODFILE_DIR_PATH}/Podfile.lock\" \"${PODS_ROOT}/Manifest.lock\" > /dev/null\nif [ $? != 0 ] ; then\n    # print error to STDERR\n    echo \"error: The sandbox is not in sync with the Podfile.lock. Run 'pod install' or update your CocoaPods installation.\" >&2\n    exit 1\nfi\n# This output is used by Xcode 'outputs' to avoid re-running this script phase.\necho \"SUCCESS\" > \"${SCRIPT_OUTPUT_FILE_0}\"\n";
			showEnvVarsInLog = 0;
		};
		197AEDAF0E878BB4D56A8003 /* [CP] Check Pods Manifest.lock */ = {
			isa = PBXShellScriptBuildPhase;
			buildActionMask = 2147483647;
			files = (
			);
			inputFileListPaths = (
			);
			inputPaths = (
				"${PODS_PODFILE_DIR_PATH}/Podfile.lock",
				"${PODS_ROOT}/Manifest.lock",
			);
			name = "[CP] Check Pods Manifest.lock";
			outputFileListPaths = (
			);
			outputPaths = (
				"$(DERIVED_FILE_DIR)/Pods-OktaLoggerDemoApp-checkManifestLockResult.txt",
			);
			runOnlyForDeploymentPostprocessing = 0;
			shellPath = /bin/sh;
			shellScript = "diff \"${PODS_PODFILE_DIR_PATH}/Podfile.lock\" \"${PODS_ROOT}/Manifest.lock\" > /dev/null\nif [ $? != 0 ] ; then\n    # print error to STDERR\n    echo \"error: The sandbox is not in sync with the Podfile.lock. Run 'pod install' or update your CocoaPods installation.\" >&2\n    exit 1\nfi\n# This output is used by Xcode 'outputs' to avoid re-running this script phase.\necho \"SUCCESS\" > \"${SCRIPT_OUTPUT_FILE_0}\"\n";
			showEnvVarsInLog = 0;
		};
		2BE53E2FBAD8353F99C4FBD2 /* [CP] Check Pods Manifest.lock */ = {
			isa = PBXShellScriptBuildPhase;
			buildActionMask = 2147483647;
			files = (
			);
			inputFileListPaths = (
			);
			inputPaths = (
				"${PODS_PODFILE_DIR_PATH}/Podfile.lock",
				"${PODS_ROOT}/Manifest.lock",
			);
			name = "[CP] Check Pods Manifest.lock";
			outputFileListPaths = (
			);
			outputPaths = (
				"$(DERIVED_FILE_DIR)/Pods-OktaAnalyticsTests-checkManifestLockResult.txt",
			);
			runOnlyForDeploymentPostprocessing = 0;
			shellPath = /bin/sh;
			shellScript = "diff \"${PODS_PODFILE_DIR_PATH}/Podfile.lock\" \"${PODS_ROOT}/Manifest.lock\" > /dev/null\nif [ $? != 0 ] ; then\n    # print error to STDERR\n    echo \"error: The sandbox is not in sync with the Podfile.lock. Run 'pod install' or update your CocoaPods installation.\" >&2\n    exit 1\nfi\n# This output is used by Xcode 'outputs' to avoid re-running this script phase.\necho \"SUCCESS\" > \"${SCRIPT_OUTPUT_FILE_0}\"\n";
			showEnvVarsInLog = 0;
		};
		3DC8220AD478472683310979 /* [CP] Copy Pods Resources */ = {
			isa = PBXShellScriptBuildPhase;
			buildActionMask = 2147483647;
			files = (
			);
			inputFileListPaths = (
				"${PODS_ROOT}/Target Support Files/Pods-OktaLoggerTests/Pods-OktaLoggerTests-resources-${CONFIGURATION}-input-files.xcfilelist",
			);
			name = "[CP] Copy Pods Resources";
			outputFileListPaths = (
				"${PODS_ROOT}/Target Support Files/Pods-OktaLoggerTests/Pods-OktaLoggerTests-resources-${CONFIGURATION}-output-files.xcfilelist",
			);
			runOnlyForDeploymentPostprocessing = 0;
			shellPath = /bin/sh;
			shellScript = "\"${PODS_ROOT}/Target Support Files/Pods-OktaLoggerTests/Pods-OktaLoggerTests-resources.sh\"\n";
			showEnvVarsInLog = 0;
		};
		58278EF008B42FA45AF4BBBA /* [CP] Check Pods Manifest.lock */ = {
			isa = PBXShellScriptBuildPhase;
			buildActionMask = 2147483647;
			files = (
			);
			inputFileListPaths = (
			);
			inputPaths = (
				"${PODS_PODFILE_DIR_PATH}/Podfile.lock",
				"${PODS_ROOT}/Manifest.lock",
			);
			name = "[CP] Check Pods Manifest.lock";
			outputFileListPaths = (
			);
			outputPaths = (
				"$(DERIVED_FILE_DIR)/Pods-OktaLoggerTests-checkManifestLockResult.txt",
			);
			runOnlyForDeploymentPostprocessing = 0;
			shellPath = /bin/sh;
			shellScript = "diff \"${PODS_PODFILE_DIR_PATH}/Podfile.lock\" \"${PODS_ROOT}/Manifest.lock\" > /dev/null\nif [ $? != 0 ] ; then\n    # print error to STDERR\n    echo \"error: The sandbox is not in sync with the Podfile.lock. Run 'pod install' or update your CocoaPods installation.\" >&2\n    exit 1\nfi\n# This output is used by Xcode 'outputs' to avoid re-running this script phase.\necho \"SUCCESS\" > \"${SCRIPT_OUTPUT_FILE_0}\"\n";
			showEnvVarsInLog = 0;
		};
		74D61838C0B5CF075047C1B4 /* [CP] Copy Pods Resources */ = {
			isa = PBXShellScriptBuildPhase;
			buildActionMask = 2147483647;
			files = (
			);
			inputFileListPaths = (
				"${PODS_ROOT}/Target Support Files/Pods-OktaLogger/Pods-OktaLogger-resources-${CONFIGURATION}-input-files.xcfilelist",
			);
			name = "[CP] Copy Pods Resources";
			outputFileListPaths = (
				"${PODS_ROOT}/Target Support Files/Pods-OktaLogger/Pods-OktaLogger-resources-${CONFIGURATION}-output-files.xcfilelist",
			);
			runOnlyForDeploymentPostprocessing = 0;
			shellPath = /bin/sh;
			shellScript = "\"${PODS_ROOT}/Target Support Files/Pods-OktaLogger/Pods-OktaLogger-resources.sh\"\n";
			showEnvVarsInLog = 0;
		};
		7906DFF612F22A1930DEE58D /* [CP] Check Pods Manifest.lock */ = {
			isa = PBXShellScriptBuildPhase;
			buildActionMask = 2147483647;
			files = (
			);
			inputFileListPaths = (
			);
			inputPaths = (
				"${PODS_PODFILE_DIR_PATH}/Podfile.lock",
				"${PODS_ROOT}/Manifest.lock",
			);
			name = "[CP] Check Pods Manifest.lock";
			outputFileListPaths = (
			);
			outputPaths = (
				"$(DERIVED_FILE_DIR)/Pods-OktaSQLiteStorageTests-checkManifestLockResult.txt",
			);
			runOnlyForDeploymentPostprocessing = 0;
			shellPath = /bin/sh;
			shellScript = "diff \"${PODS_PODFILE_DIR_PATH}/Podfile.lock\" \"${PODS_ROOT}/Manifest.lock\" > /dev/null\nif [ $? != 0 ] ; then\n    # print error to STDERR\n    echo \"error: The sandbox is not in sync with the Podfile.lock. Run 'pod install' or update your CocoaPods installation.\" >&2\n    exit 1\nfi\n# This output is used by Xcode 'outputs' to avoid re-running this script phase.\necho \"SUCCESS\" > \"${SCRIPT_OUTPUT_FILE_0}\"\n";
			showEnvVarsInLog = 0;
		};
		7B0C4EE7276D1DAC0033BDC6 /* SwiftLint */ = {
			isa = PBXShellScriptBuildPhase;
			buildActionMask = 2147483647;
			files = (
			);
			inputFileListPaths = (
			);
			inputPaths = (
			);
			name = SwiftLint;
			outputFileListPaths = (
			);
			outputPaths = (
			);
			runOnlyForDeploymentPostprocessing = 0;
			shellPath = /bin/sh;
			shellScript = "\"${PODS_ROOT}/SwiftLint/swiftlint\" --config \"${PROJECT_DIR}/.swiftlint.yml\"\n";
		};
		8A04A3992610D1FAF3446F06 /* [CP] Embed Pods Frameworks */ = {
			isa = PBXShellScriptBuildPhase;
			buildActionMask = 2147483647;
			files = (
			);
			inputFileListPaths = (
				"${PODS_ROOT}/Target Support Files/Pods-OktaLoggerTests/Pods-OktaLoggerTests-frameworks-${CONFIGURATION}-input-files.xcfilelist",
			);
			name = "[CP] Embed Pods Frameworks";
			outputFileListPaths = (
				"${PODS_ROOT}/Target Support Files/Pods-OktaLoggerTests/Pods-OktaLoggerTests-frameworks-${CONFIGURATION}-output-files.xcfilelist",
			);
			runOnlyForDeploymentPostprocessing = 0;
			shellPath = /bin/sh;
			shellScript = "\"${PODS_ROOT}/Target Support Files/Pods-OktaLoggerTests/Pods-OktaLoggerTests-frameworks.sh\"\n";
			showEnvVarsInLog = 0;
		};
		B0C0072AF7A19504676FD526 /* [CP] Copy Pods Resources */ = {
			isa = PBXShellScriptBuildPhase;
			buildActionMask = 2147483647;
			files = (
			);
			inputFileListPaths = (
				"${PODS_ROOT}/Target Support Files/Pods-OktaAnalytics/Pods-OktaAnalytics-resources-${CONFIGURATION}-input-files.xcfilelist",
			);
			name = "[CP] Copy Pods Resources";
			outputFileListPaths = (
				"${PODS_ROOT}/Target Support Files/Pods-OktaAnalytics/Pods-OktaAnalytics-resources-${CONFIGURATION}-output-files.xcfilelist",
			);
			runOnlyForDeploymentPostprocessing = 0;
			shellPath = /bin/sh;
			shellScript = "\"${PODS_ROOT}/Target Support Files/Pods-OktaAnalytics/Pods-OktaAnalytics-resources.sh\"\n";
			showEnvVarsInLog = 0;
		};
		B6A235592A5E2CBBF90E51EE /* [CP] Embed Pods Frameworks */ = {
			isa = PBXShellScriptBuildPhase;
			buildActionMask = 2147483647;
			files = (
			);
			inputFileListPaths = (
				"${PODS_ROOT}/Target Support Files/Pods-OktaLoggerDemoApp/Pods-OktaLoggerDemoApp-frameworks-${CONFIGURATION}-input-files.xcfilelist",
			);
			name = "[CP] Embed Pods Frameworks";
			outputFileListPaths = (
				"${PODS_ROOT}/Target Support Files/Pods-OktaLoggerDemoApp/Pods-OktaLoggerDemoApp-frameworks-${CONFIGURATION}-output-files.xcfilelist",
			);
			runOnlyForDeploymentPostprocessing = 0;
			shellPath = /bin/sh;
			shellScript = "\"${PODS_ROOT}/Target Support Files/Pods-OktaLoggerDemoApp/Pods-OktaLoggerDemoApp-frameworks.sh\"\n";
			showEnvVarsInLog = 0;
		};
		BC30479143E90AF82AAC864C /* [CP] Check Pods Manifest.lock */ = {
			isa = PBXShellScriptBuildPhase;
			buildActionMask = 2147483647;
			files = (
			);
			inputFileListPaths = (
			);
			inputPaths = (
				"${PODS_PODFILE_DIR_PATH}/Podfile.lock",
				"${PODS_ROOT}/Manifest.lock",
			);
			name = "[CP] Check Pods Manifest.lock";
			outputFileListPaths = (
			);
			outputPaths = (
				"$(DERIVED_FILE_DIR)/Pods-OktaSQLiteStorage-checkManifestLockResult.txt",
			);
			runOnlyForDeploymentPostprocessing = 0;
			shellPath = /bin/sh;
			shellScript = "diff \"${PODS_PODFILE_DIR_PATH}/Podfile.lock\" \"${PODS_ROOT}/Manifest.lock\" > /dev/null\nif [ $? != 0 ] ; then\n    # print error to STDERR\n    echo \"error: The sandbox is not in sync with the Podfile.lock. Run 'pod install' or update your CocoaPods installation.\" >&2\n    exit 1\nfi\n# This output is used by Xcode 'outputs' to avoid re-running this script phase.\necho \"SUCCESS\" > \"${SCRIPT_OUTPUT_FILE_0}\"\n";
			showEnvVarsInLog = 0;
		};
		DEC5276724DBFE6C0022B698 /* ShellScript */ = {
			isa = PBXShellScriptBuildPhase;
			buildActionMask = 2147483647;
			files = (
			);
			inputFileListPaths = (
			);
			inputPaths = (
				"${DWARF_DSYM_FOLDER_PATH}/${DWARF_DSYM_FILE_NAME}/Contents/Resources/DWARF/${TARGET_NAME}",
			);
			outputFileListPaths = (
			);
			outputPaths = (
			);
			runOnlyForDeploymentPostprocessing = 0;
			shellPath = /bin/sh;
			shellScript = "\"${PODS_ROOT}/FirebaseCrashlytics/run\"\n";
		};
		E838532ECED9A96DCCFBAEFD /* [CP] Copy Pods Resources */ = {
			isa = PBXShellScriptBuildPhase;
			buildActionMask = 2147483647;
			files = (
			);
			inputFileListPaths = (
				"${PODS_ROOT}/Target Support Files/Pods-OktaAnalyticsTests/Pods-OktaAnalyticsTests-resources-${CONFIGURATION}-input-files.xcfilelist",
			);
			name = "[CP] Copy Pods Resources";
			outputFileListPaths = (
				"${PODS_ROOT}/Target Support Files/Pods-OktaAnalyticsTests/Pods-OktaAnalyticsTests-resources-${CONFIGURATION}-output-files.xcfilelist",
			);
			runOnlyForDeploymentPostprocessing = 0;
			shellPath = /bin/sh;
			shellScript = "\"${PODS_ROOT}/Target Support Files/Pods-OktaAnalyticsTests/Pods-OktaAnalyticsTests-resources.sh\"\n";
			showEnvVarsInLog = 0;
		};
		F26A1DAF665C501039D40073 /* [CP] Check Pods Manifest.lock */ = {
			isa = PBXShellScriptBuildPhase;
			buildActionMask = 2147483647;
			files = (
			);
			inputFileListPaths = (
			);
			inputPaths = (
				"${PODS_PODFILE_DIR_PATH}/Podfile.lock",
				"${PODS_ROOT}/Manifest.lock",
			);
			name = "[CP] Check Pods Manifest.lock";
			outputFileListPaths = (
			);
			outputPaths = (
				"$(DERIVED_FILE_DIR)/Pods-OktaAnalytics-checkManifestLockResult.txt",
			);
			runOnlyForDeploymentPostprocessing = 0;
			shellPath = /bin/sh;
			shellScript = "diff \"${PODS_PODFILE_DIR_PATH}/Podfile.lock\" \"${PODS_ROOT}/Manifest.lock\" > /dev/null\nif [ $? != 0 ] ; then\n    # print error to STDERR\n    echo \"error: The sandbox is not in sync with the Podfile.lock. Run 'pod install' or update your CocoaPods installation.\" >&2\n    exit 1\nfi\n# This output is used by Xcode 'outputs' to avoid re-running this script phase.\necho \"SUCCESS\" > \"${SCRIPT_OUTPUT_FILE_0}\"\n";
			showEnvVarsInLog = 0;
		};
/* End PBXShellScriptBuildPhase section */

/* Begin PBXSourcesBuildPhase section */
		9F26660229F728530064EF50 /* Sources */ = {
			isa = PBXSourcesBuildPhase;
			buildActionMask = 2147483647;
			files = (
				9F26663029F747490064EF50 /* SQLiteConnectionBuilder.swift in Sources */,
				9F4F57D529F8842000E10771 /* SQLiteSchema.swift in Sources */,
				9F26663429F747490064EF50 /* SchemaVersionType.swift in Sources */,
				9F4F57D929F9B47900E10771 /* SQLiteMigratable.swift in Sources */,
				9F26663729F747760064EF50 /* SQLiteStorageBuilder.swift in Sources */,
				9F26663229F747490064EF50 /* SQLiteStorageProtocol.swift in Sources */,
				9F26663529F747490064EF50 /* SQLiteStorageError.swift in Sources */,
				9F26663129F747490064EF50 /* SQLitePersistentStorage.swift in Sources */,
			);
			runOnlyForDeploymentPostprocessing = 0;
		};
		9F26660929F728540064EF50 /* Sources */ = {
			isa = PBXSourcesBuildPhase;
			buildActionMask = 2147483647;
			files = (
				9F4F57DF29FC387F00E10771 /* SQLiteConnectionBuilderTests.swift in Sources */,
				9F4F57DC29F9F42700E10771 /* SQLiteStorageTests.swift in Sources */,
			);
			runOnlyForDeploymentPostprocessing = 0;
		};
		D5C824D02469DBF1005CF747 /* Sources */ = {
			isa = PBXSourcesBuildPhase;
			buildActionMask = 2147483647;
			files = (
				DEFB59E124EAC76400A1744F /* OktaLoggerFirebaseCrashlyticsLogger.swift in Sources */,
				8DCF5EB8263CACAD008698CD /* DDLogFileManagerCustomName.swift in Sources */,
				8004832E24C1EFDF008BFF3A /* OktaLoggerFileLoggerConfig.swift in Sources */,
				DE9B02FF26BD6A090072A501 /* OktaLoggerInstabugLogger.swift in Sources */,
				7FC038A5282467C300C16169 /* ReadWriteLock.swift in Sources */,
				806FF25E24B95A3300994D4D /* OktaLoggerFileLogger.swift in Sources */,
				7FC038A9282467C300C16169 /* OktaLoggerConsoleLogger.swift in Sources */,
				7FC038A7282467C300C16169 /* OktaLogger.swift in Sources */,
				6582A2024047A1BC55BC98D3 /* LumberjackLoggerDelegate.swift in Sources */,
				7FC038A4282467C300C16169 /* OktaLoggerLogLevel.swift in Sources */,
				7FC038A8282467C300C16169 /* OktaLoggerDestination.swift in Sources */,
				6582A2C33C06B4353D1538E3 /* FileLoggerDelegate.swift in Sources */,
				DE504DC425BEE84A00B27BDD /* OktaLoggerFileLogFormatter.swift in Sources */,
			);
			runOnlyForDeploymentPostprocessing = 0;
		};
		D5C824D92469DBF1005CF747 /* Sources */ = {
			isa = PBXSourcesBuildPhase;
			buildActionMask = 2147483647;
			files = (
				DEE498C726C1139A00487014 /* OktaLoggerInstabugLoggerTests.swift in Sources */,
				804F18F724C0174800894A52 /* OktaLoggerFileLoggerTests.swift in Sources */,
				D5D0978E246DE00800C1362F /* OktaLoggerConsoleLoggerTests.swift in Sources */,
				DEABAFC9260C7C0100DB7008 /* FileTestsHelper.swift in Sources */,
				DE2FFE21260B89650028CAD6 /* OktaLoggerFileLoggerMultithreadingTests.swift in Sources */,
				D5C824E32469DBF1005CF747 /* OktaLoggerTests.swift in Sources */,
				DEF2CC23260A341300F8B644 /* OktaLoggerMultithreadingTests.swift in Sources */,
				7B13559F276BE69400F0516C /* OktaLoggerFirebaseLoggerTests.swift in Sources */,
				D5B22D0B246CA47E007ECC2F /* MockLoggerDestination.swift in Sources */,
				E2E7C95325196D83006B8DAE /* OktaLoggerDefaultPropertiesTests.swift in Sources */,
			);
			runOnlyForDeploymentPostprocessing = 0;
		};
		E251E7F7248AD1B400EF466D /* Sources */ = {
			isa = PBXSourcesBuildPhase;
			buildActionMask = 2147483647;
			files = (
				80AA110224BE799800981074 /* DemoTableViewCell.swift in Sources */,
				E251E802248AD1B400EF466D /* LoggerDemoViewController.swift in Sources */,
				DE1A7B3925EFF432007A5F60 /* LoggerDemoViewModel.swift in Sources */,
				E251E7FE248AD1B400EF466D /* AppDelegate.swift in Sources */,
				E251E800248AD1B400EF466D /* SceneDelegate.swift in Sources */,
				DE6A163725F1120100B0FBA0 /* LogsBrowseViewController.swift in Sources */,
			);
			runOnlyForDeploymentPostprocessing = 0;
		};
		F3575F282A0AD1840008A965 /* Sources */ = {
			isa = PBXSourcesBuildPhase;
			buildActionMask = 2147483647;
			files = (
				F3575F4A2A0AD1A60008A965 /* AppCenterAnalyticsProvider.swift in Sources */,
				F3575F302A0AD1850008A965 /* OktaAnalytics.docc in Sources */,
				F3C091362A1576780015E9FC /* AnalyticsStorage.swift in Sources */,
				F3575F492A0AD19A0008A965 /* AnalyticsProviderProtocol.swift in Sources */,
				F3575F4F2A0AD1A60008A965 /* OktaAnalytics.swift in Sources */,
				F3C091392A15D2080015E9FC /* ReadWriteLock.swift in Sources */,
				6CCBD40A2C9CC64400E8FEEE /* FirebaseAnalyticsProvider.swift in Sources */,
				F3575F4C2A0AD1A60008A965 /* Properties.swift in Sources */,
			);
			runOnlyForDeploymentPostprocessing = 0;
		};
		F3D5EA122A283E5E00530838 /* Sources */ = {
			isa = PBXSourcesBuildPhase;
			buildActionMask = 2147483647;
			files = (
				B82C62702D4450F300378CB3 /* FirebaseAnalyticsProviderTests.swift in Sources */,
				F3D5EA202A283E9700530838 /* OktaAnalyticsTests.swift in Sources */,
			);
			runOnlyForDeploymentPostprocessing = 0;
		};
/* End PBXSourcesBuildPhase section */

/* Begin PBXTargetDependency section */
		D54461C5246A02C800C755F1 /* PBXTargetDependency */ = {
			isa = PBXTargetDependency;
			target = D5C824D32469DBF1005CF747 /* OktaLogger */;
			targetProxy = D54461C4246A02C800C755F1 /* PBXContainerItemProxy */;
		};
		DE5D6F5824E6D05500AD95FD /* PBXTargetDependency */ = {
			isa = PBXTargetDependency;
			target = D5C824D32469DBF1005CF747 /* OktaLogger */;
			targetProxy = DE5D6F5724E6D05500AD95FD /* PBXContainerItemProxy */;
		};
/* End PBXTargetDependency section */

/* Begin PBXVariantGroup section */
		E251E803248AD1B400EF466D /* Main.storyboard */ = {
			isa = PBXVariantGroup;
			children = (
				E251E804248AD1B400EF466D /* Base */,
			);
			name = Main.storyboard;
			sourceTree = "<group>";
		};
		E251E808248AD1B800EF466D /* LaunchScreen.storyboard */ = {
			isa = PBXVariantGroup;
			children = (
				E251E809248AD1B800EF466D /* Base */,
			);
			name = LaunchScreen.storyboard;
			sourceTree = "<group>";
		};
/* End PBXVariantGroup section */

/* Begin XCBuildConfiguration section */
		9F26661529F728540064EF50 /* Debug */ = {
			isa = XCBuildConfiguration;
			baseConfigurationReference = 867DFEC4826212E6CC08A538 /* Pods-OktaSQLiteStorage.debug.xcconfig */;
			buildSettings = {
				CLANG_CXX_LANGUAGE_STANDARD = "gnu++20";
				CLANG_ENABLE_MODULES = YES;
				CLANG_WARN_QUOTED_INCLUDE_IN_FRAMEWORK_HEADER = YES;
				CODE_SIGN_STYLE = Automatic;
				CURRENT_PROJECT_VERSION = 1;
				DEFINES_MODULE = YES;
				DYLIB_COMPATIBILITY_VERSION = 1;
				DYLIB_CURRENT_VERSION = 1;
				DYLIB_INSTALL_NAME_BASE = "@rpath";
				ENABLE_MODULE_VERIFIER = YES;
				GENERATE_INFOPLIST_FILE = YES;
				INFOPLIST_KEY_NSHumanReadableCopyright = "Copyright © 2023 Okta, Inc. All rights reserved.";
				INSTALL_PATH = "$(LOCAL_LIBRARY_DIR)/Frameworks";
				LD_RUNPATH_SEARCH_PATHS = (
					"$(inherited)",
					"@executable_path/Frameworks",
					"@loader_path/Frameworks",
				);
				MARKETING_VERSION = 1.0;
				MODULE_VERIFIER_SUPPORTED_LANGUAGES = "objective-c objective-c++";
				MODULE_VERIFIER_SUPPORTED_LANGUAGE_STANDARDS = "gnu11 gnu++20";
				PRODUCT_BUNDLE_IDENTIFIER = OKTA.OktaSQLiteStorage;
				PRODUCT_NAME = "$(TARGET_NAME:c99extidentifier)";
				SKIP_INSTALL = YES;
				SWIFT_EMIT_LOC_STRINGS = YES;
				SWIFT_OPTIMIZATION_LEVEL = "-Onone";
				SWIFT_VERSION = 5.0;
				TARGETED_DEVICE_FAMILY = "1,2";
			};
			name = Debug;
		};
		9F26661629F728540064EF50 /* Release */ = {
			isa = XCBuildConfiguration;
			baseConfigurationReference = 07A92B0980B7508DC64B31E4 /* Pods-OktaSQLiteStorage.release.xcconfig */;
			buildSettings = {
				CLANG_CXX_LANGUAGE_STANDARD = "gnu++20";
				CLANG_ENABLE_MODULES = YES;
				CLANG_WARN_QUOTED_INCLUDE_IN_FRAMEWORK_HEADER = YES;
				CODE_SIGN_STYLE = Automatic;
				CURRENT_PROJECT_VERSION = 1;
				DEFINES_MODULE = YES;
				DYLIB_COMPATIBILITY_VERSION = 1;
				DYLIB_CURRENT_VERSION = 1;
				DYLIB_INSTALL_NAME_BASE = "@rpath";
				ENABLE_MODULE_VERIFIER = YES;
				GENERATE_INFOPLIST_FILE = YES;
				INFOPLIST_KEY_NSHumanReadableCopyright = "Copyright © 2023 Okta, Inc. All rights reserved.";
				INSTALL_PATH = "$(LOCAL_LIBRARY_DIR)/Frameworks";
				LD_RUNPATH_SEARCH_PATHS = (
					"$(inherited)",
					"@executable_path/Frameworks",
					"@loader_path/Frameworks",
				);
				MARKETING_VERSION = 1.0;
				MODULE_VERIFIER_SUPPORTED_LANGUAGES = "objective-c objective-c++";
				MODULE_VERIFIER_SUPPORTED_LANGUAGE_STANDARDS = "gnu11 gnu++20";
				PRODUCT_BUNDLE_IDENTIFIER = OKTA.OktaSQLiteStorage;
				PRODUCT_NAME = "$(TARGET_NAME:c99extidentifier)";
				SKIP_INSTALL = YES;
				SWIFT_EMIT_LOC_STRINGS = YES;
				SWIFT_VERSION = 5.0;
				TARGETED_DEVICE_FAMILY = "1,2";
			};
			name = Release;
		};
		9F26661729F728540064EF50 /* Debug */ = {
			isa = XCBuildConfiguration;
			baseConfigurationReference = A98DCB66D1308CC91F19CECF /* Pods-OktaSQLiteStorageTests.debug.xcconfig */;
			buildSettings = {
				ALWAYS_EMBED_SWIFT_STANDARD_LIBRARIES = YES;
				CLANG_CXX_LANGUAGE_STANDARD = "gnu++20";
				CLANG_ENABLE_MODULES = YES;
				CLANG_WARN_QUOTED_INCLUDE_IN_FRAMEWORK_HEADER = YES;
				CODE_SIGN_STYLE = Automatic;
				CURRENT_PROJECT_VERSION = 1;
				GENERATE_INFOPLIST_FILE = YES;
				MARKETING_VERSION = 1.0;
				PRODUCT_BUNDLE_IDENTIFIER = OKTA.OktaSQLiteStorageTests;
				PRODUCT_NAME = "$(TARGET_NAME)";
				SUPPORTED_PLATFORMS = "iphoneos iphonesimulator";
				SUPPORTS_MACCATALYST = NO;
				SUPPORTS_MAC_DESIGNED_FOR_IPHONE_IPAD = NO;
				SWIFT_EMIT_LOC_STRINGS = NO;
				SWIFT_OPTIMIZATION_LEVEL = "-Onone";
				SWIFT_VERSION = 5.0;
				TARGETED_DEVICE_FAMILY = "1,2";
			};
			name = Debug;
		};
		9F26661829F728540064EF50 /* Release */ = {
			isa = XCBuildConfiguration;
			baseConfigurationReference = 247D801970A641EBCFB2BFD8 /* Pods-OktaSQLiteStorageTests.release.xcconfig */;
			buildSettings = {
				ALWAYS_EMBED_SWIFT_STANDARD_LIBRARIES = YES;
				CLANG_CXX_LANGUAGE_STANDARD = "gnu++20";
				CLANG_ENABLE_MODULES = YES;
				CLANG_WARN_QUOTED_INCLUDE_IN_FRAMEWORK_HEADER = YES;
				CODE_SIGN_STYLE = Automatic;
				CURRENT_PROJECT_VERSION = 1;
				GENERATE_INFOPLIST_FILE = YES;
				MARKETING_VERSION = 1.0;
				PRODUCT_BUNDLE_IDENTIFIER = OKTA.OktaSQLiteStorageTests;
				PRODUCT_NAME = "$(TARGET_NAME)";
				SUPPORTED_PLATFORMS = "iphoneos iphonesimulator";
				SUPPORTS_MACCATALYST = NO;
				SUPPORTS_MAC_DESIGNED_FOR_IPHONE_IPAD = NO;
				SWIFT_EMIT_LOC_STRINGS = NO;
				SWIFT_VERSION = 5.0;
				TARGETED_DEVICE_FAMILY = "1,2";
			};
			name = Release;
		};
		D5C824E62469DBF1005CF747 /* Debug */ = {
			isa = XCBuildConfiguration;
			buildSettings = {
				ALWAYS_SEARCH_USER_PATHS = NO;
				CLANG_ANALYZER_NONNULL = YES;
				CLANG_ANALYZER_NUMBER_OBJECT_CONVERSION = YES_AGGRESSIVE;
				CLANG_CXX_LANGUAGE_STANDARD = "gnu++14";
				CLANG_CXX_LIBRARY = "libc++";
				CLANG_ENABLE_MODULES = YES;
				CLANG_ENABLE_OBJC_ARC = YES;
				CLANG_ENABLE_OBJC_WEAK = YES;
				CLANG_WARN_BLOCK_CAPTURE_AUTORELEASING = YES;
				CLANG_WARN_BOOL_CONVERSION = YES;
				CLANG_WARN_COMMA = YES;
				CLANG_WARN_CONSTANT_CONVERSION = YES;
				CLANG_WARN_DEPRECATED_OBJC_IMPLEMENTATIONS = YES;
				CLANG_WARN_DIRECT_OBJC_ISA_USAGE = YES_ERROR;
				CLANG_WARN_DOCUMENTATION_COMMENTS = YES;
				CLANG_WARN_EMPTY_BODY = YES;
				CLANG_WARN_ENUM_CONVERSION = YES;
				CLANG_WARN_INFINITE_RECURSION = YES;
				CLANG_WARN_INT_CONVERSION = YES;
				CLANG_WARN_NON_LITERAL_NULL_CONVERSION = YES;
				CLANG_WARN_OBJC_IMPLICIT_RETAIN_SELF = YES;
				CLANG_WARN_OBJC_LITERAL_CONVERSION = YES;
				CLANG_WARN_OBJC_ROOT_CLASS = YES_ERROR;
				CLANG_WARN_RANGE_LOOP_ANALYSIS = YES;
				CLANG_WARN_STRICT_PROTOTYPES = YES;
				CLANG_WARN_SUSPICIOUS_MOVE = YES;
				CLANG_WARN_UNGUARDED_AVAILABILITY = YES_AGGRESSIVE;
				CLANG_WARN_UNREACHABLE_CODE = YES;
				CLANG_WARN__DUPLICATE_METHOD_MATCH = YES;
				COPY_PHASE_STRIP = NO;
				CURRENT_PROJECT_VERSION = 1;
				DEBUG_INFORMATION_FORMAT = dwarf;
				DEVELOPMENT_TEAM = 7WXXBW6Z2Y;
				ENABLE_STRICT_OBJC_MSGSEND = YES;
				ENABLE_TESTABILITY = YES;
				GCC_C_LANGUAGE_STANDARD = gnu11;
				GCC_DYNAMIC_NO_PIC = NO;
				GCC_NO_COMMON_BLOCKS = YES;
				GCC_OPTIMIZATION_LEVEL = 0;
				GCC_PREPROCESSOR_DEFINITIONS = (
					"DEBUG=1",
					"$(inherited)",
				);
				GCC_WARN_64_TO_32_BIT_CONVERSION = YES;
				GCC_WARN_ABOUT_RETURN_TYPE = YES_ERROR;
				GCC_WARN_UNDECLARED_SELECTOR = YES;
				GCC_WARN_UNINITIALIZED_AUTOS = YES_AGGRESSIVE;
				GCC_WARN_UNUSED_FUNCTION = YES;
				GCC_WARN_UNUSED_VARIABLE = YES;
				MTL_ENABLE_DEBUG_INFO = INCLUDE_SOURCE;
				MTL_FAST_MATH = YES;
				ONLY_ACTIVE_ARCH = YES;
				SDKROOT = iphoneos;
				SWIFT_ACTIVE_COMPILATION_CONDITIONS = DEBUG;
				SWIFT_OPTIMIZATION_LEVEL = "-Onone";
				TARGETED_DEVICE_FAMILY = "1,2";
				VERSIONING_SYSTEM = "apple-generic";
				VERSION_INFO_PREFIX = "";
			};
			name = Debug;
		};
		D5C824E72469DBF1005CF747 /* Release */ = {
			isa = XCBuildConfiguration;
			buildSettings = {
				ALWAYS_SEARCH_USER_PATHS = NO;
				CLANG_ANALYZER_NONNULL = YES;
				CLANG_ANALYZER_NUMBER_OBJECT_CONVERSION = YES_AGGRESSIVE;
				CLANG_CXX_LANGUAGE_STANDARD = "gnu++14";
				CLANG_CXX_LIBRARY = "libc++";
				CLANG_ENABLE_MODULES = YES;
				CLANG_ENABLE_OBJC_ARC = YES;
				CLANG_ENABLE_OBJC_WEAK = YES;
				CLANG_WARN_BLOCK_CAPTURE_AUTORELEASING = YES;
				CLANG_WARN_BOOL_CONVERSION = YES;
				CLANG_WARN_COMMA = YES;
				CLANG_WARN_CONSTANT_CONVERSION = YES;
				CLANG_WARN_DEPRECATED_OBJC_IMPLEMENTATIONS = YES;
				CLANG_WARN_DIRECT_OBJC_ISA_USAGE = YES_ERROR;
				CLANG_WARN_DOCUMENTATION_COMMENTS = YES;
				CLANG_WARN_EMPTY_BODY = YES;
				CLANG_WARN_ENUM_CONVERSION = YES;
				CLANG_WARN_INFINITE_RECURSION = YES;
				CLANG_WARN_INT_CONVERSION = YES;
				CLANG_WARN_NON_LITERAL_NULL_CONVERSION = YES;
				CLANG_WARN_OBJC_IMPLICIT_RETAIN_SELF = YES;
				CLANG_WARN_OBJC_LITERAL_CONVERSION = YES;
				CLANG_WARN_OBJC_ROOT_CLASS = YES_ERROR;
				CLANG_WARN_RANGE_LOOP_ANALYSIS = YES;
				CLANG_WARN_STRICT_PROTOTYPES = YES;
				CLANG_WARN_SUSPICIOUS_MOVE = YES;
				CLANG_WARN_UNGUARDED_AVAILABILITY = YES_AGGRESSIVE;
				CLANG_WARN_UNREACHABLE_CODE = YES;
				CLANG_WARN__DUPLICATE_METHOD_MATCH = YES;
				COPY_PHASE_STRIP = NO;
				CURRENT_PROJECT_VERSION = 1;
				DEBUG_INFORMATION_FORMAT = "dwarf-with-dsym";
				DEVELOPMENT_TEAM = 7WXXBW6Z2Y;
				ENABLE_NS_ASSERTIONS = NO;
				ENABLE_STRICT_OBJC_MSGSEND = YES;
				GCC_C_LANGUAGE_STANDARD = gnu11;
				GCC_NO_COMMON_BLOCKS = YES;
				GCC_WARN_64_TO_32_BIT_CONVERSION = YES;
				GCC_WARN_ABOUT_RETURN_TYPE = YES_ERROR;
				GCC_WARN_UNDECLARED_SELECTOR = YES;
				GCC_WARN_UNINITIALIZED_AUTOS = YES_AGGRESSIVE;
				GCC_WARN_UNUSED_FUNCTION = YES;
				GCC_WARN_UNUSED_VARIABLE = YES;
				MTL_ENABLE_DEBUG_INFO = NO;
				MTL_FAST_MATH = YES;
				SDKROOT = iphoneos;
				SWIFT_COMPILATION_MODE = wholemodule;
				SWIFT_OPTIMIZATION_LEVEL = "-O";
				TARGETED_DEVICE_FAMILY = "1,2";
				VALIDATE_PRODUCT = YES;
				VERSIONING_SYSTEM = "apple-generic";
				VERSION_INFO_PREFIX = "";
			};
			name = Release;
		};
		D5C824E92469DBF1005CF747 /* Debug */ = {
			isa = XCBuildConfiguration;
			baseConfigurationReference = EB91F70D79D9D9675CB3A601 /* Pods-OktaLogger.debug.xcconfig */;
			buildSettings = {
				CLANG_ENABLE_MODULES = YES;
				CODE_SIGN_IDENTITY = "";
				CODE_SIGN_STYLE = Manual;
				DEFINES_MODULE = YES;
				DEVELOPMENT_TEAM = "";
				DYLIB_COMPATIBILITY_VERSION = 1;
				DYLIB_CURRENT_VERSION = 1;
				DYLIB_INSTALL_NAME_BASE = "@rpath";
				INFOPLIST_FILE = Sources/OktaLogger/Info.plist;
				INSTALL_PATH = "$(LOCAL_LIBRARY_DIR)/Frameworks";
				LD_RUNPATH_SEARCH_PATHS = (
					"$(inherited)",
					"@executable_path/Frameworks",
					"@loader_path/Frameworks",
				);
				PRODUCT_BUNDLE_IDENTIFIER = com.okta.OktaLogger;
				PRODUCT_NAME = "$(TARGET_NAME:c99extidentifier)";
				PROVISIONING_PROFILE_SPECIFIER = "";
				"PROVISIONING_PROFILE_SPECIFIER[sdk=macosx*]" = "";
				SKIP_INSTALL = YES;
				SWIFT_OPTIMIZATION_LEVEL = "-Onone";
				SWIFT_VERSION = 5.0;
				TARGETED_DEVICE_FAMILY = "1,2";
			};
			name = Debug;
		};
		D5C824EA2469DBF1005CF747 /* Release */ = {
			isa = XCBuildConfiguration;
			baseConfigurationReference = D7BCFBF68D70354934190F9F /* Pods-OktaLogger.release.xcconfig */;
			buildSettings = {
				CLANG_ENABLE_MODULES = YES;
				CODE_SIGN_IDENTITY = "";
				CODE_SIGN_STYLE = Manual;
				DEFINES_MODULE = YES;
				DEVELOPMENT_TEAM = "";
				DYLIB_COMPATIBILITY_VERSION = 1;
				DYLIB_CURRENT_VERSION = 1;
				DYLIB_INSTALL_NAME_BASE = "@rpath";
				INFOPLIST_FILE = Sources/OktaLogger/Info.plist;
				INSTALL_PATH = "$(LOCAL_LIBRARY_DIR)/Frameworks";
				LD_RUNPATH_SEARCH_PATHS = (
					"$(inherited)",
					"@executable_path/Frameworks",
					"@loader_path/Frameworks",
				);
				PRODUCT_BUNDLE_IDENTIFIER = com.okta.OktaLogger;
				PRODUCT_NAME = "$(TARGET_NAME:c99extidentifier)";
				PROVISIONING_PROFILE_SPECIFIER = "";
				"PROVISIONING_PROFILE_SPECIFIER[sdk=macosx*]" = "";
				SKIP_INSTALL = YES;
				SWIFT_VERSION = 5.0;
				TARGETED_DEVICE_FAMILY = "1,2";
			};
			name = Release;
		};
		D5C824EC2469DBF1005CF747 /* Debug */ = {
			isa = XCBuildConfiguration;
			baseConfigurationReference = 10CF31220C456893F608BA76 /* Pods-OktaLoggerTests.debug.xcconfig */;
			buildSettings = {
				ALWAYS_EMBED_SWIFT_STANDARD_LIBRARIES = YES;
				CLANG_ENABLE_MODULES = YES;
				CODE_SIGN_IDENTITY = "Apple Development";
				"CODE_SIGN_IDENTITY[sdk=macosx*]" = "-";
				CODE_SIGN_STYLE = Manual;
				DEVELOPMENT_TEAM = "";
				INFOPLIST_FILE = Tests/OktaLoggerTests/Info.plist;
				LD_RUNPATH_SEARCH_PATHS = (
					"$(inherited)",
					"@executable_path/Frameworks",
					"@loader_path/Frameworks",
				);
				PRODUCT_BUNDLE_IDENTIFIER = com.okta.OktaLoggerTests;
				PRODUCT_NAME = "$(TARGET_NAME)";
				PROVISIONING_PROFILE_SPECIFIER = "";
				"PROVISIONING_PROFILE_SPECIFIER[sdk=macosx*]" = "";
				SWIFT_OBJC_BRIDGING_HEADER = "Tests/OktaLoggerTests/OktaLoggerTests-Bridging-Header.h";
				SWIFT_OPTIMIZATION_LEVEL = "-Onone";
				SWIFT_VERSION = 5.0;
				TARGETED_DEVICE_FAMILY = "1,2";
			};
			name = Debug;
		};
		D5C824ED2469DBF1005CF747 /* Release */ = {
			isa = XCBuildConfiguration;
			baseConfigurationReference = 1C17E56981CC6F415C0238FC /* Pods-OktaLoggerTests.release.xcconfig */;
			buildSettings = {
				ALWAYS_EMBED_SWIFT_STANDARD_LIBRARIES = YES;
				CLANG_ENABLE_MODULES = YES;
				CODE_SIGN_IDENTITY = "Apple Development";
				"CODE_SIGN_IDENTITY[sdk=macosx*]" = "-";
				CODE_SIGN_STYLE = Manual;
				DEVELOPMENT_TEAM = "";
				INFOPLIST_FILE = Tests/OktaLoggerTests/Info.plist;
				LD_RUNPATH_SEARCH_PATHS = (
					"$(inherited)",
					"@executable_path/Frameworks",
					"@loader_path/Frameworks",
				);
				PRODUCT_BUNDLE_IDENTIFIER = com.okta.OktaLoggerTests;
				PRODUCT_NAME = "$(TARGET_NAME)";
				PROVISIONING_PROFILE_SPECIFIER = "";
				"PROVISIONING_PROFILE_SPECIFIER[sdk=macosx*]" = "";
				SWIFT_OBJC_BRIDGING_HEADER = "Tests/OktaLoggerTests/OktaLoggerTests-Bridging-Header.h";
				SWIFT_VERSION = 5.0;
				TARGETED_DEVICE_FAMILY = "1,2";
			};
			name = Release;
		};
		E251E80D248AD1B800EF466D /* Debug */ = {
			isa = XCBuildConfiguration;
			baseConfigurationReference = 2FE7420C48328DD2A91F82B1 /* Pods-OktaLoggerDemoApp.debug.xcconfig */;
			buildSettings = {
				ASSETCATALOG_COMPILER_APPICON_NAME = AppIcon;
				CODE_SIGN_STYLE = Automatic;
				DEVELOPMENT_TEAM = 7WXXBW6Z2Y;
				INFOPLIST_FILE = "Example/Example-iOS/Info.plist";
				LD_RUNPATH_SEARCH_PATHS = (
					"$(inherited)",
					"@executable_path/Frameworks",
				);
				PRODUCT_BUNDLE_IDENTIFIER = com.okta.OktaLoggerDemoApp;
				PRODUCT_NAME = "$(TARGET_NAME)";
				SWIFT_VERSION = 5.0;
				TARGETED_DEVICE_FAMILY = "1,2";
			};
			name = Debug;
		};
		E251E80E248AD1B800EF466D /* Release */ = {
			isa = XCBuildConfiguration;
			baseConfigurationReference = C405B4030120FF72171FD9DA /* Pods-OktaLoggerDemoApp.release.xcconfig */;
			buildSettings = {
				ASSETCATALOG_COMPILER_APPICON_NAME = AppIcon;
				CODE_SIGN_STYLE = Automatic;
				DEVELOPMENT_TEAM = 7WXXBW6Z2Y;
				INFOPLIST_FILE = "Example/Example-iOS/Info.plist";
				LD_RUNPATH_SEARCH_PATHS = (
					"$(inherited)",
					"@executable_path/Frameworks",
				);
				PRODUCT_BUNDLE_IDENTIFIER = com.okta.OktaLoggerDemoApp;
				PRODUCT_NAME = "$(TARGET_NAME)";
				SWIFT_VERSION = 5.0;
				TARGETED_DEVICE_FAMILY = "1,2";
			};
			name = Release;
		};
		F3575F432A0AD1850008A965 /* Debug */ = {
			isa = XCBuildConfiguration;
			baseConfigurationReference = E8049C81582DF6525D6DF102 /* Pods-OktaAnalytics.debug.xcconfig */;
			buildSettings = {
				CLANG_CXX_LANGUAGE_STANDARD = "gnu++20";
				CLANG_WARN_QUOTED_INCLUDE_IN_FRAMEWORK_HEADER = YES;
				CODE_SIGN_STYLE = Manual;
				CURRENT_PROJECT_VERSION = 1;
				DEFINES_MODULE = YES;
				DEVELOPMENT_TEAM = "";
				DOCC_EXTRACT_OBJC_INFO_FOR_SWIFT_SYMBOLS = YES;
				DYLIB_COMPATIBILITY_VERSION = 1;
				DYLIB_CURRENT_VERSION = 1;
				DYLIB_INSTALL_NAME_BASE = "@rpath";
				GENERATE_INFOPLIST_FILE = YES;
				INFOPLIST_KEY_NSHumanReadableCopyright = "Copyright © 2023 Okta, Inc. All rights reserved.";
				INSTALL_PATH = "$(LOCAL_LIBRARY_DIR)/Frameworks";
				LD_RUNPATH_SEARCH_PATHS = (
					"@executable_path/Frameworks",
					"@loader_path/Frameworks",
				);
				"LD_RUNPATH_SEARCH_PATHS[sdk=macosx*]" = (
					"@executable_path/../Frameworks",
					"@loader_path/Frameworks",
				);
				MACOSX_DEPLOYMENT_TARGET = 11.0;
				MARKETING_VERSION = 1.0;
				PRODUCT_BUNDLE_IDENTIFIER = okta.OktaAnalytics;
				PRODUCT_NAME = "$(TARGET_NAME:c99extidentifier)";
				PROVISIONING_PROFILE_SPECIFIER = "";
				RUN_DOCUMENTATION_COMPILER = YES;
				SDKROOT = auto;
				SKIP_INSTALL = YES;
				SUPPORTED_PLATFORMS = "iphoneos iphonesimulator macosx";
				SUPPORTS_MACCATALYST = YES;
				SUPPORTS_MAC_DESIGNED_FOR_IPHONE_IPAD = YES;
				SWIFT_EMIT_LOC_STRINGS = YES;
				SWIFT_VERSION = 5.0;
				TARGETED_DEVICE_FAMILY = "1,2";
			};
			name = Debug;
		};
		F3575F442A0AD1850008A965 /* Release */ = {
			isa = XCBuildConfiguration;
			baseConfigurationReference = 6FE5F0352D4833C2B811B09E /* Pods-OktaAnalytics.release.xcconfig */;
			buildSettings = {
				CLANG_CXX_LANGUAGE_STANDARD = "gnu++20";
				CLANG_WARN_QUOTED_INCLUDE_IN_FRAMEWORK_HEADER = YES;
				CODE_SIGN_STYLE = Manual;
				CURRENT_PROJECT_VERSION = 1;
				DEFINES_MODULE = YES;
				DEVELOPMENT_TEAM = "";
				DOCC_EXTRACT_OBJC_INFO_FOR_SWIFT_SYMBOLS = YES;
				DYLIB_COMPATIBILITY_VERSION = 1;
				DYLIB_CURRENT_VERSION = 1;
				DYLIB_INSTALL_NAME_BASE = "@rpath";
				GENERATE_INFOPLIST_FILE = YES;
				INFOPLIST_KEY_NSHumanReadableCopyright = "Copyright © 2023 Okta, Inc. All rights reserved.";
				INSTALL_PATH = "$(LOCAL_LIBRARY_DIR)/Frameworks";
				LD_RUNPATH_SEARCH_PATHS = (
					"@executable_path/Frameworks",
					"@loader_path/Frameworks",
				);
				"LD_RUNPATH_SEARCH_PATHS[sdk=macosx*]" = (
					"@executable_path/../Frameworks",
					"@loader_path/Frameworks",
				);
				MACOSX_DEPLOYMENT_TARGET = 11.0;
				MARKETING_VERSION = 1.0;
				PRODUCT_BUNDLE_IDENTIFIER = okta.OktaAnalytics;
				PRODUCT_NAME = "$(TARGET_NAME:c99extidentifier)";
				PROVISIONING_PROFILE_SPECIFIER = "";
				RUN_DOCUMENTATION_COMPILER = YES;
				SDKROOT = auto;
				SKIP_INSTALL = YES;
				SUPPORTED_PLATFORMS = "iphoneos iphonesimulator macosx";
				SUPPORTS_MACCATALYST = YES;
				SUPPORTS_MAC_DESIGNED_FOR_IPHONE_IPAD = YES;
				SWIFT_EMIT_LOC_STRINGS = YES;
				SWIFT_VERSION = 5.0;
				TARGETED_DEVICE_FAMILY = "1,2";
			};
			name = Release;
		};
		F3D5EA1E2A283E5F00530838 /* Debug */ = {
			isa = XCBuildConfiguration;
			baseConfigurationReference = A2E088AB328FFC328F8E4B01 /* Pods-OktaAnalyticsTests.debug.xcconfig */;
			buildSettings = {
				CLANG_CXX_LANGUAGE_STANDARD = "gnu++20";
				CLANG_WARN_QUOTED_INCLUDE_IN_FRAMEWORK_HEADER = YES;
				CODE_SIGN_STYLE = Automatic;
				CURRENT_PROJECT_VERSION = 1;
				GENERATE_INFOPLIST_FILE = YES;
				MACOSX_DEPLOYMENT_TARGET = 11.0;
				MARKETING_VERSION = 1.0;
				PRODUCT_BUNDLE_IDENTIFIER = okta.oktaAnalytics.OktaAnalyticsTests;
				PRODUCT_NAME = "$(TARGET_NAME)";
				SDKROOT = auto;
				SUPPORTED_PLATFORMS = "iphoneos iphonesimulator macosx";
				SUPPORTS_MACCATALYST = YES;
				SUPPORTS_MAC_DESIGNED_FOR_IPHONE_IPAD = YES;
				SWIFT_EMIT_LOC_STRINGS = NO;
				SWIFT_VERSION = 5.0;
				TARGETED_DEVICE_FAMILY = "1,2";
			};
			name = Debug;
		};
		F3D5EA1F2A283E5F00530838 /* Release */ = {
			isa = XCBuildConfiguration;
			baseConfigurationReference = F2D2F92F987305534718C1CB /* Pods-OktaAnalyticsTests.release.xcconfig */;
			buildSettings = {
				CLANG_CXX_LANGUAGE_STANDARD = "gnu++20";
				CLANG_WARN_QUOTED_INCLUDE_IN_FRAMEWORK_HEADER = YES;
				CODE_SIGN_STYLE = Automatic;
				CURRENT_PROJECT_VERSION = 1;
				GENERATE_INFOPLIST_FILE = YES;
				MACOSX_DEPLOYMENT_TARGET = 11.0;
				MARKETING_VERSION = 1.0;
				PRODUCT_BUNDLE_IDENTIFIER = okta.oktaAnalytics.OktaAnalyticsTests;
				PRODUCT_NAME = "$(TARGET_NAME)";
				SDKROOT = auto;
				SUPPORTED_PLATFORMS = "iphoneos iphonesimulator macosx";
				SUPPORTS_MACCATALYST = YES;
				SUPPORTS_MAC_DESIGNED_FOR_IPHONE_IPAD = YES;
				SWIFT_EMIT_LOC_STRINGS = NO;
				SWIFT_VERSION = 5.0;
				TARGETED_DEVICE_FAMILY = "1,2";
			};
			name = Release;
		};
/* End XCBuildConfiguration section */

/* Begin XCConfigurationList section */
		9F26661929F728540064EF50 /* Build configuration list for PBXNativeTarget "OktaSQLiteStorage" */ = {
			isa = XCConfigurationList;
			buildConfigurations = (
				9F26661529F728540064EF50 /* Debug */,
				9F26661629F728540064EF50 /* Release */,
			);
			defaultConfigurationIsVisible = 0;
			defaultConfigurationName = Release;
		};
		9F26661A29F728540064EF50 /* Build configuration list for PBXNativeTarget "OktaSQLiteStorageTests" */ = {
			isa = XCConfigurationList;
			buildConfigurations = (
				9F26661729F728540064EF50 /* Debug */,
				9F26661829F728540064EF50 /* Release */,
			);
			defaultConfigurationIsVisible = 0;
			defaultConfigurationName = Release;
		};
		D5C824CE2469DBF1005CF747 /* Build configuration list for PBXProject "OktaLogger" */ = {
			isa = XCConfigurationList;
			buildConfigurations = (
				D5C824E62469DBF1005CF747 /* Debug */,
				D5C824E72469DBF1005CF747 /* Release */,
			);
			defaultConfigurationIsVisible = 0;
			defaultConfigurationName = Release;
		};
		D5C824E82469DBF1005CF747 /* Build configuration list for PBXNativeTarget "OktaLogger" */ = {
			isa = XCConfigurationList;
			buildConfigurations = (
				D5C824E92469DBF1005CF747 /* Debug */,
				D5C824EA2469DBF1005CF747 /* Release */,
			);
			defaultConfigurationIsVisible = 0;
			defaultConfigurationName = Release;
		};
		D5C824EB2469DBF1005CF747 /* Build configuration list for PBXNativeTarget "OktaLoggerTests" */ = {
			isa = XCConfigurationList;
			buildConfigurations = (
				D5C824EC2469DBF1005CF747 /* Debug */,
				D5C824ED2469DBF1005CF747 /* Release */,
			);
			defaultConfigurationIsVisible = 0;
			defaultConfigurationName = Release;
		};
		E251E80C248AD1B800EF466D /* Build configuration list for PBXNativeTarget "OktaLoggerDemoApp" */ = {
			isa = XCConfigurationList;
			buildConfigurations = (
				E251E80D248AD1B800EF466D /* Debug */,
				E251E80E248AD1B800EF466D /* Release */,
			);
			defaultConfigurationIsVisible = 0;
			defaultConfigurationName = Release;
		};
		F3575F472A0AD1850008A965 /* Build configuration list for PBXNativeTarget "OktaAnalytics" */ = {
			isa = XCConfigurationList;
			buildConfigurations = (
				F3575F432A0AD1850008A965 /* Debug */,
				F3575F442A0AD1850008A965 /* Release */,
			);
			defaultConfigurationIsVisible = 0;
			defaultConfigurationName = Release;
		};
		F3D5EA1D2A283E5F00530838 /* Build configuration list for PBXNativeTarget "OktaAnalyticsTests" */ = {
			isa = XCConfigurationList;
			buildConfigurations = (
				F3D5EA1E2A283E5F00530838 /* Debug */,
				F3D5EA1F2A283E5F00530838 /* Release */,
			);
			defaultConfigurationIsVisible = 0;
			defaultConfigurationName = Release;
		};
/* End XCConfigurationList section */
	};
	rootObject = D5C824CB2469DBF1005CF747 /* Project object */;
}
